{
    "format_version": "1.1",
    "terraform_version": "1.3.3",
    "planned_values": {
        "root_module": {
            "resources": [
                {
                    "address": "google_project_iam_binding.iam-service-account-user-12345",
                    "mode": "managed",
                    "type": "google_project_iam_binding",
                    "name": "iam-service-account-user-12345",
                    "provider_name": "registry.terraform.io/hashicorp/google",
                    "schema_version": 0,
                    "values": {
                        "condition": [],
                        "members": [
                            "serviceAccount:service-12345@notiam.gserviceaccount.com",
                            "user:bad@notgoogle.com"
                        ],
                        "project": "12345",
                        "role": "roles/iam.serviceAccountUser"
                    },
                    "sensitive_values": {
                        "condition": [],
                        "members": [
                            false,
                            false
                        ]
                    }
                },
                {
                    "address": "google_project_iam_binding.owner-12345",
                    "mode": "managed",
                    "type": "google_project_iam_binding",
                    "name": "owner-12345",
                    "provider_name": "registry.terraform.io/hashicorp/google",
                    "schema_version": 0,
                    "values": {
                        "condition": [],
                        "members": [
                            "group:admins@google.com",
                            "user:evil@notgoogle.com",
                            "user:powerful@google.com"
                        ],
                        "project": "12345",
                        "role": "roles/owner"
                    },
                    "sensitive_values": {
                        "condition": [],
                        "members": [
                            false,
                            false,
                            false
                        ]
                    }
                },
                {
                    "address": "google_project_iam_binding.sa-cloudasset",
                    "mode": "managed",
                    "type": "google_project_iam_binding",
                    "name": "sa-cloudasset",
                    "provider_name": "registry.terraform.io/hashicorp/google",
                    "schema_version": 0,
                    "values": {
                        "condition": [],
                        "members": [
                            "serviceAccount:service-186783260185@gcp-sa-cloudasset.iam.gserviceaccount.com"
                        ],
                        "project": "186783260185",
                        "role": "roles/cloudasset.serviceAgent"
                    },
                    "sensitive_values": {
                        "condition": [],
                        "members": [
                            false
                        ]
                    }
                },
                {
                    "address": "google_project_iam_binding.sa-cloudasset-1",
                    "mode": "managed",
                    "type": "google_project_iam_binding",
                    "name": "sa-cloudasset-1",
                    "provider_name": "registry.terraform.io/hashicorp/google",
                    "schema_version": 0,
                    "values": {
                        "condition": [],
                        "members": [
                            "domain:google.com",
                            "serviceAccount:cai-292@noble-history-87417.iam.gserviceaccount.com",
                            "user:specific-@google.com"
                        ],
                        "project": "186783260185",
                        "role": "roles/cloudasset.viewer"
                    },
                    "sensitive_values": {
                        "condition": [],
                        "members": [
                            false,
                            false,
                            false
                        ]
                    }
                },
                {
                    "address": "google_project_iam_binding.sa-cloudasset-2",
                    "mode": "managed",
                    "type": "google_project_iam_binding",
                    "name": "sa-cloudasset-2",
                    "provider_name": "registry.terraform.io/hashicorp/google",
                    "schema_version": 0,
                    "values": {
                        "condition": [],
                        "members": [
                            "serviceAccount:forseti-server-gcp-3c922c1@noble-history-87417.iam.gserviceaccount.com",
                            "serviceAccount:sql-k8s@noble-history-87417.iam.gserviceaccount.com"
                        ],
                        "project": "186783260185",
                        "role": "roles/cloudsql.client"
                    },
                    "sensitive_values": {
                        "condition": [],
                        "members": [
                            false,
                            false
                        ]
                    }
                },
                {
                    "address": "google_project_iam_binding.sa-cloudasset-3",
                    "mode": "managed",
                    "type": "google_project_iam_binding",
                    "name": "sa-cloudasset-3",
                    "provider_name": "registry.terraform.io/hashicorp/google",
                    "schema_version": 0,
                    "values": {
                        "condition": [],
                        "members": [
                            "serviceAccount:service-186783260185@compute-system.iam.gserviceaccount.com"
                        ],
                        "project": "186783260185",
                        "role": "roles/compute.serviceAgent"
                    },
                    "sensitive_values": {
                        "condition": [],
                        "members": [
                            false
                        ]
                    }
                },
                {
                    "address": "google_project_iam_binding.sa-cloudasset-4",
                    "mode": "managed",
                    "type": "google_project_iam_binding",
                    "name": "sa-cloudasset-4",
                    "provider_name": "registry.terraform.io/hashicorp/google",
                    "schema_version": 0,
                    "values": {
                        "condition": [],
                        "members": [
                            "serviceAccount:service-186783260185@container-engine-robot.iam.gserviceaccount.com"
                        ],
                        "project": "186783260185",
                        "role": "roles/container.serviceAgent"
                    },
                    "sensitive_values": {
                        "condition": [],
                        "members": [
                            false
                        ]
                    }
                },
                {
                    "address": "google_project_iam_binding.sa-cloudasset-5",
                    "mode": "managed",
                    "type": "google_project_iam_binding",
                    "name": "sa-cloudasset-5",
                    "provider_name": "registry.terraform.io/hashicorp/google",
                    "schema_version": 0,
                    "values": {
                        "condition": [],
                        "members": [
                            "serviceAccount:service-186783260185@dataflow-service-producer-prod.iam.gserviceaccount.com"
                        ],
                        "project": "186783260185",
                        "role": "roles/dataflow.serviceAgent"
                    },
                    "sensitive_values": {
                        "condition": [],
                        "members": [
                            false
                        ]
                    }
                },
                {
                    "address": "google_project_iam_binding.sa-cloudasset-6",
                    "mode": "managed",
                    "type": "google_project_iam_binding",
                    "name": "sa-cloudasset-6",
                    "provider_name": "registry.terraform.io/hashicorp/google",
                    "schema_version": 0,
                    "values": {
                        "condition": [],
                        "members": [
                            "serviceAccount:service-186783260185@cloud-filer.iam.gserviceaccount.com"
                        ],
                        "project": "186783260185",
                        "role": "roles/file.serviceAgent"
                    },
                    "sensitive_values": {
                        "condition": [],
                        "members": [
                            false
                        ]
                    }
                },
                {
                    "address": "google_project_iam_binding.viewer-12345",
                    "mode": "managed",
                    "type": "google_project_iam_binding",
                    "name": "viewer-12345",
                    "provider_name": "registry.terraform.io/hashicorp/google",
                    "schema_version": 0,
                    "values": {
                        "condition": [],
                        "members": [
                            "allAuthenticatedUsers",
                            "allUsers",
                            "user:okay@google.com"
                        ],
                        "project": "12345",
                        "role": "roles/viewer"
                    },
                    "sensitive_values": {
                        "condition": [],
                        "members": [
                            false,
                            false,
                            false
                        ]
                    }
                }
            ]
        }
    },
    "resource_changes": [
        {
            "address": "google_project_iam_binding.iam-service-account-user-12345",
            "mode": "managed",
            "type": "google_project_iam_binding",
            "name": "iam-service-account-user-12345",
            "provider_name": "registry.terraform.io/hashicorp/google",
            "change": {
                "actions": [
                    "create"
                ],
                "before": null,
                "after": {
                    "condition": [],
                    "members": [
                        "serviceAccount:service-12345@notiam.gserviceaccount.com",
                        "user:bad@notgoogle.com"
                    ],
                    "project": "12345",
                    "role": "roles/iam.serviceAccountUser"
                },
                "after_unknown": {
                    "condition": [],
                    "etag": true,
                    "id": true,
                    "members": [
                        false,
                        false
                    ]
                },
                "before_sensitive": false,
                "after_sensitive": {
                    "condition": [],
                    "members": [
                        false,
                        false
                    ]
                }
            }
        },
        {
            "address": "google_project_iam_binding.owner-12345",
            "mode": "managed",
            "type": "google_project_iam_binding",
            "name": "owner-12345",
            "provider_name": "registry.terraform.io/hashicorp/google",
            "change": {
                "actions": [
                    "create"
                ],
                "before": null,
                "after": {
                    "condition": [],
                    "members": [
                        "group:admins@google.com",
                        "user:evil@notgoogle.com",
                        "user:powerful@google.com"
                    ],
                    "project": "12345",
                    "role": "roles/owner"
                },
                "after_unknown": {
                    "condition": [],
                    "etag": true,
                    "id": true,
                    "members": [
                        false,
                        false,
                        false
                    ]
                },
                "before_sensitive": false,
                "after_sensitive": {
                    "condition": [],
                    "members": [
                        false,
                        false,
                        false
                    ]
                }
            }
        },
        {
            "address": "google_project_iam_binding.sa-cloudasset",
            "mode": "managed",
            "type": "google_project_iam_binding",
            "name": "sa-cloudasset",
            "provider_name": "registry.terraform.io/hashicorp/google",
            "change": {
                "actions": [
                    "create"
                ],
                "before": null,
                "after": {
                    "condition": [],
                    "members": [
                        "serviceAccount:service-186783260185@gcp-sa-cloudasset.iam.gserviceaccount.com"
                    ],
                    "project": "186783260185",
                    "role": "roles/cloudasset.serviceAgent"
                },
                "after_unknown": {
                    "condition": [],
                    "etag": true,
                    "id": true,
                    "members": [
                        false
                    ]
                },
                "before_sensitive": false,
                "after_sensitive": {
                    "condition": [],
                    "members": [
                        false
                    ]
                }
            }
        },
        {
            "address": "google_project_iam_binding.sa-cloudasset-1",
            "mode": "managed",
            "type": "google_project_iam_binding",
            "name": "sa-cloudasset-1",
            "provider_name": "registry.terraform.io/hashicorp/google",
            "change": {
                "actions": [
                    "create"
                ],
                "before": null,
                "after": {
                    "condition": [],
                    "members": [
                        "domain:google.com",
                        "serviceAccount:cai-292@noble-history-87417.iam.gserviceaccount.com",
                        "user:specific-@google.com"
                    ],
                    "project": "186783260185",
                    "role": "roles/cloudasset.viewer"
                },
                "after_unknown": {
                    "condition": [],
                    "etag": true,
                    "id": true,
                    "members": [
                        false,
                        false,
                        false
                    ]
                },
                "before_sensitive": false,
                "after_sensitive": {
                    "condition": [],
                    "members": [
                        false,
                        false,
                        false
                    ]
                }
            }
        },
        {
            "address": "google_project_iam_binding.sa-cloudasset-2",
            "mode": "managed",
            "type": "google_project_iam_binding",
            "name": "sa-cloudasset-2",
            "provider_name": "registry.terraform.io/hashicorp/google",
            "change": {
                "actions": [
                    "create"
                ],
                "before": null,
                "after": {
                    "condition": [],
                    "members": [
                        "serviceAccount:forseti-server-gcp-3c922c1@noble-history-87417.iam.gserviceaccount.com",
                        "serviceAccount:sql-k8s@noble-history-87417.iam.gserviceaccount.com"
                    ],
                    "project": "186783260185",
                    "role": "roles/cloudsql.client"
                },
                "after_unknown": {
                    "condition": [],
                    "etag": true,
                    "id": true,
                    "members": [
                        false,
                        false
                    ]
                },
                "before_sensitive": false,
                "after_sensitive": {
                    "condition": [],
                    "members": [
                        false,
                        false
                    ]
                }
            }
        },
        {
            "address": "google_project_iam_binding.sa-cloudasset-3",
            "mode": "managed",
            "type": "google_project_iam_binding",
            "name": "sa-cloudasset-3",
            "provider_name": "registry.terraform.io/hashicorp/google",
            "change": {
                "actions": [
                    "create"
                ],
                "before": null,
                "after": {
                    "condition": [],
                    "members": [
                        "serviceAccount:service-186783260185@compute-system.iam.gserviceaccount.com"
                    ],
                    "project": "186783260185",
                    "role": "roles/compute.serviceAgent"
                },
                "after_unknown": {
                    "condition": [],
                    "etag": true,
                    "id": true,
                    "members": [
                        false
                    ]
                },
                "before_sensitive": false,
                "after_sensitive": {
                    "condition": [],
                    "members": [
                        false
                    ]
                }
            }
        },
        {
            "address": "google_project_iam_binding.sa-cloudasset-4",
            "mode": "managed",
            "type": "google_project_iam_binding",
            "name": "sa-cloudasset-4",
            "provider_name": "registry.terraform.io/hashicorp/google",
            "change": {
                "actions": [
                    "create"
                ],
                "before": null,
                "after": {
                    "condition": [],
                    "members": [
                        "serviceAccount:service-186783260185@container-engine-robot.iam.gserviceaccount.com"
                    ],
                    "project": "186783260185",
                    "role": "roles/container.serviceAgent"
                },
                "after_unknown": {
                    "condition": [],
                    "etag": true,
                    "id": true,
                    "members": [
                        false
                    ]
                },
                "before_sensitive": false,
                "after_sensitive": {
                    "condition": [],
                    "members": [
                        false
                    ]
                }
            }
        },
        {
            "address": "google_project_iam_binding.sa-cloudasset-5",
            "mode": "managed",
            "type": "google_project_iam_binding",
            "name": "sa-cloudasset-5",
            "provider_name": "registry.terraform.io/hashicorp/google",
            "change": {
                "actions": [
                    "create"
                ],
                "before": null,
                "after": {
                    "condition": [],
                    "members": [
                        "serviceAccount:service-186783260185@dataflow-service-producer-prod.iam.gserviceaccount.com"
                    ],
                    "project": "186783260185",
                    "role": "roles/dataflow.serviceAgent"
                },
                "after_unknown": {
                    "condition": [],
                    "etag": true,
                    "id": true,
                    "members": [
                        false
                    ]
                },
                "before_sensitive": false,
                "after_sensitive": {
                    "condition": [],
                    "members": [
                        false
                    ]
                }
            }
        },
        {
            "address": "google_project_iam_binding.sa-cloudasset-6",
            "mode": "managed",
            "type": "google_project_iam_binding",
            "name": "sa-cloudasset-6",
            "provider_name": "registry.terraform.io/hashicorp/google",
            "change": {
                "actions": [
                    "create"
                ],
                "before": null,
                "after": {
                    "condition": [],
                    "members": [
                        "serviceAccount:service-186783260185@cloud-filer.iam.gserviceaccount.com"
                    ],
                    "project": "186783260185",
                    "role": "roles/file.serviceAgent"
                },
                "after_unknown": {
                    "condition": [],
                    "etag": true,
                    "id": true,
                    "members": [
                        false
                    ]
                },
                "before_sensitive": false,
                "after_sensitive": {
                    "condition": [],
                    "members": [
                        false
                    ]
                }
            }
        },
        {
            "address": "google_project_iam_binding.viewer-12345",
            "mode": "managed",
            "type": "google_project_iam_binding",
            "name": "viewer-12345",
            "provider_name": "registry.terraform.io/hashicorp/google",
            "change": {
                "actions": [
                    "create"
                ],
                "before": null,
                "after": {
                    "condition": [],
                    "members": [
                        "allAuthenticatedUsers",
                        "allUsers",
                        "user:okay@google.com"
                    ],
                    "project": "12345",
                    "role": "roles/viewer"
                },
                "after_unknown": {
                    "condition": [],
                    "etag": true,
                    "id": true,
                    "members": [
                        false,
                        false,
                        false
                    ]
                },
                "before_sensitive": false,
                "after_sensitive": {
                    "condition": [],
                    "members": [
                        false,
                        false,
                        false
                    ]
                }
            }
        },
        {
            "address": "google_project_iam_custom_role.my-custom-role",
            "mode": "managed",
            "type": "google_project_iam_custom_role",
            "name": "my-custom-role",
            "provider_name": "registry.terraform.io/hashicorp/google",
            "change": {
                "actions": [
                    "delete"
                ],
                "before": {
                    "deleted": false,
                    "description": "A description",
                    "id": "projects/w-secteam-target-prod/roles/myCustomRole",
                    "name": "projects/w-secteam-target-prod/roles/myCustomRole",
                    "permissions": [
                        "iam.roles.create",
                        "iam.roles.delete",
                        "iam.roles.list"
                    ],
                    "project": "w-secteam-target-prod",
                    "role_id": "myCustomRole",
                    "stage": "GA",
                    "title": "My Custom Role"
                },
                "after": null,
                "after_unknown": {},
                "before_sensitive": {
                    "permissions": [
                        false,
                        false,
                        false
                    ]
                },
                "after_sensitive": false
            },
            "action_reason": "delete_because_no_resource_config"
        },
        {
            "address": "google_project_iam_member.storageAdminSABinding",
            "mode": "managed",
            "type": "google_project_iam_member",
            "name": "storageAdminSABinding",
            "provider_name": "registry.terraform.io/hashicorp/google",
            "change": {
                "actions": [
                    "delete"
                ],
                "before": {
                    "condition": [],
                    "etag": "BwXteKMdryg=",
                    "id": "w-secteam-target-prod/roles/owner/serviceAccount:prod-env@w-secteam-app-pipeline.iam.gserviceaccount.com",
                    "member": "serviceAccount:prod-env@w-secteam-app-pipeline.iam.gserviceaccount.com",
                    "project": "w-secteam-target-prod",
                    "role": "roles/owner"
                },
                "after": null,
                "after_unknown": {},
                "before_sensitive": {
                    "condition": []
                },
                "after_sensitive": false
            },
            "action_reason": "delete_because_no_resource_config"
        },
        {
            "address": "google_storage_bucket.test-storage-bucket",
            "mode": "managed",
            "type": "google_storage_bucket",
            "name": "test-storage-bucket",
            "provider_name": "registry.terraform.io/hashicorp/google",
            "change": {
                "actions": [
                    "delete"
                ],
                "before": {
                    "cors": [],
                    "custom_placement_config": [],
                    "default_event_based_hold": false,
                    "encryption": [],
                    "force_destroy": true,
                    "id": "w-secteam-target-prod-test1",
                    "labels": {},
                    "lifecycle_rule": [],
                    "location": "US",
                    "logging": [],
                    "name": "w-secteam-target-prod-test1",
                    "project": "w-secteam-target-prod",
                    "requester_pays": false,
                    "retention_policy": [],
                    "self_link": "https://www.googleapis.com/storage/v1/b/w-secteam-target-prod-test1",
                    "storage_class": "STANDARD",
                    "timeouts": null,
                    "uniform_bucket_level_access": false,
                    "url": "gs://w-secteam-target-prod-test1",
                    "versioning": [],
                    "website": []
                },
                "after": null,
                "after_unknown": {},
                "before_sensitive": {
                    "cors": [],
                    "custom_placement_config": [],
                    "encryption": [],
                    "labels": {},
                    "lifecycle_rule": [],
                    "logging": [],
                    "retention_policy": [],
                    "versioning": [],
                    "website": []
                },
                "after_sensitive": false
            },
            "action_reason": "delete_because_no_resource_config"
        }
    ],
    "prior_state": {
        "format_version": "1.0",
        "terraform_version": "1.3.3",
        "values": {
            "root_module": {
                "resources": [
                    {
                        "address": "google_project_iam_custom_role.my-custom-role",
                        "mode": "managed",
                        "type": "google_project_iam_custom_role",
                        "name": "my-custom-role",
                        "provider_name": "registry.terraform.io/hashicorp/google",
                        "schema_version": 0,
                        "values": {
                            "deleted": false,
                            "description": "A description",
                            "id": "projects/w-secteam-target-prod/roles/myCustomRole",
                            "name": "projects/w-secteam-target-prod/roles/myCustomRole",
                            "permissions": [
                                "iam.roles.create",
                                "iam.roles.delete",
                                "iam.roles.list"
                            ],
                            "project": "w-secteam-target-prod",
                            "role_id": "myCustomRole",
                            "stage": "GA",
                            "title": "My Custom Role"
                        },
                        "sensitive_values": {
                            "permissions": [
                                false,
                                false,
                                false
                            ]
                        }
                    },
                    {
                        "address": "google_project_iam_member.storageAdminSABinding",
                        "mode": "managed",
                        "type": "google_project_iam_member",
                        "name": "storageAdminSABinding",
                        "provider_name": "registry.terraform.io/hashicorp/google",
                        "schema_version": 0,
                        "values": {
                            "condition": [],
                            "etag": "BwXteKMdryg=",
                            "id": "w-secteam-target-prod/roles/owner/serviceAccount:prod-env@w-secteam-app-pipeline.iam.gserviceaccount.com",
                            "member": "serviceAccount:prod-env@w-secteam-app-pipeline.iam.gserviceaccount.com",
                            "project": "w-secteam-target-prod",
                            "role": "roles/owner"
                        },
                        "sensitive_values": {
                            "condition": []
                        }
                    },
                    {
                        "address": "google_storage_bucket.test-storage-bucket",
                        "mode": "managed",
                        "type": "google_storage_bucket",
                        "name": "test-storage-bucket",
                        "provider_name": "registry.terraform.io/hashicorp/google",
                        "schema_version": 0,
                        "values": {
                            "cors": [],
                            "custom_placement_config": [],
                            "default_event_based_hold": false,
                            "encryption": [],
                            "force_destroy": true,
                            "id": "w-secteam-target-prod-test1",
                            "labels": {},
                            "lifecycle_rule": [],
                            "location": "US",
                            "logging": [],
                            "name": "w-secteam-target-prod-test1",
                            "project": "w-secteam-target-prod",
                            "requester_pays": false,
                            "retention_policy": [],
                            "self_link": "https://www.googleapis.com/storage/v1/b/w-secteam-target-prod-test1",
                            "storage_class": "STANDARD",
                            "timeouts": null,
                            "uniform_bucket_level_access": false,
                            "url": "gs://w-secteam-target-prod-test1",
                            "versioning": [],
                            "website": []
                        },
                        "sensitive_values": {
                            "cors": [],
                            "custom_placement_config": [],
                            "encryption": [],
                            "labels": {},
                            "lifecycle_rule": [],
                            "logging": [],
                            "retention_policy": [],
                            "versioning": [],
                            "website": []
                        }
                    }
                ]
            }
        }
    },
    "configuration": {
        "provider_config": {
            "google": {
                "name": "google",
                "full_name": "registry.terraform.io/hashicorp/google"
            }
        },
        "root_module": {
            "resources": [
                {
                    "address": "google_project_iam_binding.iam-service-account-user-12345",
                    "mode": "managed",
                    "type": "google_project_iam_binding",
                    "name": "iam-service-account-user-12345",
                    "provider_config_key": "google",
                    "expressions": {
                        "members": {
                            "constant_value": [
                                "user:bad@notgoogle.com",
                                "serviceAccount:service-12345@notiam.gserviceaccount.com"
                            ]
                        },
                        "project": {
                            "constant_value": "12345"
                        },
                        "role": {
                            "constant_value": "roles/iam.serviceAccountUser"
                        }
                    },
                    "schema_version": 0
                },
                {
                    "address": "google_project_iam_binding.owner-12345",
                    "mode": "managed",
                    "type": "google_project_iam_binding",
                    "name": "owner-12345",
                    "provider_config_key": "google",
                    "expressions": {
                        "members": {
                            "constant_value": [
                                "user:powerful@google.com",
                                "group:admins@google.com",
                                "user:evil@notgoogle.com"
                            ]
                        },
                        "project": {
                            "constant_value": "12345"
                        },
                        "role": {
                            "constant_value": "roles/owner"
                        }
                    },
                    "schema_version": 0
                },
                {
                    "address": "google_project_iam_binding.sa-cloudasset",
                    "mode": "managed",
                    "type": "google_project_iam_binding",
                    "name": "sa-cloudasset",
                    "provider_config_key": "google",
                    "expressions": {
                        "members": {
                            "constant_value": [
                                "serviceAccount:service-186783260185@gcp-sa-cloudasset.iam.gserviceaccount.com"
                            ]
                        },
                        "project": {
                            "constant_value": "186783260185"
                        },
                        "role": {
                            "constant_value": "roles/cloudasset.serviceAgent"
                        }
                    },
                    "schema_version": 0
                },
                {
                    "address": "google_project_iam_binding.sa-cloudasset-1",
                    "mode": "managed",
                    "type": "google_project_iam_binding",
                    "name": "sa-cloudasset-1",
                    "provider_config_key": "google",
                    "expressions": {
                        "members": {
                            "constant_value": [
                                "serviceAccount:cai-292@noble-history-87417.iam.gserviceaccount.com",
                                "user:specific-@google.com",
                                "domain:google.com"
                            ]
                        },
                        "project": {
                            "constant_value": "186783260185"
                        },
                        "role": {
                            "constant_value": "roles/cloudasset.viewer"
                        }
                    },
                    "schema_version": 0
                },
                {
                    "address": "google_project_iam_binding.sa-cloudasset-2",
                    "mode": "managed",
                    "type": "google_project_iam_binding",
                    "name": "sa-cloudasset-2",
                    "provider_config_key": "google",
                    "expressions": {
                        "members": {
                            "constant_value": [
                                "serviceAccount:forseti-server-gcp-3c922c1@noble-history-87417.iam.gserviceaccount.com",
                                "serviceAccount:sql-k8s@noble-history-87417.iam.gserviceaccount.com"
                            ]
                        },
                        "project": {
                            "constant_value": "186783260185"
                        },
                        "role": {
                            "constant_value": "roles/cloudsql.client"
                        }
                    },
                    "schema_version": 0
                },
                {
                    "address": "google_project_iam_binding.sa-cloudasset-3",
                    "mode": "managed",
                    "type": "google_project_iam_binding",
                    "name": "sa-cloudasset-3",
                    "provider_config_key": "google",
                    "expressions": {
                        "members": {
                            "constant_value": [
                                "serviceAccount:service-186783260185@compute-system.iam.gserviceaccount.com"
                            ]
                        },
                        "project": {
                            "constant_value": "186783260185"
                        },
                        "role": {
                            "constant_value": "roles/compute.serviceAgent"
                        }
                    },
                    "schema_version": 0
                },
                {
                    "address": "google_project_iam_binding.sa-cloudasset-4",
                    "mode": "managed",
                    "type": "google_project_iam_binding",
                    "name": "sa-cloudasset-4",
                    "provider_config_key": "google",
                    "expressions": {
                        "members": {
                            "constant_value": [
                                "serviceAccount:service-186783260185@container-engine-robot.iam.gserviceaccount.com"
                            ]
                        },
                        "project": {
                            "constant_value": "186783260185"
                        },
                        "role": {
                            "constant_value": "roles/container.serviceAgent"
                        }
                    },
                    "schema_version": 0
                },
                {
                    "address": "google_project_iam_binding.sa-cloudasset-5",
                    "mode": "managed",
                    "type": "google_project_iam_binding",
                    "name": "sa-cloudasset-5",
                    "provider_config_key": "google",
                    "expressions": {
                        "members": {
                            "constant_value": [
                                "serviceAccount:service-186783260185@dataflow-service-producer-prod.iam.gserviceaccount.com"
                            ]
                        },
                        "project": {
                            "constant_value": "186783260185"
                        },
                        "role": {
                            "constant_value": "roles/dataflow.serviceAgent"
                        }
                    },
                    "schema_version": 0
                },
                {
                    "address": "google_project_iam_binding.sa-cloudasset-6",
                    "mode": "managed",
                    "type": "google_project_iam_binding",
                    "name": "sa-cloudasset-6",
                    "provider_config_key": "google",
                    "expressions": {
                        "members": {
                            "constant_value": [
                                "serviceAccount:service-186783260185@cloud-filer.iam.gserviceaccount.com"
                            ]
                        },
                        "project": {
                            "constant_value": "186783260185"
                        },
                        "role": {
                            "constant_value": "roles/file.serviceAgent"
                        }
                    },
                    "schema_version": 0
                },
                {
                    "address": "google_project_iam_binding.viewer-12345",
                    "mode": "managed",
                    "type": "google_project_iam_binding",
                    "name": "viewer-12345",
                    "provider_config_key": "google",
                    "expressions": {
                        "members": {
                            "constant_value": [
                                "allUsers",
                                "allAuthenticatedUsers",
                                "user:okay@google.com"
                            ]
                        },
                        "project": {
                            "constant_value": "12345"
                        },
                        "role": {
                            "constant_value": "roles/viewer"
                        }
                    },
                    "schema_version": 0
                }
            ]
        }
    }
}