{
  "version": 4,
  "terraform_version": "1.0.8",
  "serial": 208,
  "lineage": "0c5f8415-2a40-c6e1-7254-cb494624ace1",
  "outputs": {},
  "resources": [
    {
      "mode": "data",
      "type": "google_client_config",
      "name": "current",
      "provider": "provider[\"registry.terraform.io/hashicorp/google\"]",
      "instances": [
        {
          "schema_version": 0,
          "attributes": {
            "access_token": "ya29.a0ARrdaM9rMASuEsaXU-tFlixwjmQw84qNfyZe59gQBra9Tb_LVwKUSzuvbi3Hnkln3qIk_0x0gyaJGmkYaQYVZmSMEOFVIOOMpILjgZ60cCFeT0fkz4_nKdoaCqJXrSGbKZCaBPKh009yT8sXG89A7FXEXO2EDA",
            "id": "projects//regions//zones/",
            "project": "",
            "region": "",
            "zone": ""
          },
          "sensitive_attributes": []
        }
      ]
    },
    {
      "mode": "managed",
      "type": "google_apigee_envgroup",
      "name": "apigee_envgroup",
      "provider": "provider[\"registry.terraform.io/hashicorp/google\"]",
      "instances": [
        {
          "schema_version": 0,
          "attributes": {
            "hostnames": [
              "34-149-105-2.nip.io"
            ],
            "id": "organizations/apigee-x-project-331014/envgroups/apigee-x-demo-envgroup",
            "name": "apigee-x-demo-envgroup",
            "org_id": "organizations/apigee-x-project-331014",
            "timeouts": null
          },
          "sensitive_attributes": [],
          "private": "eyJlMmJmYjczMC1lY2FhLTExZTYtOGY4OC0zNDM2M2JjN2M0YzAiOnsiY3JlYXRlIjoxODAwMDAwMDAwMDAwLCJkZWxldGUiOjE4MDAwMDAwMDAwMDAsInVwZGF0ZSI6MjQwMDAwMDAwMDAwfX0=",
          "dependencies": [
            "google_compute_global_address.external_ip"
          ]
        }
      ]
    },
    {
      "mode": "managed",
      "type": "google_apigee_envgroup_attachment",
      "name": "env_to_envgroup_attachment",
      "provider": "provider[\"registry.terraform.io/hashicorp/google\"]",
      "instances": [
        {
          "schema_version": 0,
          "attributes": {
            "envgroup_id": "organizations/apigee-x-project-331014/envgroups/apigee-x-demo-envgroup",
            "environment": "apigee-tf-demo-env",
            "id": "organizations/apigee-x-project-331014/envgroups/apigee-x-demo-envgroup/attachments/731cf8a4-6018-40ed-8280-36832cc2b361",
            "name": "731cf8a4-6018-40ed-8280-36832cc2b361",
            "timeouts": null
          },
          "sensitive_attributes": [],
          "private": "eyJlMmJmYjczMC1lY2FhLTExZTYtOGY4OC0zNDM2M2JjN2M0YzAiOnsiY3JlYXRlIjoxODAwMDAwMDAwMDAwLCJkZWxldGUiOjE4MDAwMDAwMDAwMDB9fQ==",
          "dependencies": [
            "google_apigee_envgroup.apigee_envgroup",
            "google_apigee_environment.apigee_env",
            "google_compute_global_address.external_ip"
          ]
        }
      ]
    },
    {
      "mode": "managed",
      "type": "google_apigee_environment",
      "name": "apigee_env",
      "provider": "provider[\"registry.terraform.io/hashicorp/google\"]",
      "instances": [
        {
          "schema_version": 0,
          "attributes": {
            "description": "",
            "display_name": "",
            "id": "organizations/apigee-x-project-331014/environments/apigee-tf-demo-env",
            "name": "apigee-tf-demo-env",
            "org_id": "organizations/apigee-x-project-331014",
            "timeouts": null
          },
          "sensitive_attributes": [],
          "private": "eyJlMmJmYjczMC1lY2FhLTExZTYtOGY4OC0zNDM2M2JjN2M0YzAiOnsiY3JlYXRlIjoxODAwMDAwMDAwMDAwLCJkZWxldGUiOjE4MDAwMDAwMDAwMDAsInVwZGF0ZSI6MjQwMDAwMDAwMDAwfX0="
        }
      ]
    },
    {
      "mode": "managed",
      "type": "google_apigee_instance",
      "name": "apigee_instance",
      "provider": "provider[\"registry.terraform.io/hashicorp/google\"]",
      "instances": [
        {
          "schema_version": 0,
          "attributes": {
            "description": "Terraform-provisioned Apigee Runtime Instance",
            "disk_encryption_key_name": "projects/apigee-x-project-331014/locations/us-central1/keyRings/apigee-x-keyring/cryptoKeys/apigee-key",
            "display_name": "",
            "host": "10.131.0.2",
            "id": "organizations/apigee-x-project-331014/instances/apigee-x-inst-331014",
            "location": "us-central1",
            "name": "apigee-x-inst-331014",
            "org_id": "organizations/apigee-x-project-331014",
            "peering_cidr_range": "SLASH_22",
            "port": "443",
            "timeouts": null
          },
          "sensitive_attributes": [],
          "private": "eyJlMmJmYjczMC1lY2FhLTExZTYtOGY4OC0zNDM2M2JjN2M0YzAiOnsiY3JlYXRlIjozNjAwMDAwMDAwMDAwLCJkZWxldGUiOjM2MDAwMDAwMDAwMDB9fQ==",
          "dependencies": [
            "google_kms_crypto_key.apigee_key",
            "google_kms_key_ring.apigee_keyring"
          ]
        }
      ]
    },
    {
      "mode": "managed",
      "type": "google_apigee_instance_attachment",
      "name": "env_to_instance_attachment",
      "provider": "provider[\"registry.terraform.io/hashicorp/google\"]",
      "instances": [
        {
          "schema_version": 0,
          "attributes": {
            "environment": "apigee-tf-demo-env",
            "id": "organizations/apigee-x-project-331014/instances/apigee-x-inst-331014/attachments/e1e1d236-7438-4a27-af39-8c6701f7c111",
            "instance_id": "organizations/apigee-x-project-331014/instances/apigee-x-inst-331014",
            "name": "e1e1d236-7438-4a27-af39-8c6701f7c111",
            "timeouts": null
          },
          "sensitive_attributes": [],
          "private": "eyJlMmJmYjczMC1lY2FhLTExZTYtOGY4OC0zNDM2M2JjN2M0YzAiOnsiY3JlYXRlIjoxODAwMDAwMDAwMDAwLCJkZWxldGUiOjE4MDAwMDAwMDAwMDB9fQ==",
          "dependencies": [
            "google_apigee_environment.apigee_env",
            "google_apigee_instance.apigee_instance",
            "google_kms_crypto_key.apigee_key",
            "google_kms_key_ring.apigee_keyring"
          ]
        }
      ]
    },
    {
      "mode": "managed",
      "type": "google_apigee_organization",
      "name": "org",
      "provider": "provider[\"registry.terraform.io/hashicorp/google\"]",
      "instances": [
        {
          "schema_version": 0,
          "attributes": {
            "analytics_region": "us-central1",
            "authorized_network": "projects/apigee-x-project-331014/global/networks/apigee-x-vpc",
            "ca_certificate": "LS0tLS1CRUdJTiBDRVJUSUZJQ0FURS0tLS0tCk1JSURRRENDQWlpZ0F3SUJBZ0lSQUw0cEV0eXdrdHIwRHZSN3MwTVFhbTh3RFFZSktvWklodmNOQVFFTEJRQXcKTHpFdE1Dc0dBMVVFQXhNa1pXVXdabVV5TlRNdE5qUTJaUzAwWW1ZNUxUZzBOVEl0TmpGbVptTmpZMk5tT0dObQpNQjRYRFRJeE1URXdNekl3TURJMU5Gb1hEVEkyTVRFd01qSXdNREkxTkZvd0x6RXRNQ3NHQTFVRUF4TWtaV1V3ClptVXlOVE10TmpRMlpTMDBZbVk1TFRnME5USXROakZtWm1OalkyTm1PR05tTUlJQklqQU5CZ2txaGtpRzl3MEIKQVFFRkFBT0NBUThBTUlJQkNnS0NBUUVBbnlMbTJvbG1ZcVZwYm5ndEIvVkUvdHgxekIweTJTVTJ1MS94YnhINgo5ZUxoaWlDT2hkL29EcDhGQTFEN0QvM2dPMWRZWklBbkc5dXdhVWVTMEJXa1lJV05qT25ZT0JnMU5RQU1rU1ByCmZUTkJIdFB4NHNUckZCaG5vcDd4b0F2bTV6SVNHS1JSaUNjbW9BR2hUTFBvODgzbC9hY2tST0JWUWFtbVcrSnAKcUk1SjlsTHVqbjd1azJlMFZ5TU50L2dxc2RYVDdWQzAwRTY3Mk03UEFvUXlnMW4vcDhyRGRDQXVuKzNob3htYQpUUTYycmZ5ZU83NWc1eFdnWi9veG5Hc0MzZnVMdndGMGZiUys4am82RzFuR3c4aHh2SmV0Z3QwZEFqc2N3N3hKCmdMRHlBN1JLa25ncGlSOVptZDFPMEtJVnRqZGZOaGZEdVF5aEZtWGZUa2tBVVFJREFRQUJvMWN3VlRBT0JnTlYKSFE4QkFmOEVCQU1DQXFRd0V3WURWUjBsQkF3d0NnWUlLd1lCQlFVSEF3RXdEd1lEVlIwVEFRSC9CQVV3QXdFQgovekFkQmdOVkhRNEVGZ1FVaWZrTlVXNW5YZkc3SXpRY1c0bUhsMTF1RkVZd0RRWUpLb1pJaHZjTkFRRUxCUUFECmdnRUJBQnNlTVQrWG5wNE1DMFRPS2s0ekhmR29mMUlhSGZ4QjhLZGw4T0RPMkl1a1FjcEppcmh3LzF6N2RHWXkKSHlsU3F5dTJjVXlxcHZ3OVREbEc2ak9qM3ZKSXJuQXRCVTF3Tlpxb1lMNUxPc3N4MVdlNFR5RjdXZkVWN083TgpEeGdteTNObUxvK1FiTkx6L3NrSlZjZjg0MzArLzJXV0NzcWR3c3REUGFUY01IbnFwb0c1bCtuMm1EM1NDaHBRCnJHTUx2UmxkS1B1ZU1kWEloT09OdVhqSEZndXhIVlJ6MDNDTkFVU2J1bGVtNHlRTWVXQ2NsZ2VrRTZhakdkK3cKNTZzWC9PUGZwaTNhVnNIZmtubWZ6T3RmUm5idVFzSHk5Y09XblczQmZnTVE5aUkwNWNZNEE0WXZTSGtJQkg4dApwWHFEZE5FUkV2eXRXU3FZRFVIblQrQk9GNEE9Ci0tLS0tRU5EIENFUlRJRklDQVRFLS0tLS0K",
            "description": "Terraform-provisioned Apigee X Org.",
            "display_name": "apigee-x-project",
            "id": "organizations/apigee-x-project-331014",
            "name": "apigee-x-project-331014",
            "project_id": "apigee-x-project-331014",
            "runtime_database_encryption_key_name": "projects/apigee-x-project-331014/locations/us-central1/keyRings/apigee-x-keyring/cryptoKeys/apigee-key",
            "runtime_type": "CLOUD",
            "subscription_type": "TRIAL",
            "timeouts": null
          },
          "sensitive_attributes": [],
          "private": "eyJlMmJmYjczMC1lY2FhLTExZTYtOGY4OC0zNDM2M2JjN2M0YzAiOnsiY3JlYXRlIjo2MDAwMDAwMDAwMDAsImRlbGV0ZSI6NjAwMDAwMDAwMDAwLCJ1cGRhdGUiOjI0MDAwMDAwMDAwMH19",
          "dependencies": [
            "google_project_service.apigee",
            "google_project_service.compute",
            "google_project_service.servicenetworking",
            "google_compute_global_address.apigee_range",
            "google_compute_network.apigee_network",
            "google_kms_crypto_key_iam_binding.apigee_sa_keyuser",
            "google_kms_key_ring.apigee_keyring",
            "google_kms_crypto_key.apigee_key",
            "google_project_service_identity.apigee_sa",
            "google_service_networking_connection.apigee_vpc_connection"
          ]
        }
      ]
    },
    {
      "mode": "managed",
      "type": "google_compute_global_address",
      "name": "apigee_range",
      "provider": "provider[\"registry.terraform.io/hashicorp/google\"]",
      "instances": [
        {
          "schema_version": 0,
          "attributes": {
            "address": "10.131.0.0",
            "address_type": "INTERNAL",
            "creation_timestamp": "2021-11-03T12:14:24.414-07:00",
            "description": "",
            "id": "projects/apigee-x-project-331014/global/addresses/apigee-x-range",
            "ip_version": "",
            "name": "apigee-x-range",
            "network": "https://www.googleapis.com/compute/v1/projects/apigee-x-project-331014/global/networks/apigee-x-vpc",
            "prefix_length": 16,
            "project": "apigee-x-project-331014",
            "purpose": "VPC_PEERING",
            "self_link": "https://www.googleapis.com/compute/v1/projects/apigee-x-project-331014/global/addresses/apigee-x-range",
            "timeouts": null
          },
          "sensitive_attributes": [],
          "private": "eyJlMmJmYjczMC1lY2FhLTExZTYtOGY4OC0zNDM2M2JjN2M0YzAiOnsiY3JlYXRlIjoyNDAwMDAwMDAwMDAsImRlbGV0ZSI6MjQwMDAwMDAwMDAwfX0=",
          "dependencies": [
            "google_compute_network.apigee_network",
            "google_project_service.compute"
          ]
        }
      ]
    },
    {
      "mode": "managed",
      "type": "google_compute_global_address",
      "name": "external_ip",
      "provider": "provider[\"registry.terraform.io/hashicorp/google\"]",
      "instances": [
        {
          "schema_version": 0,
          "attributes": {
            "address": "34.149.105.2",
            "address_type": "EXTERNAL",
            "creation_timestamp": "2021-11-05T11:07:48.222-07:00",
            "description": "",
            "id": "projects/apigee-x-project-331014/global/addresses/global-external-ip",
            "ip_version": "",
            "name": "global-external-ip",
            "network": "",
            "prefix_length": 0,
            "project": "apigee-x-project-331014",
            "purpose": "",
            "self_link": "https://www.googleapis.com/compute/v1/projects/apigee-x-project-331014/global/addresses/global-external-ip",
            "timeouts": null
          },
          "sensitive_attributes": [],
          "private": "eyJlMmJmYjczMC1lY2FhLTExZTYtOGY4OC0zNDM2M2JjN2M0YzAiOnsiY3JlYXRlIjoyNDAwMDAwMDAwMDAsImRlbGV0ZSI6MjQwMDAwMDAwMDAwfX0="
        }
      ]
    },
    {
      "mode": "managed",
      "type": "google_compute_ha_vpn_gateway",
      "name": "backend_a_ha_gateway1",
      "provider": "provider[\"registry.terraform.io/hashicorp/google\"]",
      "instances": [
        {
          "schema_version": 0,
          "attributes": {
            "description": "",
            "id": "projects/apigee-x-project-331014/regions/us-east1/vpnGateways/backend-a-ha-vpn-1",
            "name": "backend-a-ha-vpn-1",
            "network": "https://www.googleapis.com/compute/v1/projects/apigee-x-project-331014/global/networks/apigee-x-vpc",
            "project": "apigee-x-project-331014",
            "region": "us-east1",
            "self_link": "https://www.googleapis.com/compute/v1/projects/apigee-x-project-331014/regions/us-east1/vpnGateways/backend-a-ha-vpn-1",
            "timeouts": null,
            "vpn_interfaces": [
              {
                "id": 0,
                "interconnect_attachment": "",
                "ip_address": "35.242.11.167"
              },
              {
                "id": 1,
                "interconnect_attachment": "",
                "ip_address": "35.220.2.226"
              }
            ]
          },
          "sensitive_attributes": [],
          "private": "eyJlMmJmYjczMC1lY2FhLTExZTYtOGY4OC0zNDM2M2JjN2M0YzAiOnsiY3JlYXRlIjoyNDAwMDAwMDAwMDAsImRlbGV0ZSI6MjQwMDAwMDAwMDAwfX0=",
          "dependencies": [
            "google_compute_network.apigee_network",
            "google_project_service.compute"
          ]
        }
      ]
    },
    {
      "mode": "managed",
      "type": "google_compute_ha_vpn_gateway",
      "name": "backend_a_ha_gateway2",
      "provider": "provider[\"registry.terraform.io/hashicorp/google\"]",
      "instances": [
        {
          "schema_version": 0,
          "attributes": {
            "description": "",
            "id": "projects/backend-project-a-331014/regions/us-east1/vpnGateways/backend-a-ha-vpn-2",
            "name": "backend-a-ha-vpn-2",
            "network": "https://www.googleapis.com/compute/v1/projects/backend-project-a-331014/global/networks/backend-project-a-vpc",
            "project": "backend-project-a-331014",
            "region": "us-east1",
            "self_link": "https://www.googleapis.com/compute/v1/projects/backend-project-a-331014/regions/us-east1/vpnGateways/backend-a-ha-vpn-2",
            "timeouts": null,
            "vpn_interfaces": [
              {
                "id": 0,
                "interconnect_attachment": "",
                "ip_address": "35.242.12.161"
              },
              {
                "id": 1,
                "interconnect_attachment": "",
                "ip_address": "35.220.4.219"
              }
            ]
          },
          "sensitive_attributes": [],
          "private": "eyJlMmJmYjczMC1lY2FhLTExZTYtOGY4OC0zNDM2M2JjN2M0YzAiOnsiY3JlYXRlIjoyNDAwMDAwMDAwMDAsImRlbGV0ZSI6MjQwMDAwMDAwMDAwfX0="
        }
      ]
    },
    {
      "mode": "managed",
      "type": "google_compute_instance",
      "name": "instance-01",
      "provider": "provider[\"registry.terraform.io/hashicorp/google\"]",
      "instances": [
        {
          "schema_version": 6,
          "attributes": {
            "advanced_machine_features": [],
            "allow_stopping_for_update": null,
            "attached_disk": [],
            "boot_disk": [
              {
                "auto_delete": true,
                "device_name": "persistent-disk-0",
                "disk_encryption_key_raw": "",
                "disk_encryption_key_sha256": "",
                "initialize_params": [
                  {
                    "image": "https://www.googleapis.com/compute/v1/projects/debian-cloud/global/images/debian-9-stretch-v20211105",
                    "labels": {},
                    "size": 10,
                    "type": "pd-standard"
                  }
                ],
                "kms_key_self_link": "",
                "mode": "READ_WRITE",
                "source": "https://www.googleapis.com/compute/v1/projects/apigee-x-project-331014/zones/us-east1-b/disks/instance-01"
              }
            ],
            "can_ip_forward": false,
            "confidential_instance_config": [],
            "cpu_platform": "Intel Haswell",
            "current_status": "RUNNING",
            "deletion_protection": false,
            "description": "",
            "desired_status": null,
            "enable_display": false,
            "guest_accelerator": [],
            "hostname": "",
            "id": "projects/apigee-x-project-331014/zones/us-east1-b/instances/instance-01",
            "instance_id": "4390857563692646835",
            "label_fingerprint": "42WmSpB8rSM=",
            "labels": {},
            "machine_type": "n1-standard-1",
            "metadata": {},
            "metadata_fingerprint": "KXMMkjJ6Lvo=",
            "metadata_startup_script": null,
            "min_cpu_platform": "",
            "name": "instance-01",
            "network_interface": [
              {
                "access_config": [
                  {
                    "nat_ip": "104.196.25.168",
                    "network_tier": "PREMIUM",
                    "public_ptr_domain_name": ""
                  }
                ],
                "alias_ip_range": [],
                "ipv6_access_config": [],
                "ipv6_access_type": "",
                "name": "nic0",
                "network": "https://www.googleapis.com/compute/v1/projects/apigee-x-project-331014/global/networks/apigee-x-vpc",
                "network_ip": "10.0.1.3",
                "nic_type": "",
                "stack_type": "IPV4_ONLY",
                "subnetwork": "https://www.googleapis.com/compute/v1/projects/apigee-x-project-331014/regions/us-east1/subnetworks/subnet-01",
                "subnetwork_project": "apigee-x-project-331014"
              }
            ],
            "project": "apigee-x-project-331014",
            "reservation_affinity": [],
            "resource_policies": [],
            "scheduling": [
              {
                "automatic_restart": true,
                "min_node_cpus": 0,
                "node_affinities": [],
                "on_host_maintenance": "MIGRATE",
                "preemptible": false
              }
            ],
            "scratch_disk": [
              {
                "interface": "SCSI"
              }
            ],
            "self_link": "https://www.googleapis.com/compute/v1/projects/apigee-x-project-331014/zones/us-east1-b/instances/instance-01",
            "service_account": [],
            "shielded_instance_config": [],
            "tags": [],
            "tags_fingerprint": "42WmSpB8rSM=",
            "timeouts": null,
            "zone": "us-east1-b"
          },
          "sensitive_attributes": [],
          "private": "eyJlMmJmYjczMC1lY2FhLTExZTYtOGY4OC0zNDM2M2JjN2M0YzAiOnsiY3JlYXRlIjoxMjAwMDAwMDAwMDAwLCJkZWxldGUiOjEyMDAwMDAwMDAwMDAsInVwZGF0ZSI6MTIwMDAwMDAwMDAwMH0sInNjaGVtYV92ZXJzaW9uIjoiNiJ9"
        }
      ]
    },
    {
      "mode": "managed",
      "type": "google_compute_instance",
      "name": "instance-02",
      "provider": "provider[\"registry.terraform.io/hashicorp/google\"]",
      "instances": [
        {
          "schema_version": 6,
          "attributes": {
            "advanced_machine_features": [],
            "allow_stopping_for_update": null,
            "attached_disk": [],
            "boot_disk": [
              {
                "auto_delete": true,
                "device_name": "persistent-disk-0",
                "disk_encryption_key_raw": "",
                "disk_encryption_key_sha256": "",
                "initialize_params": [
                  {
                    "image": "https://www.googleapis.com/compute/v1/projects/debian-cloud/global/images/debian-9-stretch-v20211105",
                    "labels": {},
                    "size": 10,
                    "type": "pd-standard"
                  }
                ],
                "kms_key_self_link": "",
                "mode": "READ_WRITE",
                "source": "https://www.googleapis.com/compute/v1/projects/apigee-x-project-331014/zones/us-west4-a/disks/instance-02"
              }
            ],
            "can_ip_forward": false,
            "confidential_instance_config": [],
            "cpu_platform": "Intel Skylake",
            "current_status": "RUNNING",
            "deletion_protection": false,
            "description": "",
            "desired_status": null,
            "enable_display": false,
            "guest_accelerator": [],
            "hostname": "",
            "id": "projects/apigee-x-project-331014/zones/us-west4-a/instances/instance-02",
            "instance_id": "1530051715514810802",
            "label_fingerprint": "42WmSpB8rSM=",
            "labels": {},
            "machine_type": "n1-standard-1",
            "metadata": {},
            "metadata_fingerprint": "KXMMkjJ6Lvo=",
            "metadata_startup_script": null,
            "min_cpu_platform": "",
            "name": "instance-02",
            "network_interface": [
              {
                "access_config": [
                  {
                    "nat_ip": "34.125.47.10",
                    "network_tier": "PREMIUM",
                    "public_ptr_domain_name": ""
                  }
                ],
                "alias_ip_range": [],
                "ipv6_access_config": [],
                "ipv6_access_type": "",
                "name": "nic0",
                "network": "https://www.googleapis.com/compute/v1/projects/apigee-x-project-331014/global/networks/apigee-x-vpc",
                "network_ip": "10.0.2.3",
                "nic_type": "",
                "stack_type": "IPV4_ONLY",
                "subnetwork": "https://www.googleapis.com/compute/v1/projects/apigee-x-project-331014/regions/us-west4/subnetworks/subnet-02",
                "subnetwork_project": "apigee-x-project-331014"
              }
            ],
            "project": "apigee-x-project-331014",
            "reservation_affinity": [],
            "resource_policies": [],
            "scheduling": [
              {
                "automatic_restart": true,
                "min_node_cpus": 0,
                "node_affinities": [],
                "on_host_maintenance": "MIGRATE",
                "preemptible": false
              }
            ],
            "scratch_disk": [
              {
                "interface": "SCSI"
              }
            ],
            "self_link": "https://www.googleapis.com/compute/v1/projects/apigee-x-project-331014/zones/us-west4-a/instances/instance-02",
            "service_account": [],
            "shielded_instance_config": [],
            "tags": [],
            "tags_fingerprint": "42WmSpB8rSM=",
            "timeouts": null,
            "zone": "us-west4-a"
          },
          "sensitive_attributes": [],
          "private": "eyJlMmJmYjczMC1lY2FhLTExZTYtOGY4OC0zNDM2M2JjN2M0YzAiOnsiY3JlYXRlIjoxMjAwMDAwMDAwMDAwLCJkZWxldGUiOjEyMDAwMDAwMDAwMDAsInVwZGF0ZSI6MTIwMDAwMDAwMDAwMH0sInNjaGVtYV92ZXJzaW9uIjoiNiJ9"
        }
      ]
    },
    {
      "mode": "managed",
      "type": "google_compute_network",
      "name": "apigee_network",
      "provider": "provider[\"registry.terraform.io/hashicorp/google\"]",
      "instances": [
        {
          "schema_version": 0,
          "attributes": {
            "auto_create_subnetworks": false,
            "delete_default_routes_on_create": false,
            "description": "Apigee X VPC for Apigee Org",
            "gateway_ipv4": "",
            "id": "projects/apigee-x-project-331014/global/networks/apigee-x-vpc",
            "mtu": 0,
            "name": "apigee-x-vpc",
            "project": "apigee-x-project-331014",
            "routing_mode": "REGIONAL",
            "self_link": "https://www.googleapis.com/compute/v1/projects/apigee-x-project-331014/global/networks/apigee-x-vpc",
            "timeouts": null
          },
          "sensitive_attributes": [],
          "private": "eyJlMmJmYjczMC1lY2FhLTExZTYtOGY4OC0zNDM2M2JjN2M0YzAiOnsiY3JlYXRlIjoyNDAwMDAwMDAwMDAsImRlbGV0ZSI6MjQwMDAwMDAwMDAwLCJ1cGRhdGUiOjI0MDAwMDAwMDAwMH19",
          "dependencies": [
            "google_project_service.compute"
          ]
        }
      ]
    },
    {
      "mode": "managed",
      "type": "google_compute_network",
      "name": "backend_project_a_vpc",
      "provider": "provider[\"registry.terraform.io/hashicorp/google\"]",
      "instances": [
        {
          "schema_version": 0,
          "attributes": {
            "auto_create_subnetworks": false,
            "delete_default_routes_on_create": false,
            "description": "Backend projects a for testing transient VPN connectivity",
            "gateway_ipv4": "",
            "id": "projects/backend-project-a-331014/global/networks/backend-project-a-vpc",
            "mtu": 0,
            "name": "backend-project-a-vpc",
            "project": "backend-project-a-331014",
            "routing_mode": "REGIONAL",
            "self_link": "https://www.googleapis.com/compute/v1/projects/backend-project-a-331014/global/networks/backend-project-a-vpc",
            "timeouts": null
          },
          "sensitive_attributes": [],
          "private": "eyJlMmJmYjczMC1lY2FhLTExZTYtOGY4OC0zNDM2M2JjN2M0YzAiOnsiY3JlYXRlIjoyNDAwMDAwMDAwMDAsImRlbGV0ZSI6MjQwMDAwMDAwMDAwLCJ1cGRhdGUiOjI0MDAwMDAwMDAwMH19",
          "dependencies": [
            "google_project.backend_project_a"
          ]
        }
      ]
    },
    {
      "mode": "managed",
      "type": "google_compute_router",
      "name": "backend_a_router1",
      "provider": "provider[\"registry.terraform.io/hashicorp/google\"]",
      "instances": [
        {
          "schema_version": 0,
          "attributes": {
            "bgp": [
              {
                "advertise_mode": "DEFAULT",
                "advertised_groups": [],
                "advertised_ip_ranges": [],
                "asn": 64514
              }
            ],
            "creation_timestamp": "2021-11-13T19:17:23.170-08:00",
            "description": "",
            "encrypted_interconnect_router": false,
            "id": "projects/apigee-x-project-331014/regions/us-east1/routers/backend-a-ha-vpn-router1",
            "name": "backend-a-ha-vpn-router1",
            "network": "https://www.googleapis.com/compute/v1/projects/apigee-x-project-331014/global/networks/apigee-x-vpc",
            "project": "apigee-x-project-331014",
            "region": "us-east1",
            "self_link": "https://www.googleapis.com/compute/v1/projects/apigee-x-project-331014/regions/us-east1/routers/backend-a-ha-vpn-router1",
            "timeouts": null
          },
          "sensitive_attributes": [],
          "private": "eyJlMmJmYjczMC1lY2FhLTExZTYtOGY4OC0zNDM2M2JjN2M0YzAiOnsiY3JlYXRlIjoyNDAwMDAwMDAwMDAsImRlbGV0ZSI6MjQwMDAwMDAwMDAwLCJ1cGRhdGUiOjI0MDAwMDAwMDAwMH19",
          "dependencies": [
            "google_compute_network.apigee_network",
            "google_project_service.compute"
          ]
        }
      ]
    },
    {
      "mode": "managed",
      "type": "google_compute_router",
      "name": "backend_a_router2",
      "provider": "provider[\"registry.terraform.io/hashicorp/google\"]",
      "instances": [
        {
          "schema_version": 0,
          "attributes": {
            "bgp": [
              {
                "advertise_mode": "DEFAULT",
                "advertised_groups": [],
                "advertised_ip_ranges": [],
                "asn": 64515
              }
            ],
            "creation_timestamp": "2021-11-13T19:17:23.050-08:00",
            "description": "",
            "encrypted_interconnect_router": false,
            "id": "projects/backend-project-a-331014/regions/us-east1/routers/backend-a-ha-vpn-router2",
            "name": "backend-a-ha-vpn-router2",
            "network": "https://www.googleapis.com/compute/v1/projects/backend-project-a-331014/global/networks/backend-project-a-vpc",
            "project": "backend-project-a-331014",
            "region": "us-east1",
            "self_link": "https://www.googleapis.com/compute/v1/projects/backend-project-a-331014/regions/us-east1/routers/backend-a-ha-vpn-router2",
            "timeouts": null
          },
          "sensitive_attributes": [],
          "private": "eyJlMmJmYjczMC1lY2FhLTExZTYtOGY4OC0zNDM2M2JjN2M0YzAiOnsiY3JlYXRlIjoyNDAwMDAwMDAwMDAsImRlbGV0ZSI6MjQwMDAwMDAwMDAwLCJ1cGRhdGUiOjI0MDAwMDAwMDAwMH19",
          "dependencies": [
            "google_compute_network.backend_project_a_vpc",
            "google_project.backend_project_a"
          ]
        }
      ]
    },
    {
      "mode": "managed",
      "type": "google_compute_router_interface",
      "name": "backend_a_router1_interface1",
      "provider": "provider[\"registry.terraform.io/hashicorp/google\"]",
      "instances": [
        {
          "schema_version": 0,
          "attributes": {
            "id": "us-east1/backend-a-ha-vpn-router1/backend-a-router1-interface1",
            "interconnect_attachment": "",
            "ip_range": "169.254.0.1/30",
            "name": "backend-a-router1-interface1",
            "project": "apigee-x-project-331014",
            "region": "us-east1",
            "router": "backend-a-ha-vpn-router1",
            "timeouts": null,
            "vpn_tunnel": "https://www.googleapis.com/compute/v1/projects/apigee-x-project-331014/regions/us-east1/vpnTunnels/backend-a-ha-vpn-tunnel1"
          },
          "sensitive_attributes": [],
          "private": "eyJlMmJmYjczMC1lY2FhLTExZTYtOGY4OC0zNDM2M2JjN2M0YzAiOnsiY3JlYXRlIjoyNDAwMDAwMDAwMDAsImRlbGV0ZSI6MjQwMDAwMDAwMDAwfX0=",
          "dependencies": [
            "google_compute_ha_vpn_gateway.backend_a_ha_gateway2",
            "google_compute_network.apigee_network",
            "google_compute_router.backend_a_router1",
            "google_compute_vpn_tunnel.backend_a_tunnel1",
            "google_project_service.compute",
            "random_id.secret",
            "google_compute_ha_vpn_gateway.backend_a_ha_gateway1"
          ]
        }
      ]
    },
    {
      "mode": "managed",
      "type": "google_compute_router_interface",
      "name": "backend_a_router1_interface2",
      "provider": "provider[\"registry.terraform.io/hashicorp/google\"]",
      "instances": [
        {
          "schema_version": 0,
          "attributes": {
            "id": "us-east1/backend-a-ha-vpn-router1/backend-a-router1-interface2",
            "interconnect_attachment": "",
            "ip_range": "169.254.1.2/30",
            "name": "backend-a-router1-interface2",
            "project": "apigee-x-project-331014",
            "region": "us-east1",
            "router": "backend-a-ha-vpn-router1",
            "timeouts": null,
            "vpn_tunnel": "https://www.googleapis.com/compute/v1/projects/apigee-x-project-331014/regions/us-east1/vpnTunnels/backend-a-ha-vpn-tunnel2"
          },
          "sensitive_attributes": [],
          "private": "eyJlMmJmYjczMC1lY2FhLTExZTYtOGY4OC0zNDM2M2JjN2M0YzAiOnsiY3JlYXRlIjoyNDAwMDAwMDAwMDAsImRlbGV0ZSI6MjQwMDAwMDAwMDAwfX0=",
          "dependencies": [
            "google_compute_network.apigee_network",
            "google_compute_router.backend_a_router1",
            "google_compute_vpn_tunnel.backend_a_tunnel2",
            "google_project_service.compute",
            "random_id.secret",
            "google_compute_ha_vpn_gateway.backend_a_ha_gateway1",
            "google_compute_ha_vpn_gateway.backend_a_ha_gateway2"
          ]
        }
      ]
    },
    {
      "mode": "managed",
      "type": "google_compute_router_interface",
      "name": "backend_a_router2_interface1",
      "provider": "provider[\"registry.terraform.io/hashicorp/google\"]",
      "instances": [
        {
          "schema_version": 0,
          "attributes": {
            "id": "us-east1/backend-a-ha-vpn-router2/backend-a-router2-interface1",
            "interconnect_attachment": "",
            "ip_range": "169.254.0.2/30",
            "name": "backend-a-router2-interface1",
            "project": "backend-project-a-331014",
            "region": "us-east1",
            "router": "backend-a-ha-vpn-router2",
            "timeouts": null,
            "vpn_tunnel": "https://www.googleapis.com/compute/v1/projects/backend-project-a-331014/regions/us-east1/vpnTunnels/backend-a-ha-vpn-tunnel3"
          },
          "sensitive_attributes": [],
          "private": "eyJlMmJmYjczMC1lY2FhLTExZTYtOGY4OC0zNDM2M2JjN2M0YzAiOnsiY3JlYXRlIjoyNDAwMDAwMDAwMDAsImRlbGV0ZSI6MjQwMDAwMDAwMDAwfX0=",
          "dependencies": [
            "google_compute_network.apigee_network",
            "google_compute_vpn_tunnel.backend_a_tunnel3",
            "google_project.backend_project_a",
            "random_id.secret",
            "google_compute_ha_vpn_gateway.backend_a_ha_gateway1",
            "google_compute_network.backend_project_a_vpc",
            "google_compute_router.backend_a_router2",
            "google_project_service.compute",
            "google_compute_ha_vpn_gateway.backend_a_ha_gateway2"
          ]
        }
      ]
    },
    {
      "mode": "managed",
      "type": "google_compute_router_interface",
      "name": "backend_a_router2_interface2",
      "provider": "provider[\"registry.terraform.io/hashicorp/google\"]",
      "instances": [
        {
          "schema_version": 0,
          "attributes": {
            "id": "us-east1/backend-a-ha-vpn-router2/backend-a-router2-interface2",
            "interconnect_attachment": "",
            "ip_range": "169.254.1.1/30",
            "name": "backend-a-router2-interface2",
            "project": "backend-project-a-331014",
            "region": "us-east1",
            "router": "backend-a-ha-vpn-router2",
            "timeouts": null,
            "vpn_tunnel": "https://www.googleapis.com/compute/v1/projects/backend-project-a-331014/regions/us-east1/vpnTunnels/backend-a-ha-vpn-tunnel4"
          },
          "sensitive_attributes": [],
          "private": "eyJlMmJmYjczMC1lY2FhLTExZTYtOGY4OC0zNDM2M2JjN2M0YzAiOnsiY3JlYXRlIjoyNDAwMDAwMDAwMDAsImRlbGV0ZSI6MjQwMDAwMDAwMDAwfX0=",
          "dependencies": [
            "google_compute_network.apigee_network",
            "google_project.backend_project_a",
            "google_project_service.compute",
            "random_id.secret",
            "google_compute_ha_vpn_gateway.backend_a_ha_gateway1",
            "google_compute_ha_vpn_gateway.backend_a_ha_gateway2",
            "google_compute_network.backend_project_a_vpc",
            "google_compute_router.backend_a_router2",
            "google_compute_vpn_tunnel.backend_a_tunnel4"
          ]
        }
      ]
    },
    {
      "mode": "managed",
      "type": "google_compute_router_peer",
      "name": "backend_a_route2_peer2",
      "provider": "provider[\"registry.terraform.io/hashicorp/google\"]",
      "instances": [
        {
          "schema_version": 0,
          "attributes": {
            "advertise_mode": "DEFAULT",
            "advertised_groups": [],
            "advertised_ip_ranges": [],
            "advertised_route_priority": 100,
            "enable": true,
            "id": "projects/backend-project-a-331014/regions/us-east1/routers/backend-a-ha-vpn-router2/backend-a-router2-peer2",
            "interface": "backend-a-router2-interface2",
            "ip_address": "169.254.1.1",
            "management_type": "",
            "name": "backend-a-router2-peer2",
            "peer_asn": 64514,
            "peer_ip_address": "169.254.1.2",
            "project": "backend-project-a-331014",
            "region": "us-east1",
            "router": "backend-a-ha-vpn-router2",
            "timeouts": null
          },
          "sensitive_attributes": [],
          "private": "eyJlMmJmYjczMC1lY2FhLTExZTYtOGY4OC0zNDM2M2JjN2M0YzAiOnsiY3JlYXRlIjo2MDAwMDAwMDAwMDAsImRlbGV0ZSI6NjAwMDAwMDAwMDAwLCJ1cGRhdGUiOjYwMDAwMDAwMDAwMH19",
          "dependencies": [
            "random_id.secret",
            "google_compute_ha_vpn_gateway.backend_a_ha_gateway2",
            "google_compute_network.apigee_network",
            "google_compute_router.backend_a_router2",
            "google_project.backend_project_a",
            "google_project_service.compute",
            "google_compute_ha_vpn_gateway.backend_a_ha_gateway1",
            "google_compute_network.backend_project_a_vpc",
            "google_compute_router_interface.backend_a_router2_interface2",
            "google_compute_vpn_tunnel.backend_a_tunnel4"
          ]
        }
      ]
    },
    {
      "mode": "managed",
      "type": "google_compute_router_peer",
      "name": "backend_a_router1_peer1",
      "provider": "provider[\"registry.terraform.io/hashicorp/google\"]",
      "instances": [
        {
          "schema_version": 0,
          "attributes": {
            "advertise_mode": "DEFAULT",
            "advertised_groups": [],
            "advertised_ip_ranges": [],
            "advertised_route_priority": 100,
            "enable": true,
            "id": "projects/apigee-x-project-331014/regions/us-east1/routers/backend-a-ha-vpn-router1/backend-a-router1-peer1",
            "interface": "backend-a-router1-interface1",
            "ip_address": "169.254.0.1",
            "management_type": "",
            "name": "backend-a-router1-peer1",
            "peer_asn": 64515,
            "peer_ip_address": "169.254.0.2",
            "project": "apigee-x-project-331014",
            "region": "us-east1",
            "router": "backend-a-ha-vpn-router1",
            "timeouts": null
          },
          "sensitive_attributes": [],
          "private": "eyJlMmJmYjczMC1lY2FhLTExZTYtOGY4OC0zNDM2M2JjN2M0YzAiOnsiY3JlYXRlIjo2MDAwMDAwMDAwMDAsImRlbGV0ZSI6NjAwMDAwMDAwMDAwLCJ1cGRhdGUiOjYwMDAwMDAwMDAwMH19",
          "dependencies": [
            "google_compute_router_interface.backend_a_router1_interface1",
            "google_compute_vpn_tunnel.backend_a_tunnel1",
            "google_project_service.compute",
            "random_id.secret",
            "google_compute_ha_vpn_gateway.backend_a_ha_gateway1",
            "google_compute_ha_vpn_gateway.backend_a_ha_gateway2",
            "google_compute_network.apigee_network",
            "google_compute_router.backend_a_router1"
          ]
        }
      ]
    },
    {
      "mode": "managed",
      "type": "google_compute_router_peer",
      "name": "backend_a_router1_peer2",
      "provider": "provider[\"registry.terraform.io/hashicorp/google\"]",
      "instances": [
        {
          "schema_version": 0,
          "attributes": {
            "advertise_mode": "DEFAULT",
            "advertised_groups": [],
            "advertised_ip_ranges": [],
            "advertised_route_priority": 100,
            "enable": true,
            "id": "projects/apigee-x-project-331014/regions/us-east1/routers/backend-a-ha-vpn-router1/backend-a-router1-peer2",
            "interface": "backend-a-router1-interface2",
            "ip_address": "169.254.1.2",
            "management_type": "",
            "name": "backend-a-router1-peer2",
            "peer_asn": 64515,
            "peer_ip_address": "169.254.1.1",
            "project": "apigee-x-project-331014",
            "region": "us-east1",
            "router": "backend-a-ha-vpn-router1",
            "timeouts": null
          },
          "sensitive_attributes": [],
          "private": "eyJlMmJmYjczMC1lY2FhLTExZTYtOGY4OC0zNDM2M2JjN2M0YzAiOnsiY3JlYXRlIjo2MDAwMDAwMDAwMDAsImRlbGV0ZSI6NjAwMDAwMDAwMDAwLCJ1cGRhdGUiOjYwMDAwMDAwMDAwMH19",
          "dependencies": [
            "google_compute_router_interface.backend_a_router1_interface2",
            "google_compute_vpn_tunnel.backend_a_tunnel2",
            "google_project_service.compute",
            "random_id.secret",
            "google_compute_ha_vpn_gateway.backend_a_ha_gateway1",
            "google_compute_ha_vpn_gateway.backend_a_ha_gateway2",
            "google_compute_network.apigee_network",
            "google_compute_router.backend_a_router1"
          ]
        }
      ]
    },
    {
      "mode": "managed",
      "type": "google_compute_router_peer",
      "name": "backend_a_router2_peer1",
      "provider": "provider[\"registry.terraform.io/hashicorp/google\"]",
      "instances": [
        {
          "schema_version": 0,
          "attributes": {
            "advertise_mode": "DEFAULT",
            "advertised_groups": [],
            "advertised_ip_ranges": [],
            "advertised_route_priority": 100,
            "enable": true,
            "id": "projects/backend-project-a-331014/regions/us-east1/routers/backend-a-ha-vpn-router2/backend-a-router2-peer1",
            "interface": "backend-a-router2-interface1",
            "ip_address": "169.254.0.2",
            "management_type": "",
            "name": "backend-a-router2-peer1",
            "peer_asn": 64514,
            "peer_ip_address": "169.254.0.1",
            "project": "backend-project-a-331014",
            "region": "us-east1",
            "router": "backend-a-ha-vpn-router2",
            "timeouts": null
          },
          "sensitive_attributes": [],
          "private": "eyJlMmJmYjczMC1lY2FhLTExZTYtOGY4OC0zNDM2M2JjN2M0YzAiOnsiY3JlYXRlIjo2MDAwMDAwMDAwMDAsImRlbGV0ZSI6NjAwMDAwMDAwMDAwLCJ1cGRhdGUiOjYwMDAwMDAwMDAwMH19",
          "dependencies": [
            "google_compute_ha_vpn_gateway.backend_a_ha_gateway1",
            "google_compute_network.apigee_network",
            "google_compute_network.backend_project_a_vpc",
            "google_compute_router.backend_a_router2",
            "google_compute_router_interface.backend_a_router2_interface1",
            "random_id.secret",
            "google_compute_ha_vpn_gateway.backend_a_ha_gateway2",
            "google_compute_vpn_tunnel.backend_a_tunnel3",
            "google_project.backend_project_a",
            "google_project_service.compute"
          ]
        }
      ]
    },
    {
      "mode": "managed",
      "type": "google_compute_subnetwork",
      "name": "apigee_subnetwork",
      "provider": "provider[\"registry.terraform.io/hashicorp/google\"]",
      "instances": [
        {
          "schema_version": 0,
          "attributes": {
            "creation_timestamp": "2021-11-05T11:07:50.067-07:00",
            "description": "",
            "external_ipv6_prefix": "",
            "fingerprint": null,
            "gateway_address": "10.2.0.1",
            "id": "projects/apigee-x-project-331014/regions/us-central1/subnetworks/apigee-x-subnetwork",
            "ip_cidr_range": "10.2.0.0/20",
            "ipv6_access_type": "",
            "ipv6_cidr_range": "",
            "log_config": [],
            "name": "apigee-x-subnetwork",
            "network": "https://www.googleapis.com/compute/v1/projects/apigee-x-project-331014/global/networks/apigee-x-vpc",
            "private_ip_google_access": true,
            "private_ipv6_google_access": "DISABLE_GOOGLE_ACCESS",
            "project": "apigee-x-project-331014",
            "purpose": "PRIVATE",
            "region": "us-central1",
            "role": "",
            "secondary_ip_range": [],
            "self_link": "https://www.googleapis.com/compute/v1/projects/apigee-x-project-331014/regions/us-central1/subnetworks/apigee-x-subnetwork",
            "stack_type": "IPV4_ONLY",
            "timeouts": null
          },
          "sensitive_attributes": [],
          "private": "eyJlMmJmYjczMC1lY2FhLTExZTYtOGY4OC0zNDM2M2JjN2M0YzAiOnsiY3JlYXRlIjozNjAwMDAwMDAwMDAsImRlbGV0ZSI6MzYwMDAwMDAwMDAwLCJ1cGRhdGUiOjM2MDAwMDAwMDAwMH19",
          "dependencies": [
            "google_compute_network.apigee_network",
            "google_project_service.compute"
          ]
        }
      ]
    },
    {
      "mode": "managed",
      "type": "google_compute_subnetwork",
      "name": "backend_a_subnet-01",
      "provider": "provider[\"registry.terraform.io/hashicorp/google\"]",
      "instances": [
        {
          "schema_version": 0,
          "attributes": {
            "creation_timestamp": "2021-11-13T18:35:14.478-08:00",
            "description": "",
            "external_ipv6_prefix": "",
            "fingerprint": null,
            "gateway_address": "192.168.1.1",
            "id": "projects/backend-project-a-331014/regions/us-east1/subnetworks/subnet-01",
            "ip_cidr_range": "192.168.1.0/24",
            "ipv6_access_type": "",
            "ipv6_cidr_range": "",
            "log_config": [],
            "name": "subnet-01",
            "network": "https://www.googleapis.com/compute/v1/projects/backend-project-a-331014/global/networks/backend-project-a-vpc",
            "private_ip_google_access": false,
            "private_ipv6_google_access": "DISABLE_GOOGLE_ACCESS",
            "project": "backend-project-a-331014",
            "purpose": "PRIVATE",
            "region": "us-east1",
            "role": "",
            "secondary_ip_range": [],
            "self_link": "https://www.googleapis.com/compute/v1/projects/backend-project-a-331014/regions/us-east1/subnetworks/subnet-01",
            "stack_type": "IPV4_ONLY",
            "timeouts": null
          },
          "sensitive_attributes": [],
          "private": "eyJlMmJmYjczMC1lY2FhLTExZTYtOGY4OC0zNDM2M2JjN2M0YzAiOnsiY3JlYXRlIjozNjAwMDAwMDAwMDAsImRlbGV0ZSI6MzYwMDAwMDAwMDAwLCJ1cGRhdGUiOjM2MDAwMDAwMDAwMH19",
          "dependencies": [
            "google_compute_network.backend_project_a_vpc",
            "google_project.backend_project_a"
          ]
        }
      ]
    },
    {
      "mode": "managed",
      "type": "google_compute_subnetwork",
      "name": "backend_a_subnet-02",
      "provider": "provider[\"registry.terraform.io/hashicorp/google\"]",
      "instances": [
        {
          "schema_version": 0,
          "attributes": {
            "creation_timestamp": "2021-11-13T18:35:04.323-08:00",
            "description": "",
            "external_ipv6_prefix": "",
            "fingerprint": null,
            "gateway_address": "192.168.2.1",
            "id": "projects/backend-project-a-331014/regions/us-west4/subnetworks/subnet-02",
            "ip_cidr_range": "192.168.2.0/24",
            "ipv6_access_type": "",
            "ipv6_cidr_range": "",
            "log_config": [],
            "name": "subnet-02",
            "network": "https://www.googleapis.com/compute/v1/projects/backend-project-a-331014/global/networks/backend-project-a-vpc",
            "private_ip_google_access": false,
            "private_ipv6_google_access": "DISABLE_GOOGLE_ACCESS",
            "project": "backend-project-a-331014",
            "purpose": "PRIVATE",
            "region": "us-west4",
            "role": "",
            "secondary_ip_range": [],
            "self_link": "https://www.googleapis.com/compute/v1/projects/backend-project-a-331014/regions/us-west4/subnetworks/subnet-02",
            "stack_type": "IPV4_ONLY",
            "timeouts": null
          },
          "sensitive_attributes": [],
          "private": "eyJlMmJmYjczMC1lY2FhLTExZTYtOGY4OC0zNDM2M2JjN2M0YzAiOnsiY3JlYXRlIjozNjAwMDAwMDAwMDAsImRlbGV0ZSI6MzYwMDAwMDAwMDAwLCJ1cGRhdGUiOjM2MDAwMDAwMDAwMH19",
          "dependencies": [
            "google_compute_network.backend_project_a_vpc",
            "google_project.backend_project_a"
          ]
        }
      ]
    },
    {
      "mode": "managed",
      "type": "google_compute_subnetwork",
      "name": "subnet-01",
      "provider": "provider[\"registry.terraform.io/hashicorp/google\"]",
      "instances": [
        {
          "schema_version": 0,
          "attributes": {
            "creation_timestamp": "2021-11-09T13:14:52.253-08:00",
            "description": "",
            "external_ipv6_prefix": "",
            "fingerprint": null,
            "gateway_address": "10.0.1.1",
            "id": "projects/apigee-x-project-331014/regions/us-east1/subnetworks/subnet-01",
            "ip_cidr_range": "10.0.1.0/24",
            "ipv6_access_type": "",
            "ipv6_cidr_range": "",
            "log_config": [],
            "name": "subnet-01",
            "network": "https://www.googleapis.com/compute/v1/projects/apigee-x-project-331014/global/networks/apigee-x-vpc",
            "private_ip_google_access": false,
            "private_ipv6_google_access": "DISABLE_GOOGLE_ACCESS",
            "project": "apigee-x-project-331014",
            "purpose": "PRIVATE",
            "region": "us-east1",
            "role": "",
            "secondary_ip_range": [],
            "self_link": "https://www.googleapis.com/compute/v1/projects/apigee-x-project-331014/regions/us-east1/subnetworks/subnet-01",
            "stack_type": "IPV4_ONLY",
            "timeouts": null
          },
          "sensitive_attributes": [],
          "private": "eyJlMmJmYjczMC1lY2FhLTExZTYtOGY4OC0zNDM2M2JjN2M0YzAiOnsiY3JlYXRlIjozNjAwMDAwMDAwMDAsImRlbGV0ZSI6MzYwMDAwMDAwMDAwLCJ1cGRhdGUiOjM2MDAwMDAwMDAwMH19"
        }
      ]
    },
    {
      "mode": "managed",
      "type": "google_compute_subnetwork",
      "name": "subnet-02",
      "provider": "provider[\"registry.terraform.io/hashicorp/google\"]",
      "instances": [
        {
          "schema_version": 0,
          "attributes": {
            "creation_timestamp": "2021-11-09T13:02:55.554-08:00",
            "description": "",
            "external_ipv6_prefix": "",
            "fingerprint": null,
            "gateway_address": "10.0.2.1",
            "id": "projects/apigee-x-project-331014/regions/us-west4/subnetworks/subnet-02",
            "ip_cidr_range": "10.0.2.0/24",
            "ipv6_access_type": "",
            "ipv6_cidr_range": "",
            "log_config": [],
            "name": "subnet-02",
            "network": "https://www.googleapis.com/compute/v1/projects/apigee-x-project-331014/global/networks/apigee-x-vpc",
            "private_ip_google_access": false,
            "private_ipv6_google_access": "DISABLE_GOOGLE_ACCESS",
            "project": "apigee-x-project-331014",
            "purpose": "PRIVATE",
            "region": "us-west4",
            "role": "",
            "secondary_ip_range": [],
            "self_link": "https://www.googleapis.com/compute/v1/projects/apigee-x-project-331014/regions/us-west4/subnetworks/subnet-02",
            "stack_type": "IPV4_ONLY",
            "timeouts": null
          },
          "sensitive_attributes": [],
          "private": "eyJlMmJmYjczMC1lY2FhLTExZTYtOGY4OC0zNDM2M2JjN2M0YzAiOnsiY3JlYXRlIjozNjAwMDAwMDAwMDAsImRlbGV0ZSI6MzYwMDAwMDAwMDAwLCJ1cGRhdGUiOjM2MDAwMDAwMDAwMH19"
        }
      ]
    },
    {
      "mode": "managed",
      "type": "google_compute_vpn_tunnel",
      "name": "backend_a_tunnel1",
      "provider": "provider[\"registry.terraform.io/hashicorp/google\"]",
      "instances": [
        {
          "schema_version": 0,
          "attributes": {
            "creation_timestamp": "2021-11-14T09:55:34.850-08:00",
            "description": "",
            "detailed_status": "Tunnel is up and running.",
            "id": "projects/apigee-x-project-331014/regions/us-east1/vpnTunnels/backend-a-ha-vpn-tunnel1",
            "ike_version": 2,
            "local_traffic_selector": [
              "0.0.0.0/0"
            ],
            "name": "backend-a-ha-vpn-tunnel1",
            "peer_external_gateway": "",
            "peer_external_gateway_interface": 0,
            "peer_gcp_gateway": "https://www.googleapis.com/compute/v1/projects/backend-project-a-331014/regions/us-east1/vpnGateways/backend-a-ha-vpn-2",
            "peer_ip": "35.242.12.161",
            "project": "apigee-x-project-331014",
            "region": "us-east1",
            "remote_traffic_selector": [
              "0.0.0.0/0"
            ],
            "router": "https://www.googleapis.com/compute/v1/projects/apigee-x-project-331014/regions/us-east1/routers/backend-a-ha-vpn-router1",
            "self_link": "https://www.googleapis.com/compute/v1/projects/apigee-x-project-331014/regions/us-east1/vpnTunnels/backend-a-ha-vpn-tunnel1",
            "shared_secret": "ITLCXT1svzk",
            "shared_secret_hash": "APdiXAf-je8dfceqozMB_pdUAa_Q",
            "target_vpn_gateway": "",
            "timeouts": null,
            "tunnel_id": "5501452500604875641",
            "vpn_gateway": "https://www.googleapis.com/compute/v1/projects/apigee-x-project-331014/regions/us-east1/vpnGateways/backend-a-ha-vpn-1",
            "vpn_gateway_interface": 0
          },
          "sensitive_attributes": [],
          "private": "eyJlMmJmYjczMC1lY2FhLTExZTYtOGY4OC0zNDM2M2JjN2M0YzAiOnsiY3JlYXRlIjoyNDAwMDAwMDAwMDAsImRlbGV0ZSI6MjQwMDAwMDAwMDAwfX0=",
          "dependencies": [
            "google_compute_ha_vpn_gateway.backend_a_ha_gateway1",
            "google_compute_ha_vpn_gateway.backend_a_ha_gateway2",
            "google_compute_network.apigee_network",
            "google_compute_router.backend_a_router1",
            "google_project_service.compute",
            "random_id.secret"
          ]
        }
      ]
    },
    {
      "mode": "managed",
      "type": "google_compute_vpn_tunnel",
      "name": "backend_a_tunnel2",
      "provider": "provider[\"registry.terraform.io/hashicorp/google\"]",
      "instances": [
        {
          "schema_version": 0,
          "attributes": {
            "creation_timestamp": "2021-11-14T09:55:36.608-08:00",
            "description": "",
            "detailed_status": "Tunnel is up and running.",
            "id": "projects/apigee-x-project-331014/regions/us-east1/vpnTunnels/backend-a-ha-vpn-tunnel2",
            "ike_version": 2,
            "local_traffic_selector": [
              "0.0.0.0/0"
            ],
            "name": "backend-a-ha-vpn-tunnel2",
            "peer_external_gateway": "",
            "peer_external_gateway_interface": 0,
            "peer_gcp_gateway": "https://www.googleapis.com/compute/v1/projects/backend-project-a-331014/regions/us-east1/vpnGateways/backend-a-ha-vpn-2",
            "peer_ip": "35.220.4.219",
            "project": "apigee-x-project-331014",
            "region": "us-east1",
            "remote_traffic_selector": [
              "0.0.0.0/0"
            ],
            "router": "https://www.googleapis.com/compute/v1/projects/apigee-x-project-331014/regions/us-east1/routers/backend-a-ha-vpn-router1",
            "self_link": "https://www.googleapis.com/compute/v1/projects/apigee-x-project-331014/regions/us-east1/vpnTunnels/backend-a-ha-vpn-tunnel2",
            "shared_secret": "ITLCXT1svzk",
            "shared_secret_hash": "AGfySUIKWkmgGihNJIsF8CCF2kCZ",
            "target_vpn_gateway": "",
            "timeouts": null,
            "tunnel_id": "4619528533134078839",
            "vpn_gateway": "https://www.googleapis.com/compute/v1/projects/apigee-x-project-331014/regions/us-east1/vpnGateways/backend-a-ha-vpn-1",
            "vpn_gateway_interface": 1
          },
          "sensitive_attributes": [],
          "private": "eyJlMmJmYjczMC1lY2FhLTExZTYtOGY4OC0zNDM2M2JjN2M0YzAiOnsiY3JlYXRlIjoyNDAwMDAwMDAwMDAsImRlbGV0ZSI6MjQwMDAwMDAwMDAwfX0=",
          "dependencies": [
            "google_compute_ha_vpn_gateway.backend_a_ha_gateway1",
            "google_compute_ha_vpn_gateway.backend_a_ha_gateway2",
            "google_compute_network.apigee_network",
            "google_compute_router.backend_a_router1",
            "google_project_service.compute",
            "random_id.secret"
          ]
        }
      ]
    },
    {
      "mode": "managed",
      "type": "google_compute_vpn_tunnel",
      "name": "backend_a_tunnel3",
      "provider": "provider[\"registry.terraform.io/hashicorp/google\"]",
      "instances": [
        {
          "schema_version": 0,
          "attributes": {
            "creation_timestamp": "2021-11-14T09:55:37.003-08:00",
            "description": "",
            "detailed_status": "Tunnel is up and running.",
            "id": "projects/backend-project-a-331014/regions/us-east1/vpnTunnels/backend-a-ha-vpn-tunnel3",
            "ike_version": 2,
            "local_traffic_selector": [
              "0.0.0.0/0"
            ],
            "name": "backend-a-ha-vpn-tunnel3",
            "peer_external_gateway": "",
            "peer_external_gateway_interface": 0,
            "peer_gcp_gateway": "https://www.googleapis.com/compute/v1/projects/apigee-x-project-331014/regions/us-east1/vpnGateways/backend-a-ha-vpn-1",
            "peer_ip": "35.242.11.167",
            "project": "backend-project-a-331014",
            "region": "us-east1",
            "remote_traffic_selector": [
              "0.0.0.0/0"
            ],
            "router": "https://www.googleapis.com/compute/v1/projects/backend-project-a-331014/regions/us-east1/routers/backend-a-ha-vpn-router2",
            "self_link": "https://www.googleapis.com/compute/v1/projects/backend-project-a-331014/regions/us-east1/vpnTunnels/backend-a-ha-vpn-tunnel3",
            "shared_secret": "ITLCXT1svzk",
            "shared_secret_hash": "AKXMruOketS1mujD75fZxcLqozEs",
            "target_vpn_gateway": "",
            "timeouts": null,
            "tunnel_id": "7594504426039866231",
            "vpn_gateway": "https://www.googleapis.com/compute/v1/projects/backend-project-a-331014/regions/us-east1/vpnGateways/backend-a-ha-vpn-2",
            "vpn_gateway_interface": 0
          },
          "sensitive_attributes": [],
          "private": "eyJlMmJmYjczMC1lY2FhLTExZTYtOGY4OC0zNDM2M2JjN2M0YzAiOnsiY3JlYXRlIjoyNDAwMDAwMDAwMDAsImRlbGV0ZSI6MjQwMDAwMDAwMDAwfX0=",
          "dependencies": [
            "random_id.secret",
            "google_compute_ha_vpn_gateway.backend_a_ha_gateway1",
            "google_compute_ha_vpn_gateway.backend_a_ha_gateway2",
            "google_compute_network.apigee_network",
            "google_compute_network.backend_project_a_vpc",
            "google_compute_router.backend_a_router2",
            "google_project.backend_project_a",
            "google_project_service.compute"
          ]
        }
      ]
    },
    {
      "mode": "managed",
      "type": "google_compute_vpn_tunnel",
      "name": "backend_a_tunnel4",
      "provider": "provider[\"registry.terraform.io/hashicorp/google\"]",
      "instances": [
        {
          "schema_version": 0,
          "attributes": {
            "creation_timestamp": "2021-11-14T09:55:37.849-08:00",
            "description": "",
            "detailed_status": "Tunnel is up and running.",
            "id": "projects/backend-project-a-331014/regions/us-east1/vpnTunnels/backend-a-ha-vpn-tunnel4",
            "ike_version": 2,
            "local_traffic_selector": [
              "0.0.0.0/0"
            ],
            "name": "backend-a-ha-vpn-tunnel4",
            "peer_external_gateway": "",
            "peer_external_gateway_interface": 0,
            "peer_gcp_gateway": "https://www.googleapis.com/compute/v1/projects/apigee-x-project-331014/regions/us-east1/vpnGateways/backend-a-ha-vpn-1",
            "peer_ip": "35.220.2.226",
            "project": "backend-project-a-331014",
            "region": "us-east1",
            "remote_traffic_selector": [
              "0.0.0.0/0"
            ],
            "router": "https://www.googleapis.com/compute/v1/projects/backend-project-a-331014/regions/us-east1/routers/backend-a-ha-vpn-router2",
            "self_link": "https://www.googleapis.com/compute/v1/projects/backend-project-a-331014/regions/us-east1/vpnTunnels/backend-a-ha-vpn-tunnel4",
            "shared_secret": "ITLCXT1svzk",
            "shared_secret_hash": "AKzLkH3mpomRUhoili9aHQIYbbbZ",
            "target_vpn_gateway": "",
            "timeouts": null,
            "tunnel_id": "8348293348519113590",
            "vpn_gateway": "https://www.googleapis.com/compute/v1/projects/backend-project-a-331014/regions/us-east1/vpnGateways/backend-a-ha-vpn-2",
            "vpn_gateway_interface": 1
          },
          "sensitive_attributes": [],
          "private": "eyJlMmJmYjczMC1lY2FhLTExZTYtOGY4OC0zNDM2M2JjN2M0YzAiOnsiY3JlYXRlIjoyNDAwMDAwMDAwMDAsImRlbGV0ZSI6MjQwMDAwMDAwMDAwfX0=",
          "dependencies": [
            "google_compute_ha_vpn_gateway.backend_a_ha_gateway1",
            "google_compute_ha_vpn_gateway.backend_a_ha_gateway2",
            "google_compute_network.apigee_network",
            "google_compute_network.backend_project_a_vpc",
            "google_compute_router.backend_a_router2",
            "google_project.backend_project_a",
            "google_project_service.compute",
            "random_id.secret"
          ]
        }
      ]
    },
    {
      "mode": "managed",
      "type": "google_dns_managed_zone",
      "name": "private_zone",
      "provider": "provider[\"registry.terraform.io/hashicorp/google\"]",
      "instances": [
        {
          "schema_version": 0,
          "attributes": {
            "description": "Private DNS zone for Apigee requests",
            "dns_name": "hudywu.com.",
            "dnssec_config": [],
            "force_destroy": false,
            "forwarding_config": [
              {
                "target_name_servers": [
                  {
                    "forwarding_path": "",
                    "ipv4_address": "192.168.1.2"
                  }
                ]
              }
            ],
            "id": "projects/apigee-x-project-331014/managedZones/private-zone",
            "labels": {},
            "name": "private-zone",
            "name_servers": [
              "ns-gcp-private.googledomains.com."
            ],
            "peering_config": [],
            "private_visibility_config": [
              {
                "networks": [
                  {
                    "network_url": "https://www.googleapis.com/compute/v1/projects/apigee-x-project-331014/global/networks/apigee-x-vpc"
                  }
                ]
              }
            ],
            "project": "apigee-x-project-331014",
            "timeouts": null,
            "visibility": "private"
          },
          "sensitive_attributes": [],
          "private": "eyJlMmJmYjczMC1lY2FhLTExZTYtOGY4OC0zNDM2M2JjN2M0YzAiOnsiY3JlYXRlIjoyNDAwMDAwMDAwMDAsImRlbGV0ZSI6MjQwMDAwMDAwMDAwLCJ1cGRhdGUiOjI0MDAwMDAwMDAwMH19",
          "dependencies": [
            "google_compute_network.apigee_network",
            "google_project_service.compute"
          ]
        }
      ]
    },
    {
      "mode": "managed",
      "type": "google_kms_crypto_key",
      "name": "apigee_key",
      "provider": "provider[\"registry.terraform.io/hashicorp/google\"]",
      "instances": [
        {
          "schema_version": 1,
          "attributes": {
            "destroy_scheduled_duration": "86400s",
            "id": "projects/apigee-x-project-331014/locations/us-central1/keyRings/apigee-x-keyring/cryptoKeys/apigee-key",
            "import_only": false,
            "key_ring": "projects/apigee-x-project-331014/locations/us-central1/keyRings/apigee-x-keyring",
            "labels": {},
            "name": "apigee-key",
            "purpose": "ENCRYPT_DECRYPT",
            "rotation_period": "",
            "skip_initial_version_creation": false,
            "timeouts": null,
            "version_template": [
              {
                "algorithm": "GOOGLE_SYMMETRIC_ENCRYPTION",
                "protection_level": "SOFTWARE"
              }
            ]
          },
          "sensitive_attributes": [],
          "private": "eyJlMmJmYjczMC1lY2FhLTExZTYtOGY4OC0zNDM2M2JjN2M0YzAiOnsiY3JlYXRlIjoyNDAwMDAwMDAwMDAsImRlbGV0ZSI6MjQwMDAwMDAwMDAwLCJ1cGRhdGUiOjI0MDAwMDAwMDAwMH0sInNjaGVtYV92ZXJzaW9uIjoiMSJ9",
          "dependencies": [
            "google_kms_key_ring.apigee_keyring"
          ]
        }
      ]
    },
    {
      "mode": "managed",
      "type": "google_kms_crypto_key_iam_binding",
      "name": "apigee_sa_keyuser",
      "provider": "provider[\"registry.terraform.io/hashicorp/google\"]",
      "instances": [
        {
          "schema_version": 0,
          "attributes": {
            "condition": [],
            "crypto_key_id": "projects/apigee-x-project-331014/locations/us-central1/keyRings/apigee-x-keyring/cryptoKeys/apigee-key",
            "etag": "BwXP5ysbjqU=",
            "id": "projects/apigee-x-project-331014/locations/us-central1/keyRings/apigee-x-keyring/cryptoKeys/apigee-key/roles/cloudkms.cryptoKeyEncrypterDecrypter",
            "members": [
              "serviceAccount:service-687881713661@gcp-sa-apigee.iam.gserviceaccount.com"
            ],
            "role": "roles/cloudkms.cryptoKeyEncrypterDecrypter"
          },
          "sensitive_attributes": [],
          "private": "bnVsbA==",
          "dependencies": [
            "google_project_service_identity.apigee_sa",
            "google_kms_crypto_key.apigee_key",
            "google_kms_key_ring.apigee_keyring",
            "google_project_service.apigee"
          ]
        }
      ]
    },
    {
      "mode": "managed",
      "type": "google_kms_key_ring",
      "name": "apigee_keyring",
      "provider": "provider[\"registry.terraform.io/hashicorp/google\"]",
      "instances": [
        {
          "schema_version": 0,
          "attributes": {
            "id": "projects/apigee-x-project-331014/locations/us-central1/keyRings/apigee-x-keyring",
            "location": "us-central1",
            "name": "apigee-x-keyring",
            "project": "apigee-x-project-331014",
            "timeouts": null
          },
          "sensitive_attributes": [],
          "private": "eyJlMmJmYjczMC1lY2FhLTExZTYtOGY4OC0zNDM2M2JjN2M0YzAiOnsiY3JlYXRlIjoyNDAwMDAwMDAwMDAsImRlbGV0ZSI6MjQwMDAwMDAwMDAwfX0="
        }
      ]
    },
    {
      "mode": "managed",
      "type": "google_project",
      "name": "backend_project_a",
      "provider": "provider[\"registry.terraform.io/hashicorp/google\"]",
      "instances": [
        {
          "schema_version": 1,
          "attributes": {
            "auto_create_network": false,
            "billing_account": "01BDFD-0F232B-F46245",
            "folder_id": "",
            "id": "projects/backend-project-a-331014",
            "labels": {},
            "name": "backend-project-a",
            "number": "605621666367",
            "org_id": "174736863632",
            "project_id": "backend-project-a-331014",
            "skip_delete": null,
            "timeouts": null
          },
          "sensitive_attributes": [],
          "private": "eyJlMmJmYjczMC1lY2FhLTExZTYtOGY4OC0zNDM2M2JjN2M0YzAiOnsiY3JlYXRlIjo2MDAwMDAwMDAwMDAsImRlbGV0ZSI6NjAwMDAwMDAwMDAwLCJyZWFkIjo2MDAwMDAwMDAwMDAsInVwZGF0ZSI6NjAwMDAwMDAwMDAwfSwic2NoZW1hX3ZlcnNpb24iOiIxIn0="
        }
      ]
    },
    {
      "mode": "managed",
      "type": "google_project_service",
      "name": "apigee",
      "provider": "provider[\"registry.terraform.io/hashicorp/google\"]",
      "instances": [
        {
          "schema_version": 0,
          "attributes": {
            "disable_dependent_services": true,
            "disable_on_destroy": true,
            "id": "apigee-x-project-331014/apigee.googleapis.com",
            "project": "apigee-x-project-331014",
            "service": "apigee.googleapis.com",
            "timeouts": {
              "create": "30m",
              "delete": null,
              "read": null,
              "update": "40m"
            }
          },
          "sensitive_attributes": [],
          "private": "eyJlMmJmYjczMC1lY2FhLTExZTYtOGY4OC0zNDM2M2JjN2M0YzAiOnsiY3JlYXRlIjoxODAwMDAwMDAwMDAwLCJkZWxldGUiOjEyMDAwMDAwMDAwMDAsInJlYWQiOjYwMDAwMDAwMDAwMCwidXBkYXRlIjoyNDAwMDAwMDAwMDAwfX0="
        }
      ]
    },
    {
      "mode": "managed",
      "type": "google_project_service",
      "name": "backend_a_compute",
      "provider": "provider[\"registry.terraform.io/hashicorp/google\"]",
      "instances": [
        {
          "schema_version": 0,
          "attributes": {
            "disable_dependent_services": null,
            "disable_on_destroy": true,
            "id": "backend-project-a-331014/compute.googleapis.com",
            "project": "backend-project-a-331014",
            "service": "compute.googleapis.com",
            "timeouts": null
          },
          "sensitive_attributes": [],
          "private": "eyJlMmJmYjczMC1lY2FhLTExZTYtOGY4OC0zNDM2M2JjN2M0YzAiOnsiY3JlYXRlIjoxMjAwMDAwMDAwMDAwLCJkZWxldGUiOjEyMDAwMDAwMDAwMDAsInJlYWQiOjYwMDAwMDAwMDAwMCwidXBkYXRlIjoxMjAwMDAwMDAwMDAwfX0=",
          "dependencies": [
            "google_project.backend_project_a"
          ]
        }
      ]
    },
    {
      "mode": "managed",
      "type": "google_project_service",
      "name": "compute",
      "provider": "provider[\"registry.terraform.io/hashicorp/google\"]",
      "instances": [
        {
          "schema_version": 0,
          "attributes": {
            "disable_dependent_services": null,
            "disable_on_destroy": true,
            "id": "apigee-x-project-331014/compute.googleapis.com",
            "project": "apigee-x-project-331014",
            "service": "compute.googleapis.com",
            "timeouts": null
          },
          "sensitive_attributes": [],
          "private": "eyJlMmJmYjczMC1lY2FhLTExZTYtOGY4OC0zNDM2M2JjN2M0YzAiOnsiY3JlYXRlIjoxMjAwMDAwMDAwMDAwLCJkZWxldGUiOjEyMDAwMDAwMDAwMDAsInJlYWQiOjYwMDAwMDAwMDAwMCwidXBkYXRlIjoxMjAwMDAwMDAwMDAwfX0="
        }
      ]
    },
    {
      "mode": "managed",
      "type": "google_project_service",
      "name": "dns",
      "provider": "provider[\"registry.terraform.io/hashicorp/google\"]",
      "instances": [
        {
          "schema_version": 0,
          "attributes": {
            "disable_dependent_services": null,
            "disable_on_destroy": true,
            "id": "apigee-x-project-331014/dns.googleapis.com",
            "project": "apigee-x-project-331014",
            "service": "dns.googleapis.com",
            "timeouts": null
          },
          "sensitive_attributes": [],
          "private": "eyJlMmJmYjczMC1lY2FhLTExZTYtOGY4OC0zNDM2M2JjN2M0YzAiOnsiY3JlYXRlIjoxMjAwMDAwMDAwMDAwLCJkZWxldGUiOjEyMDAwMDAwMDAwMDAsInJlYWQiOjYwMDAwMDAwMDAwMCwidXBkYXRlIjoxMjAwMDAwMDAwMDAwfX0="
        }
      ]
    },
    {
      "mode": "managed",
      "type": "google_project_service",
      "name": "dns_peering_a",
      "provider": "provider[\"registry.terraform.io/hashicorp/google\"]",
      "instances": [
        {
          "schema_version": 0,
          "attributes": {
            "disable_dependent_services": null,
            "disable_on_destroy": true,
            "id": "backend-project-a-331014/dns.googleapis.com",
            "project": "backend-project-a-331014",
            "service": "dns.googleapis.com",
            "timeouts": null
          },
          "sensitive_attributes": [],
          "private": "eyJlMmJmYjczMC1lY2FhLTExZTYtOGY4OC0zNDM2M2JjN2M0YzAiOnsiY3JlYXRlIjoxMjAwMDAwMDAwMDAwLCJkZWxldGUiOjEyMDAwMDAwMDAwMDAsInJlYWQiOjYwMDAwMDAwMDAwMCwidXBkYXRlIjoxMjAwMDAwMDAwMDAwfX0="
        }
      ]
    },
    {
      "mode": "managed",
      "type": "google_project_service",
      "name": "kms",
      "provider": "provider[\"registry.terraform.io/hashicorp/google\"]",
      "instances": [
        {
          "schema_version": 0,
          "attributes": {
            "disable_dependent_services": null,
            "disable_on_destroy": true,
            "id": "apigee-x-project-331014/cloudkms.googleapis.com",
            "project": "apigee-x-project-331014",
            "service": "cloudkms.googleapis.com",
            "timeouts": null
          },
          "sensitive_attributes": [],
          "private": "eyJlMmJmYjczMC1lY2FhLTExZTYtOGY4OC0zNDM2M2JjN2M0YzAiOnsiY3JlYXRlIjoxMjAwMDAwMDAwMDAwLCJkZWxldGUiOjEyMDAwMDAwMDAwMDAsInJlYWQiOjYwMDAwMDAwMDAwMCwidXBkYXRlIjoxMjAwMDAwMDAwMDAwfX0="
        }
      ]
    },
    {
      "mode": "managed",
      "type": "google_project_service",
      "name": "servicenetworking",
      "provider": "provider[\"registry.terraform.io/hashicorp/google\"]",
      "instances": [
        {
          "schema_version": 0,
          "attributes": {
            "disable_dependent_services": null,
            "disable_on_destroy": true,
            "id": "apigee-x-project-331014/servicenetworking.googleapis.com",
            "project": "apigee-x-project-331014",
            "service": "servicenetworking.googleapis.com",
            "timeouts": null
          },
          "sensitive_attributes": [],
          "private": "eyJlMmJmYjczMC1lY2FhLTExZTYtOGY4OC0zNDM2M2JjN2M0YzAiOnsiY3JlYXRlIjoxMjAwMDAwMDAwMDAwLCJkZWxldGUiOjEyMDAwMDAwMDAwMDAsInJlYWQiOjYwMDAwMDAwMDAwMCwidXBkYXRlIjoxMjAwMDAwMDAwMDAwfX0="
        }
      ]
    },
    {
      "mode": "managed",
      "type": "google_project_service_identity",
      "name": "apigee_sa",
      "provider": "provider[\"registry.terraform.io/hashicorp/google-beta\"]",
      "instances": [
        {
          "schema_version": 0,
          "attributes": {
            "email": "service-687881713661@gcp-sa-apigee.iam.gserviceaccount.com",
            "id": "projects/apigee-x-project-331014/services/apigee.googleapis.com",
            "project": "apigee-x-project-331014",
            "service": "apigee.googleapis.com",
            "timeouts": null
          },
          "sensitive_attributes": [],
          "private": "eyJlMmJmYjczMC1lY2FhLTExZTYtOGY4OC0zNDM2M2JjN2M0YzAiOnsiY3JlYXRlIjoxMjAwMDAwMDAwMDAwLCJkZWxldGUiOjEyMDAwMDAwMDAwMDAsInJlYWQiOjYwMDAwMDAwMDAwMH19",
          "dependencies": [
            "google_project_service.apigee"
          ]
        }
      ]
    },
    {
      "mode": "managed",
      "type": "google_service_networking_connection",
      "name": "apigee_vpc_connection",
      "provider": "provider[\"registry.terraform.io/hashicorp/google\"]",
      "instances": [
        {
          "schema_version": 0,
          "attributes": {
            "id": "projects%2Fapigee-x-project-331014%2Fglobal%2Fnetworks%2Fapigee-x-vpc:servicenetworking.googleapis.com",
            "network": "projects/apigee-x-project-331014/global/networks/apigee-x-vpc",
            "peering": "servicenetworking-googleapis-com",
            "reserved_peering_ranges": [
              "apigee-x-range"
            ],
            "service": "servicenetworking.googleapis.com",
            "timeouts": null
          },
          "sensitive_attributes": [],
          "private": "eyJlMmJmYjczMC1lY2FhLTExZTYtOGY4OC0zNDM2M2JjN2M0YzAiOnsiY3JlYXRlIjo2MDAwMDAwMDAwMDAsImRlbGV0ZSI6NjAwMDAwMDAwMDAwLCJ1cGRhdGUiOjYwMDAwMDAwMDAwMH19",
          "dependencies": [
            "google_project_service.servicenetworking",
            "google_compute_global_address.apigee_range",
            "google_compute_network.apigee_network",
            "google_project_service.compute"
          ]
        }
      ]
    },
    {
      "mode": "managed",
      "type": "random_id",
      "name": "random_suffix",
      "provider": "provider[\"registry.terraform.io/hashicorp/random\"]",
      "instances": [
        {
          "schema_version": 0,
          "attributes": {
            "b64_std": "210vNA0U",
            "b64_url": "210vNA0U",
            "byte_length": 6,
            "dec": "241193270381844",
            "hex": "db5d2f340d14",
            "id": "210vNA0U",
            "keepers": null,
            "prefix": null
          },
          "sensitive_attributes": [],
          "private": "bnVsbA=="
        }
      ]
    },
    {
      "mode": "managed",
      "type": "random_id",
      "name": "secret",
      "provider": "provider[\"registry.terraform.io/hashicorp/random\"]",
      "instances": [
        {
          "schema_version": 0,
          "attributes": {
            "b64_std": "ITLCXT1svzk=",
            "b64_url": "ITLCXT1svzk",
            "byte_length": 8,
            "dec": "2392188057805438777",
            "hex": "2132c25d3d6cbf39",
            "id": "ITLCXT1svzk",
            "keepers": null,
            "prefix": null
          },
          "sensitive_attributes": [],
          "private": "bnVsbA=="
        }
      ]
    }
  ]
}
