{
  "version": 4,
  "terraform_version": "1.0.8",
  "serial": 103,
  "lineage": "0c5f8415-2a40-c6e1-7254-cb494624ace1",
  "outputs": {},
  "resources": [
    {
      "mode": "data",
      "type": "google_client_config",
      "name": "current",
      "provider": "provider[\"registry.terraform.io/hashicorp/google\"]",
      "instances": [
        {
          "schema_version": 0,
          "attributes": {
            "access_token": "ya29.a0ARrdaM__La29nsjuI4273bGcEa2l2IEm3b5-SFXETjIlOwi4CtIKM5U6a2S-qTbUpRkfVPHh2SyqxkQz90eB3j4tQKNtmjQC1MZ12RSIJK9TiTIGZpvedVe32hJ7q9vCWykcgljgeYFSeUA9OfGkLYwMZmJsdw",
            "id": "projects//regions//zones/",
            "project": "",
            "region": "",
            "zone": ""
          },
          "sensitive_attributes": []
        }
      ]
    },
    {
      "mode": "managed",
      "type": "google_apigee_organization",
      "name": "org",
      "provider": "provider[\"registry.terraform.io/hashicorp/google\"]",
      "instances": [
        {
          "schema_version": 0,
          "attributes": {
            "analytics_region": "us-central1",
            "authorized_network": "projects/apigee-x-project-331014/global/networks/apigee-x-vpc",
            "ca_certificate": "LS0tLS1CRUdJTiBDRVJUSUZJQ0FURS0tLS0tCk1JSURRRENDQWlpZ0F3SUJBZ0lSQUw0cEV0eXdrdHIwRHZSN3MwTVFhbTh3RFFZSktvWklodmNOQVFFTEJRQXcKTHpFdE1Dc0dBMVVFQXhNa1pXVXdabVV5TlRNdE5qUTJaUzAwWW1ZNUxUZzBOVEl0TmpGbVptTmpZMk5tT0dObQpNQjRYRFRJeE1URXdNekl3TURJMU5Gb1hEVEkyTVRFd01qSXdNREkxTkZvd0x6RXRNQ3NHQTFVRUF4TWtaV1V3ClptVXlOVE10TmpRMlpTMDBZbVk1TFRnME5USXROakZtWm1OalkyTm1PR05tTUlJQklqQU5CZ2txaGtpRzl3MEIKQVFFRkFBT0NBUThBTUlJQkNnS0NBUUVBbnlMbTJvbG1ZcVZwYm5ndEIvVkUvdHgxekIweTJTVTJ1MS94YnhINgo5ZUxoaWlDT2hkL29EcDhGQTFEN0QvM2dPMWRZWklBbkc5dXdhVWVTMEJXa1lJV05qT25ZT0JnMU5RQU1rU1ByCmZUTkJIdFB4NHNUckZCaG5vcDd4b0F2bTV6SVNHS1JSaUNjbW9BR2hUTFBvODgzbC9hY2tST0JWUWFtbVcrSnAKcUk1SjlsTHVqbjd1azJlMFZ5TU50L2dxc2RYVDdWQzAwRTY3Mk03UEFvUXlnMW4vcDhyRGRDQXVuKzNob3htYQpUUTYycmZ5ZU83NWc1eFdnWi9veG5Hc0MzZnVMdndGMGZiUys4am82RzFuR3c4aHh2SmV0Z3QwZEFqc2N3N3hKCmdMRHlBN1JLa25ncGlSOVptZDFPMEtJVnRqZGZOaGZEdVF5aEZtWGZUa2tBVVFJREFRQUJvMWN3VlRBT0JnTlYKSFE4QkFmOEVCQU1DQXFRd0V3WURWUjBsQkF3d0NnWUlLd1lCQlFVSEF3RXdEd1lEVlIwVEFRSC9CQVV3QXdFQgovekFkQmdOVkhRNEVGZ1FVaWZrTlVXNW5YZkc3SXpRY1c0bUhsMTF1RkVZd0RRWUpLb1pJaHZjTkFRRUxCUUFECmdnRUJBQnNlTVQrWG5wNE1DMFRPS2s0ekhmR29mMUlhSGZ4QjhLZGw4T0RPMkl1a1FjcEppcmh3LzF6N2RHWXkKSHlsU3F5dTJjVXlxcHZ3OVREbEc2ak9qM3ZKSXJuQXRCVTF3Tlpxb1lMNUxPc3N4MVdlNFR5RjdXZkVWN083TgpEeGdteTNObUxvK1FiTkx6L3NrSlZjZjg0MzArLzJXV0NzcWR3c3REUGFUY01IbnFwb0c1bCtuMm1EM1NDaHBRCnJHTUx2UmxkS1B1ZU1kWEloT09OdVhqSEZndXhIVlJ6MDNDTkFVU2J1bGVtNHlRTWVXQ2NsZ2VrRTZhakdkK3cKNTZzWC9PUGZwaTNhVnNIZmtubWZ6T3RmUm5idVFzSHk5Y09XblczQmZnTVE5aUkwNWNZNEE0WXZTSGtJQkg4dApwWHFEZE5FUkV2eXRXU3FZRFVIblQrQk9GNEE9Ci0tLS0tRU5EIENFUlRJRklDQVRFLS0tLS0K",
            "description": "Terraform-provisioned Apigee X Org.",
            "display_name": "apigee-x-project",
            "id": "organizations/apigee-x-project-331014",
            "name": "apigee-x-project-331014",
            "project_id": "apigee-x-project-331014",
            "runtime_database_encryption_key_name": "projects/apigee-x-project-331014/locations/us-central1/keyRings/apigee-x-keyring/cryptoKeys/apigee-key",
            "runtime_type": "CLOUD",
            "subscription_type": "TRIAL",
            "timeouts": null
          },
          "sensitive_attributes": [],
          "private": "eyJlMmJmYjczMC1lY2FhLTExZTYtOGY4OC0zNDM2M2JjN2M0YzAiOnsiY3JlYXRlIjo2MDAwMDAwMDAwMDAsImRlbGV0ZSI6NjAwMDAwMDAwMDAwLCJ1cGRhdGUiOjI0MDAwMDAwMDAwMH19",
          "dependencies": [
            "google_compute_global_address.apigee_range",
            "google_kms_crypto_key.apigee_key",
            "google_project_service.servicenetworking",
            "google_service_networking_connection.apigee_vpc_connection",
            "google_compute_network.apigee_network",
            "google_kms_crypto_key_iam_binding.apigee_sa_keyuser",
            "google_kms_key_ring.apigee_keyring",
            "google_project_service.apigee",
            "google_project_service.compute",
            "google_project_service_identity.apigee_sa"
          ]
        }
      ]
    },
    {
      "mode": "managed",
      "type": "google_compute_global_address",
      "name": "apigee_range",
      "provider": "provider[\"registry.terraform.io/hashicorp/google\"]",
      "instances": [
        {
          "schema_version": 0,
          "attributes": {
            "address": "10.131.0.0",
            "address_type": "INTERNAL",
            "creation_timestamp": "2021-11-03T12:14:24.414-07:00",
            "description": "",
            "id": "projects/apigee-x-project-331014/global/addresses/apigee-x-range",
            "ip_version": "",
            "name": "apigee-x-range",
            "network": "https://www.googleapis.com/compute/v1/projects/apigee-x-project-331014/global/networks/apigee-x-vpc",
            "prefix_length": 16,
            "project": "apigee-x-project-331014",
            "purpose": "VPC_PEERING",
            "self_link": "https://www.googleapis.com/compute/v1/projects/apigee-x-project-331014/global/addresses/apigee-x-range",
            "timeouts": null
          },
          "sensitive_attributes": [],
          "private": "eyJlMmJmYjczMC1lY2FhLTExZTYtOGY4OC0zNDM2M2JjN2M0YzAiOnsiY3JlYXRlIjoyNDAwMDAwMDAwMDAsImRlbGV0ZSI6MjQwMDAwMDAwMDAwfX0=",
          "dependencies": [
            "google_compute_network.apigee_network",
            "google_project_service.compute"
          ]
        }
      ]
    },
    {
      "mode": "managed",
      "type": "google_compute_global_address",
      "name": "external_ip",
      "provider": "provider[\"registry.terraform.io/hashicorp/google\"]",
      "instances": [
        {
          "schema_version": 0,
          "attributes": {
            "address": "34.149.105.2",
            "address_type": "EXTERNAL",
            "creation_timestamp": "2021-11-05T11:07:48.222-07:00",
            "description": "",
            "id": "projects/apigee-x-project-331014/global/addresses/global-external-ip",
            "ip_version": "",
            "name": "global-external-ip",
            "network": "",
            "prefix_length": 0,
            "project": "apigee-x-project-331014",
            "purpose": "",
            "self_link": "https://www.googleapis.com/compute/v1/projects/apigee-x-project-331014/global/addresses/global-external-ip",
            "timeouts": null
          },
          "sensitive_attributes": [],
          "private": "eyJlMmJmYjczMC1lY2FhLTExZTYtOGY4OC0zNDM2M2JjN2M0YzAiOnsiY3JlYXRlIjoyNDAwMDAwMDAwMDAsImRlbGV0ZSI6MjQwMDAwMDAwMDAwfX0="
        }
      ]
    },
    {
      "mode": "managed",
      "type": "google_compute_network",
      "name": "apigee_network",
      "provider": "provider[\"registry.terraform.io/hashicorp/google\"]",
      "instances": [
        {
          "schema_version": 0,
          "attributes": {
            "auto_create_subnetworks": false,
            "delete_default_routes_on_create": false,
            "description": "Apigee X VPC for Apigee Org",
            "gateway_ipv4": "",
            "id": "projects/apigee-x-project-331014/global/networks/apigee-x-vpc",
            "mtu": 0,
            "name": "apigee-x-vpc",
            "project": "apigee-x-project-331014",
            "routing_mode": "REGIONAL",
            "self_link": "https://www.googleapis.com/compute/v1/projects/apigee-x-project-331014/global/networks/apigee-x-vpc",
            "timeouts": null
          },
          "sensitive_attributes": [],
          "private": "eyJlMmJmYjczMC1lY2FhLTExZTYtOGY4OC0zNDM2M2JjN2M0YzAiOnsiY3JlYXRlIjoyNDAwMDAwMDAwMDAsImRlbGV0ZSI6MjQwMDAwMDAwMDAwLCJ1cGRhdGUiOjI0MDAwMDAwMDAwMH19",
          "dependencies": [
            "google_project_service.compute"
          ]
        }
      ]
    },
    {
      "mode": "managed",
      "type": "google_compute_subnetwork",
      "name": "apigee_subnetwork",
      "provider": "provider[\"registry.terraform.io/hashicorp/google\"]",
      "instances": [
        {
          "schema_version": 0,
          "attributes": {
            "creation_timestamp": "2021-11-05T11:07:50.067-07:00",
            "description": "",
            "external_ipv6_prefix": "",
            "fingerprint": null,
            "gateway_address": "10.2.0.1",
            "id": "projects/apigee-x-project-331014/regions/us-central1/subnetworks/apigee-x-subnetwork",
            "ip_cidr_range": "10.2.0.0/20",
            "ipv6_access_type": "",
            "ipv6_cidr_range": "",
            "log_config": [],
            "name": "apigee-x-subnetwork",
            "network": "https://www.googleapis.com/compute/v1/projects/apigee-x-project-331014/global/networks/apigee-x-vpc",
            "private_ip_google_access": true,
            "private_ipv6_google_access": "DISABLE_GOOGLE_ACCESS",
            "project": "apigee-x-project-331014",
            "purpose": "PRIVATE",
            "region": "us-central1",
            "role": "",
            "secondary_ip_range": [],
            "self_link": "https://www.googleapis.com/compute/v1/projects/apigee-x-project-331014/regions/us-central1/subnetworks/apigee-x-subnetwork",
            "stack_type": "IPV4_ONLY",
            "timeouts": null
          },
          "sensitive_attributes": [],
          "private": "eyJlMmJmYjczMC1lY2FhLTExZTYtOGY4OC0zNDM2M2JjN2M0YzAiOnsiY3JlYXRlIjozNjAwMDAwMDAwMDAsImRlbGV0ZSI6MzYwMDAwMDAwMDAwLCJ1cGRhdGUiOjM2MDAwMDAwMDAwMH19",
          "dependencies": [
            "google_compute_network.apigee_network",
            "google_project_service.compute"
          ]
        }
      ]
    },
    {
      "mode": "managed",
      "type": "google_compute_subnetwork",
      "name": "subnet-01",
      "provider": "provider[\"registry.terraform.io/hashicorp/google\"]",
      "instances": [
        {
          "schema_version": 0,
          "attributes": {
            "creation_timestamp": "2021-11-09T13:14:52.253-08:00",
            "description": "",
            "external_ipv6_prefix": "",
            "fingerprint": null,
            "gateway_address": "10.0.1.1",
            "id": "projects/apigee-x-project-331014/regions/us-east1/subnetworks/subnet-01",
            "ip_cidr_range": "10.0.1.0/24",
            "ipv6_access_type": "",
            "ipv6_cidr_range": "",
            "log_config": [],
            "name": "subnet-01",
            "network": "https://www.googleapis.com/compute/v1/projects/apigee-x-project-331014/global/networks/apigee-x-vpc",
            "private_ip_google_access": false,
            "private_ipv6_google_access": "DISABLE_GOOGLE_ACCESS",
            "project": "apigee-x-project-331014",
            "purpose": "PRIVATE",
            "region": "us-east1",
            "role": "",
            "secondary_ip_range": [],
            "self_link": "https://www.googleapis.com/compute/v1/projects/apigee-x-project-331014/regions/us-east1/subnetworks/subnet-01",
            "stack_type": "IPV4_ONLY",
            "timeouts": null
          },
          "sensitive_attributes": [],
          "private": "eyJlMmJmYjczMC1lY2FhLTExZTYtOGY4OC0zNDM2M2JjN2M0YzAiOnsiY3JlYXRlIjozNjAwMDAwMDAwMDAsImRlbGV0ZSI6MzYwMDAwMDAwMDAwLCJ1cGRhdGUiOjM2MDAwMDAwMDAwMH19"
        }
      ]
    },
    {
      "mode": "managed",
      "type": "google_compute_subnetwork",
      "name": "subnet-02",
      "provider": "provider[\"registry.terraform.io/hashicorp/google\"]",
      "instances": [
        {
          "schema_version": 0,
          "attributes": {
            "creation_timestamp": "2021-11-09T13:02:55.554-08:00",
            "description": "",
            "external_ipv6_prefix": "",
            "fingerprint": null,
            "gateway_address": "10.0.2.1",
            "id": "projects/apigee-x-project-331014/regions/us-west4/subnetworks/subnet-02",
            "ip_cidr_range": "10.0.2.0/24",
            "ipv6_access_type": "",
            "ipv6_cidr_range": "",
            "log_config": [],
            "name": "subnet-02",
            "network": "https://www.googleapis.com/compute/v1/projects/apigee-x-project-331014/global/networks/apigee-x-vpc",
            "private_ip_google_access": false,
            "private_ipv6_google_access": "DISABLE_GOOGLE_ACCESS",
            "project": "apigee-x-project-331014",
            "purpose": "PRIVATE",
            "region": "us-west4",
            "role": "",
            "secondary_ip_range": [],
            "self_link": "https://www.googleapis.com/compute/v1/projects/apigee-x-project-331014/regions/us-west4/subnetworks/subnet-02",
            "stack_type": "IPV4_ONLY",
            "timeouts": null
          },
          "sensitive_attributes": [],
          "private": "eyJlMmJmYjczMC1lY2FhLTExZTYtOGY4OC0zNDM2M2JjN2M0YzAiOnsiY3JlYXRlIjozNjAwMDAwMDAwMDAsImRlbGV0ZSI6MzYwMDAwMDAwMDAwLCJ1cGRhdGUiOjM2MDAwMDAwMDAwMH19"
        }
      ]
    },
    {
      "mode": "managed",
      "type": "google_kms_crypto_key",
      "name": "apigee_key",
      "provider": "provider[\"registry.terraform.io/hashicorp/google\"]",
      "instances": [
        {
          "schema_version": 1,
          "attributes": {
            "destroy_scheduled_duration": "86400s",
            "id": "projects/apigee-x-project-331014/locations/us-central1/keyRings/apigee-x-keyring/cryptoKeys/apigee-key",
            "import_only": false,
            "key_ring": "projects/apigee-x-project-331014/locations/us-central1/keyRings/apigee-x-keyring",
            "labels": {},
            "name": "apigee-key",
            "purpose": "ENCRYPT_DECRYPT",
            "rotation_period": "",
            "skip_initial_version_creation": false,
            "timeouts": null,
            "version_template": [
              {
                "algorithm": "GOOGLE_SYMMETRIC_ENCRYPTION",
                "protection_level": "SOFTWARE"
              }
            ]
          },
          "sensitive_attributes": [],
          "private": "eyJlMmJmYjczMC1lY2FhLTExZTYtOGY4OC0zNDM2M2JjN2M0YzAiOnsiY3JlYXRlIjoyNDAwMDAwMDAwMDAsImRlbGV0ZSI6MjQwMDAwMDAwMDAwLCJ1cGRhdGUiOjI0MDAwMDAwMDAwMH0sInNjaGVtYV92ZXJzaW9uIjoiMSJ9",
          "dependencies": [
            "google_kms_key_ring.apigee_keyring"
          ]
        }
      ]
    },
    {
      "mode": "managed",
      "type": "google_kms_crypto_key_iam_binding",
      "name": "apigee_sa_keyuser",
      "provider": "provider[\"registry.terraform.io/hashicorp/google\"]",
      "instances": [
        {
          "schema_version": 0,
          "attributes": {
            "condition": [],
            "crypto_key_id": "projects/apigee-x-project-331014/locations/us-central1/keyRings/apigee-x-keyring/cryptoKeys/apigee-key",
            "etag": "BwXP5ysbjqU=",
            "id": "projects/apigee-x-project-331014/locations/us-central1/keyRings/apigee-x-keyring/cryptoKeys/apigee-key/roles/cloudkms.cryptoKeyEncrypterDecrypter",
            "members": [
              "serviceAccount:service-687881713661@gcp-sa-apigee.iam.gserviceaccount.com"
            ],
            "role": "roles/cloudkms.cryptoKeyEncrypterDecrypter"
          },
          "sensitive_attributes": [],
          "private": "bnVsbA==",
          "dependencies": [
            "google_kms_crypto_key.apigee_key",
            "google_kms_key_ring.apigee_keyring",
            "google_project_service.apigee",
            "google_project_service_identity.apigee_sa"
          ]
        }
      ]
    },
    {
      "mode": "managed",
      "type": "google_kms_key_ring",
      "name": "apigee_keyring",
      "provider": "provider[\"registry.terraform.io/hashicorp/google\"]",
      "instances": [
        {
          "schema_version": 0,
          "attributes": {
            "id": "projects/apigee-x-project-331014/locations/us-central1/keyRings/apigee-x-keyring",
            "location": "us-central1",
            "name": "apigee-x-keyring",
            "project": "apigee-x-project-331014",
            "timeouts": null
          },
          "sensitive_attributes": [],
          "private": "eyJlMmJmYjczMC1lY2FhLTExZTYtOGY4OC0zNDM2M2JjN2M0YzAiOnsiY3JlYXRlIjoyNDAwMDAwMDAwMDAsImRlbGV0ZSI6MjQwMDAwMDAwMDAwfX0="
        }
      ]
    },
    {
      "mode": "managed",
      "type": "google_project_service",
      "name": "apigee",
      "provider": "provider[\"registry.terraform.io/hashicorp/google\"]",
      "instances": [
        {
          "schema_version": 0,
          "attributes": {
            "disable_dependent_services": true,
            "disable_on_destroy": true,
            "id": "apigee-x-project-331014/apigee.googleapis.com",
            "project": "apigee-x-project-331014",
            "service": "apigee.googleapis.com",
            "timeouts": {
              "create": "30m",
              "delete": null,
              "read": null,
              "update": "40m"
            }
          },
          "sensitive_attributes": [],
          "private": "eyJlMmJmYjczMC1lY2FhLTExZTYtOGY4OC0zNDM2M2JjN2M0YzAiOnsiY3JlYXRlIjoxODAwMDAwMDAwMDAwLCJkZWxldGUiOjEyMDAwMDAwMDAwMDAsInJlYWQiOjYwMDAwMDAwMDAwMCwidXBkYXRlIjoyNDAwMDAwMDAwMDAwfX0="
        }
      ]
    },
    {
      "mode": "managed",
      "type": "google_project_service",
      "name": "compute",
      "provider": "provider[\"registry.terraform.io/hashicorp/google\"]",
      "instances": [
        {
          "schema_version": 0,
          "attributes": {
            "disable_dependent_services": null,
            "disable_on_destroy": true,
            "id": "apigee-x-project-331014/compute.googleapis.com",
            "project": "apigee-x-project-331014",
            "service": "compute.googleapis.com",
            "timeouts": null
          },
          "sensitive_attributes": [],
          "private": "eyJlMmJmYjczMC1lY2FhLTExZTYtOGY4OC0zNDM2M2JjN2M0YzAiOnsiY3JlYXRlIjoxMjAwMDAwMDAwMDAwLCJkZWxldGUiOjEyMDAwMDAwMDAwMDAsInJlYWQiOjYwMDAwMDAwMDAwMCwidXBkYXRlIjoxMjAwMDAwMDAwMDAwfX0="
        }
      ]
    },
    {
      "mode": "managed",
      "type": "google_project_service",
      "name": "kms",
      "provider": "provider[\"registry.terraform.io/hashicorp/google\"]",
      "instances": [
        {
          "schema_version": 0,
          "attributes": {
            "disable_dependent_services": null,
            "disable_on_destroy": true,
            "id": "apigee-x-project-331014/cloudkms.googleapis.com",
            "project": "apigee-x-project-331014",
            "service": "cloudkms.googleapis.com",
            "timeouts": null
          },
          "sensitive_attributes": [],
          "private": "eyJlMmJmYjczMC1lY2FhLTExZTYtOGY4OC0zNDM2M2JjN2M0YzAiOnsiY3JlYXRlIjoxMjAwMDAwMDAwMDAwLCJkZWxldGUiOjEyMDAwMDAwMDAwMDAsInJlYWQiOjYwMDAwMDAwMDAwMCwidXBkYXRlIjoxMjAwMDAwMDAwMDAwfX0="
        }
      ]
    },
    {
      "mode": "managed",
      "type": "google_project_service",
      "name": "servicenetworking",
      "provider": "provider[\"registry.terraform.io/hashicorp/google\"]",
      "instances": [
        {
          "schema_version": 0,
          "attributes": {
            "disable_dependent_services": null,
            "disable_on_destroy": true,
            "id": "apigee-x-project-331014/servicenetworking.googleapis.com",
            "project": "apigee-x-project-331014",
            "service": "servicenetworking.googleapis.com",
            "timeouts": null
          },
          "sensitive_attributes": [],
          "private": "eyJlMmJmYjczMC1lY2FhLTExZTYtOGY4OC0zNDM2M2JjN2M0YzAiOnsiY3JlYXRlIjoxMjAwMDAwMDAwMDAwLCJkZWxldGUiOjEyMDAwMDAwMDAwMDAsInJlYWQiOjYwMDAwMDAwMDAwMCwidXBkYXRlIjoxMjAwMDAwMDAwMDAwfX0="
        }
      ]
    },
    {
      "mode": "managed",
      "type": "google_project_service_identity",
      "name": "apigee_sa",
      "provider": "provider[\"registry.terraform.io/hashicorp/google-beta\"]",
      "instances": [
        {
          "schema_version": 0,
          "attributes": {
            "email": "service-687881713661@gcp-sa-apigee.iam.gserviceaccount.com",
            "id": "projects/apigee-x-project-331014/services/apigee.googleapis.com",
            "project": "apigee-x-project-331014",
            "service": "apigee.googleapis.com",
            "timeouts": null
          },
          "sensitive_attributes": [],
          "private": "eyJlMmJmYjczMC1lY2FhLTExZTYtOGY4OC0zNDM2M2JjN2M0YzAiOnsiY3JlYXRlIjoxMjAwMDAwMDAwMDAwLCJkZWxldGUiOjEyMDAwMDAwMDAwMDAsInJlYWQiOjYwMDAwMDAwMDAwMH19",
          "dependencies": [
            "google_project_service.apigee"
          ]
        }
      ]
    },
    {
      "mode": "managed",
      "type": "google_service_networking_connection",
      "name": "apigee_vpc_connection",
      "provider": "provider[\"registry.terraform.io/hashicorp/google\"]",
      "instances": [
        {
          "schema_version": 0,
          "attributes": {
            "id": "projects%2Fapigee-x-project-331014%2Fglobal%2Fnetworks%2Fapigee-x-vpc:servicenetworking.googleapis.com",
            "network": "projects/apigee-x-project-331014/global/networks/apigee-x-vpc",
            "peering": "servicenetworking-googleapis-com",
            "reserved_peering_ranges": [
              "apigee-x-range"
            ],
            "service": "servicenetworking.googleapis.com",
            "timeouts": null
          },
          "sensitive_attributes": [],
          "private": "eyJlMmJmYjczMC1lY2FhLTExZTYtOGY4OC0zNDM2M2JjN2M0YzAiOnsiY3JlYXRlIjo2MDAwMDAwMDAwMDAsImRlbGV0ZSI6NjAwMDAwMDAwMDAwLCJ1cGRhdGUiOjYwMDAwMDAwMDAwMH19",
          "dependencies": [
            "google_project_service.servicenetworking",
            "google_compute_global_address.apigee_range",
            "google_compute_network.apigee_network",
            "google_project_service.compute"
          ]
        }
      ]
    }
  ]
}
