{
  "version": 4,
  "terraform_version": "1.0.8",
  "serial": 14,
  "lineage": "0c5f8415-2a40-c6e1-7254-cb494624ace1",
  "outputs": {},
  "resources": [
    {
      "mode": "managed",
      "type": "google_apigee_organization",
      "name": "org",
      "provider": "provider[\"registry.terraform.io/hashicorp/google\"]",
      "instances": [
        {
          "schema_version": 0,
          "attributes": {
            "analytics_region": "us-central1",
            "authorized_network": "projects/instant-form-328123/global/networks/apigee-network",
            "ca_certificate": "LS0tLS1CRUdJTiBDRVJUSUZJQ0FURS0tLS0tCk1JSURRRENDQWlpZ0F3SUJBZ0lSQU9jNzBUbTBnczRoSWpUUXlraTRnaUl3RFFZSktvWklodmNOQVFFTEJRQXcKTHpFdE1Dc0dBMVVFQXhNa04ySTNOVFkyTVRVdE1EQXdOaTAwWlRVMExXRmtNREl0Wm1ReE9EZzRZVFpoWlRjegpNQjRYRFRJeE1URXdNakF6TVRJeE1Gb1hEVEkyTVRFd01UQXpNVEl4TUZvd0x6RXRNQ3NHQTFVRUF4TWtOMkkzCk5UWTJNVFV0TURBd05pMDBaVFUwTFdGa01ESXRabVF4T0RnNFlUWmhaVGN6TUlJQklqQU5CZ2txaGtpRzl3MEIKQVFFRkFBT0NBUThBTUlJQkNnS0NBUUVBb2ZacHlGRVN6ejN2S2VJcENWalJSNERjUThFM2tmbUQzdjUwUEgwaQpIN0hhOVVKR2NWMC9qUSt3NFhwMkRWcHkrMFJibUg1U2hvSHV3dGtMWUlxVC9id1VzQ3VNZjI1aHE3NGVTUHBFCkxMWjBtUVJlUDVib054QTJMU3dMb25QRFpVYzREMUp0NEFLYUhDandaMFBXTk1sdzdPNThydVRaVEVvY2FPQ2wKaENaZjhYTnZmRGUwLzlyeFBOK1BaN2NpRk9HZzF6dHdkenpYTElpWkQ0RnpzR3ZSQ2hsTDhBNmsxd1QydEgwYwpwb1FnN2xEWmVXZ2VoUnRwbjA3RVAvbEw4YTRQd3V0Q29Sa3JzNUx1U0JEVUJuV0VGbVJYcmQ4d3BMd1ZsVFdqCmRjMUNqaTI1WjdxRUF6V2hZcHRNcnIyNUNWWlhXNytVYVA5bWx6VExmUXRMTHdJREFRQUJvMWN3VlRBT0JnTlYKSFE4QkFmOEVCQU1DQXFRd0V3WURWUjBsQkF3d0NnWUlLd1lCQlFVSEF3RXdEd1lEVlIwVEFRSC9CQVV3QXdFQgovekFkQmdOVkhRNEVGZ1FVMk5WaG10VG84ZXo2NWFZU05QM3U0Uk9XVGpzd0RRWUpLb1pJaHZjTkFRRUxCUUFECmdnRUJBRmFMOWZNanFJc1FXZFl4akU5Qlpyd3NwNjNIbTVSc0lGcmRmTDcwRXIwWHRaQ2JGODFtL1dVdlFESk0KZE1oekVHTm1qM1BFWEN0aGplL00wMmhndnhsZ2hMcEFDNWxUNVlCanA2czNncFFCYVM1QWFuT29XTkpNcHNsMApRWm00bFNXMlF3K2Y2R0VGbGFtUGtuWkpscVowSUk3Q1RoUWN3TmROaHRHUk9wdWJpWlMxbGhsMFFhK0hwMXRoClJNNUh3dE13bDdzbTVwdzJDTlBPQWpyYm5hYmFtdmVzOUN6dEZDUTFqNzJqdnFzbVl6N1BUZ2VrblQwaG4xT2QKRVVRdDRvODVjblozZzB2RDl0YW93dU56VkRPSm02aDdjNEJ4ZVNTc0hKZ2d0OUlXRUV5eDJwa0o3NFZCcEczUAo2Y2xkZ3p6a0tqeWl4a1ZxYUYyTnVzRkpVTVE9Ci0tLS0tRU5EIENFUlRJRklDQVRFLS0tLS0K",
            "description": "Terraform-provisioned Apigee X Org.",
            "display_name": "apigee-x-org",
            "id": "organizations/apigee-x-hw",
            "name": "apigee-x-hw",
            "project_id": "apigee-x-hw",
            "runtime_database_encryption_key_name": "",
            "runtime_type": "CLOUD",
            "subscription_type": "TRIAL",
            "timeouts": null
          },
          "sensitive_attributes": [],
          "private": "eyJlMmJmYjczMC1lY2FhLTExZTYtOGY4OC0zNDM2M2JjN2M0YzAiOnsiY3JlYXRlIjo2MDAwMDAwMDAwMDAsImRlbGV0ZSI6NjAwMDAwMDAwMDAwLCJ1cGRhdGUiOjI0MDAwMDAwMDAwMH19"
        }
      ]
    },
    {
      "mode": "managed",
      "type": "google_project_service",
      "name": "apigee",
      "provider": "provider[\"registry.terraform.io/hashicorp/google\"]",
      "instances": [
        {
          "schema_version": 0,
          "attributes": {
            "disable_dependent_services": true,
            "disable_on_destroy": true,
            "id": "instant-form-328123/apigee.googleapis.com",
            "project": "instant-form-328123",
            "service": "apigee.googleapis.com",
            "timeouts": {
              "create": "30m",
              "delete": null,
              "read": null,
              "update": "40m"
            }
          },
          "sensitive_attributes": [],
          "private": "eyJlMmJmYjczMC1lY2FhLTExZTYtOGY4OC0zNDM2M2JjN2M0YzAiOnsiY3JlYXRlIjoxODAwMDAwMDAwMDAwLCJkZWxldGUiOjEyMDAwMDAwMDAwMDAsInJlYWQiOjYwMDAwMDAwMDAwMCwidXBkYXRlIjoyNDAwMDAwMDAwMDAwfX0="
        }
      ]
    },
    {
      "mode": "managed",
      "type": "google_project_service_identity",
      "name": "apigee_sa",
      "provider": "provider[\"registry.terraform.io/hashicorp/google-beta\"]",
      "instances": [
        {
          "schema_version": 0,
          "attributes": {
            "email": "service-266708478495@gcp-sa-apigee.iam.gserviceaccount.com",
            "id": "projects/instant-form-328123/services/apigee.googleapis.com",
            "project": "instant-form-328123",
            "service": "apigee.googleapis.com",
            "timeouts": null
          },
          "sensitive_attributes": [],
          "private": "eyJlMmJmYjczMC1lY2FhLTExZTYtOGY4OC0zNDM2M2JjN2M0YzAiOnsiY3JlYXRlIjoxMjAwMDAwMDAwMDAwLCJkZWxldGUiOjEyMDAwMDAwMDAwMDAsInJlYWQiOjYwMDAwMDAwMDAwMH19",
          "dependencies": [
            "google_project_service.apigee"
          ]
        }
      ]
    },
    {
      "mode": "managed",
      "type": "google_project_service_identity",
      "name": "apigee_x_sa",
      "provider": "provider[\"registry.terraform.io/hashicorp/google-beta\"]",
      "instances": [
        {
          "schema_version": 0,
          "attributes": {
            "email": "service-349733778772@gcp-sa-apigee.iam.gserviceaccount.com",
            "id": "projects/apigee-x-hw/services/apigee.googleapis.com",
            "project": "apigee-x-hw",
            "service": "apigee.googleapis.com",
            "timeouts": null
          },
          "sensitive_attributes": [],
          "private": "eyJlMmJmYjczMC1lY2FhLTExZTYtOGY4OC0zNDM2M2JjN2M0YzAiOnsiY3JlYXRlIjoxMjAwMDAwMDAwMDAwLCJkZWxldGUiOjEyMDAwMDAwMDAwMDAsInJlYWQiOjYwMDAwMDAwMDAwMH19",
          "dependencies": [
            "google_project_service.apigee"
          ]
        }
      ]
    }
  ]
}
