{
    "version": 3,
    "terraform_version": "0.11.13",
    "serial": 18,
    "lineage": "d2c0c341-7d40-e567-061c-eb5b5bd2fce8",
    "modules": [
        {
            "path": [
                "root"
            ],
            "outputs": {},
            "resources": {
                "google_compute_firewall.allow-internal": {
                    "type": "google_compute_firewall",
                    "depends_on": [
                        "module.vpc"
                    ],
                    "primary": {
                        "id": "example-net-1-allow-internal",
                        "attributes": {
                            "allow.#": "3",
                            "allow.1367131964.ports.#": "0",
                            "allow.1367131964.protocol": "icmp",
                            "allow.2250996047.ports.#": "1",
                            "allow.2250996047.ports.0": "0-65535",
                            "allow.2250996047.protocol": "tcp",
                            "allow.884285603.ports.#": "1",
                            "allow.884285603.ports.0": "0-65535",
                            "allow.884285603.protocol": "udp",
                            "creation_timestamp": "2019-05-24T15:42:09.286-07:00",
                            "deny.#": "0",
                            "description": "",
                            "destination_ranges.#": "0",
                            "direction": "INGRESS",
                            "disabled": "false",
                            "id": "example-net-1-allow-internal",
                            "name": "example-net-1-allow-internal",
                            "network": "https://www.googleapis.com/compute/v1/projects/history-server-demo/global/networks/example-net-1",
                            "priority": "1000",
                            "project": "history-server-demo",
                            "self_link": "https://www.googleapis.com/compute/v1/projects/history-server-demo/global/firewalls/example-net-1-allow-internal",
                            "source_ranges.#": "1",
                            "source_ranges.3423270202": "10.0.0.0/8",
                            "source_service_accounts.#": "0",
                            "source_tags.#": "0",
                            "target_service_accounts.#": "0",
                            "target_tags.#": "2",
                            "target_tags.2787938826": "hadoop-history-ui-access",
                            "target_tags.3406293493": "hadoop-admin-ui-access"
                        },
                        "meta": {
                            "e2bfb730-ecaa-11e6-8f88-34363bc7c4c0": {
                                "create": 240000000000,
                                "delete": 240000000000,
                                "update": 240000000000
                            },
                            "schema_version": "1"
                        },
                        "tainted": false
                    },
                    "deposed": [],
                    "provider": "provider.google"
                },
                "google_compute_firewall.allow-ssh": {
                    "type": "google_compute_firewall",
                    "depends_on": [
                        "module.vpc"
                    ],
                    "primary": {
                        "id": "example-net-1-allow-ssh",
                        "attributes": {
                            "allow.#": "1",
                            "allow.803338340.ports.#": "1",
                            "allow.803338340.ports.0": "22",
                            "allow.803338340.protocol": "tcp",
                            "creation_timestamp": "2019-05-24T15:42:09.522-07:00",
                            "deny.#": "0",
                            "description": "",
                            "destination_ranges.#": "0",
                            "direction": "INGRESS",
                            "disabled": "false",
                            "id": "example-net-1-allow-ssh",
                            "name": "example-net-1-allow-ssh",
                            "network": "https://www.googleapis.com/compute/v1/projects/history-server-demo/global/networks/example-net-1",
                            "priority": "80",
                            "project": "history-server-demo",
                            "self_link": "https://www.googleapis.com/compute/v1/projects/history-server-demo/global/firewalls/example-net-1-allow-ssh",
                            "source_ranges.#": "1",
                            "source_ranges.1080289494": "0.0.0.0/0",
                            "source_service_accounts.#": "0",
                            "source_tags.#": "0",
                            "target_service_accounts.#": "0",
                            "target_tags.#": "2",
                            "target_tags.2787938826": "hadoop-history-ui-access",
                            "target_tags.3406293493": "hadoop-admin-ui-access"
                        },
                        "meta": {
                            "e2bfb730-ecaa-11e6-8f88-34363bc7c4c0": {
                                "create": 240000000000,
                                "delete": 240000000000,
                                "update": 240000000000
                            },
                            "schema_version": "1"
                        },
                        "tainted": false
                    },
                    "deposed": [],
                    "provider": "provider.google"
                },
                "google_dataproc_cluster.history-server": {
                    "type": "google_dataproc_cluster",
                    "depends_on": [
                        "google_storage_bucket_object.spark-events-dir",
                        "module.vpc"
                    ],
                    "primary": {
                        "id": "history-server",
                        "attributes": {
                            "cluster_config.#": "1",
                            "cluster_config.0.bucket": "dataproc-29fc5689-63b4-4910-a6e4-c2eea5153ba7-us-central1",
                            "cluster_config.0.delete_autogen_bucket": "false",
                            "cluster_config.0.encryption_config.#": "0",
                            "cluster_config.0.gce_cluster_config.#": "1",
                            "cluster_config.0.gce_cluster_config.0.internal_ip_only": "false",
                            "cluster_config.0.gce_cluster_config.0.metadata.%": "0",
                            "cluster_config.0.gce_cluster_config.0.network": "",
                            "cluster_config.0.gce_cluster_config.0.service_account": "",
                            "cluster_config.0.gce_cluster_config.0.service_account_scopes.#": "7",
                            "cluster_config.0.gce_cluster_config.0.service_account_scopes.1245378569": "https://www.googleapis.com/auth/bigtable.admin.table",
                            "cluster_config.0.gce_cluster_config.0.service_account_scopes.1328717722": "https://www.googleapis.com/auth/devstorage.read_write",
                            "cluster_config.0.gce_cluster_config.0.service_account_scopes.1693978638": "https://www.googleapis.com/auth/devstorage.full_control",
                            "cluster_config.0.gce_cluster_config.0.service_account_scopes.172152165": "https://www.googleapis.com/auth/logging.write",
                            "cluster_config.0.gce_cluster_config.0.service_account_scopes.2401844655": "https://www.googleapis.com/auth/bigquery",
                            "cluster_config.0.gce_cluster_config.0.service_account_scopes.299921284": "https://www.googleapis.com/auth/bigtable.data",
                            "cluster_config.0.gce_cluster_config.0.service_account_scopes.3804780973": "https://www.googleapis.com/auth/cloud.useraccounts.readonly",
                            "cluster_config.0.gce_cluster_config.0.subnetwork": "https://www.googleapis.com/compute/v1/projects/history-server-demo/regions/us-central1/subnetworks/example-net-1-dataproc-central",
                            "cluster_config.0.gce_cluster_config.0.tags.#": "1",
                            "cluster_config.0.gce_cluster_config.0.tags.2205860645": "hadoop-history-ui-access",
                            "cluster_config.0.gce_cluster_config.0.zone": "us-central1-b",
                            "cluster_config.0.initialization_action.#": "0",
                            "cluster_config.0.master_config.#": "1",
                            "cluster_config.0.master_config.0.accelerators.#": "0",
                            "cluster_config.0.master_config.0.disk_config.#": "1",
                            "cluster_config.0.master_config.0.disk_config.0.boot_disk_size_gb": "50",
                            "cluster_config.0.master_config.0.disk_config.0.boot_disk_type": "pd-standard",
                            "cluster_config.0.master_config.0.disk_config.0.num_local_ssds": "0",
                            "cluster_config.0.master_config.0.image_uri": "https://www.googleapis.com/compute/v1/projects/cloud-dataproc/global/images/dataproc-1-4-deb9-20190313-000000-rc02",
                            "cluster_config.0.master_config.0.instance_names.#": "1",
                            "cluster_config.0.master_config.0.instance_names.0": "history-server-m",
                            "cluster_config.0.master_config.0.machine_type": "n1-standard-1",
                            "cluster_config.0.master_config.0.num_instances": "1",
                            "cluster_config.0.preemptible_worker_config.#": "1",
                            "cluster_config.0.preemptible_worker_config.0.disk_config.#": "1",
                            "cluster_config.0.preemptible_worker_config.0.instance_names.#": "0",
                            "cluster_config.0.preemptible_worker_config.0.num_instances": "0",
                            "cluster_config.0.software_config.#": "1",
                            "cluster_config.0.software_config.0.image_version": "1.4.0-debian9",
                            "cluster_config.0.software_config.0.override_properties.%": "14",
                            "cluster_config.0.software_config.0.override_properties.dataproc:dataproc.allow.zero.workers": "true",
                            "cluster_config.0.software_config.0.override_properties.mapred:mapreduce.jobhistory.address": "history-server-m:10020",
                            "cluster_config.0.software_config.0.override_properties.mapred:mapreduce.jobhistory.done-dir": "gs://history-server/done-dir",
                            "cluster_config.0.software_config.0.override_properties.mapred:mapreduce.jobhistory.intermediate-done-dir": "gs://history-server/intermediate-done-dir",
                            "cluster_config.0.software_config.0.override_properties.mapred:mapreduce.jobhistory.webapp.https.address": "history-server-m:19888",
                            "cluster_config.0.software_config.0.override_properties.spark:spark.eventLog.dir": "gs://history-server/spark-events/",
                            "cluster_config.0.software_config.0.override_properties.spark:spark.history.fs.logDirectory": "gs://history-server/spark-events/",
                            "cluster_config.0.software_config.0.override_properties.spark:spark.ui.enabled": "true",
                            "cluster_config.0.software_config.0.override_properties.spark:spark.ui.filters": "org.apache.spark.deploy.yarn.YarnProxyRedirectFilter",
                            "cluster_config.0.software_config.0.override_properties.spark:spark.yarn.historyServer.address": "history-server-m:18080",
                            "cluster_config.0.software_config.0.override_properties.yarn:yarn.log-aggregation-enable": "true",
                            "cluster_config.0.software_config.0.override_properties.yarn:yarn.log-aggregation.retain-seconds": "604800",
                            "cluster_config.0.software_config.0.override_properties.yarn:yarn.log.server.url": "https://history-server-m:19890/jobhistory/logs",
                            "cluster_config.0.software_config.0.override_properties.yarn:yarn.nodemanager.remote-app-log-dir": "gs://history-server-bucket-1/yarn/logs/",
                            "cluster_config.0.software_config.0.properties.%": "66",
                            "cluster_config.0.software_config.0.properties.capacity-scheduler:yarn.scheduler.capacity.root.default.ordering-policy": "fair",
                            "cluster_config.0.software_config.0.properties.core:fs.gs.block.size": "134217728",
                            "cluster_config.0.software_config.0.properties.core:fs.gs.metadata.cache.enable": "false",
                            "cluster_config.0.software_config.0.properties.core:hadoop.ssl.enabled.protocols": "TLSv1,TLSv1.1,TLSv1.2",
                            "cluster_config.0.software_config.0.properties.dataproc:dataproc.allow.zero.workers": "true",
                            "cluster_config.0.software_config.0.properties.distcp:mapreduce.map.java.opts": "-Xmx576m",
                            "cluster_config.0.software_config.0.properties.distcp:mapreduce.map.memory.mb": "768",
                            "cluster_config.0.software_config.0.properties.distcp:mapreduce.reduce.java.opts": "-Xmx576m",
                            "cluster_config.0.software_config.0.properties.distcp:mapreduce.reduce.memory.mb": "768",
                            "cluster_config.0.software_config.0.properties.hdfs:dfs.datanode.address": "0.0.0.0:9866",
                            "cluster_config.0.software_config.0.properties.hdfs:dfs.datanode.http.address": "0.0.0.0:9864",
                            "cluster_config.0.software_config.0.properties.hdfs:dfs.datanode.https.address": "0.0.0.0:9865",
                            "cluster_config.0.software_config.0.properties.hdfs:dfs.datanode.ipc.address": "0.0.0.0:9867",
                            "cluster_config.0.software_config.0.properties.hdfs:dfs.namenode.handler.count": "20",
                            "cluster_config.0.software_config.0.properties.hdfs:dfs.namenode.http-address": "0.0.0.0:9870",
                            "cluster_config.0.software_config.0.properties.hdfs:dfs.namenode.https-address": "0.0.0.0:9871",
                            "cluster_config.0.software_config.0.properties.hdfs:dfs.namenode.lifeline.rpc-address": "history-server-m:8050",
                            "cluster_config.0.software_config.0.properties.hdfs:dfs.namenode.secondary.http-address": "0.0.0.0:9868",
                            "cluster_config.0.software_config.0.properties.hdfs:dfs.namenode.secondary.https-address": "0.0.0.0:9869",
                            "cluster_config.0.software_config.0.properties.hdfs:dfs.namenode.service.handler.count": "10",
                            "cluster_config.0.software_config.0.properties.hdfs:dfs.namenode.servicerpc-address": "history-server-m:8051",
                            "cluster_config.0.software_config.0.properties.mapred-env:HADOOP_JOB_HISTORYSERVER_HEAPSIZE": "1000",
                            "cluster_config.0.software_config.0.properties.mapred:mapreduce.job.maps": "6",
                            "cluster_config.0.software_config.0.properties.mapred:mapreduce.job.reduce.slowstart.completedmaps": "0.95",
                            "cluster_config.0.software_config.0.properties.mapred:mapreduce.job.reduces": "1",
                            "cluster_config.0.software_config.0.properties.mapred:mapreduce.jobhistory.address": "history-server-m:10020",
                            "cluster_config.0.software_config.0.properties.mapred:mapreduce.jobhistory.done-dir": "gs://history-server/done-dir",
                            "cluster_config.0.software_config.0.properties.mapred:mapreduce.jobhistory.intermediate-done-dir": "gs://history-server/intermediate-done-dir",
                            "cluster_config.0.software_config.0.properties.mapred:mapreduce.jobhistory.webapp.https.address": "history-server-m:19888",
                            "cluster_config.0.software_config.0.properties.mapred:mapreduce.map.cpu.vcores": "1",
                            "cluster_config.0.software_config.0.properties.mapred:mapreduce.map.java.opts": "-Xmx819m",
                            "cluster_config.0.software_config.0.properties.mapred:mapreduce.map.memory.mb": "1024",
                            "cluster_config.0.software_config.0.properties.mapred:mapreduce.reduce.cpu.vcores": "1",
                            "cluster_config.0.software_config.0.properties.mapred:mapreduce.reduce.java.opts": "-Xmx1638m",
                            "cluster_config.0.software_config.0.properties.mapred:mapreduce.reduce.memory.mb": "2048",
                            "cluster_config.0.software_config.0.properties.mapred:mapreduce.task.io.sort.mb": "256",
                            "cluster_config.0.software_config.0.properties.mapred:yarn.app.mapreduce.am.command-opts": "-Xmx819m",
                            "cluster_config.0.software_config.0.properties.mapred:yarn.app.mapreduce.am.resource.cpu-vcores": "1",
                            "cluster_config.0.software_config.0.properties.mapred:yarn.app.mapreduce.am.resource.mb": "1024",
                            "cluster_config.0.software_config.0.properties.presto-jvm:MaxHeapSize": "3072m",
                            "cluster_config.0.software_config.0.properties.presto:query.max-memory-per-node": "1843MB",
                            "cluster_config.0.software_config.0.properties.presto:query.max-total-memory-per-node": "1843MB",
                            "cluster_config.0.software_config.0.properties.spark-env:SPARK_DAEMON_MEMORY": "1000m",
                            "cluster_config.0.software_config.0.properties.spark:spark.driver.maxResultSize": "480m",
                            "cluster_config.0.software_config.0.properties.spark:spark.driver.memory": "960m",
                            "cluster_config.0.software_config.0.properties.spark:spark.eventLog.dir": "gs://history-server/spark-events/",
                            "cluster_config.0.software_config.0.properties.spark:spark.executor.cores": "1",
                            "cluster_config.0.software_config.0.properties.spark:spark.executor.instances": "2",
                            "cluster_config.0.software_config.0.properties.spark:spark.executor.memory": "1664m",
                            "cluster_config.0.software_config.0.properties.spark:spark.executorEnv.OPENBLAS_NUM_THREADS": "1",
                            "cluster_config.0.software_config.0.properties.spark:spark.history.fs.logDirectory": "gs://history-server/spark-events/",
                            "cluster_config.0.software_config.0.properties.spark:spark.scheduler.mode": "FAIR",
                            "cluster_config.0.software_config.0.properties.spark:spark.sql.cbo.enabled": "true",
                            "cluster_config.0.software_config.0.properties.spark:spark.ui.enabled": "true",
                            "cluster_config.0.software_config.0.properties.spark:spark.ui.filters": "org.apache.spark.deploy.yarn.YarnProxyRedirectFilter",
                            "cluster_config.0.software_config.0.properties.spark:spark.yarn.am.memory": "640m",
                            "cluster_config.0.software_config.0.properties.spark:spark.yarn.historyServer.address": "history-server-m:18080",
                            "cluster_config.0.software_config.0.properties.yarn-env:YARN_TIMELINESERVER_HEAPSIZE": "1000",
                            "cluster_config.0.software_config.0.properties.yarn:yarn.log-aggregation-enable": "true",
                            "cluster_config.0.software_config.0.properties.yarn:yarn.log-aggregation.retain-seconds": "604800",
                            "cluster_config.0.software_config.0.properties.yarn:yarn.log.server.url": "https://history-server-m:19890/jobhistory/logs",
                            "cluster_config.0.software_config.0.properties.yarn:yarn.nodemanager.remote-app-log-dir": "gs://history-server-bucket-1/yarn/logs/",
                            "cluster_config.0.software_config.0.properties.yarn:yarn.nodemanager.resource.memory-mb": "3072",
                            "cluster_config.0.software_config.0.properties.yarn:yarn.resourcemanager.nodemanager-graceful-decommission-timeout-secs": "86400",
                            "cluster_config.0.software_config.0.properties.yarn:yarn.scheduler.maximum-allocation-mb": "3072",
                            "cluster_config.0.software_config.0.properties.yarn:yarn.scheduler.minimum-allocation-mb": "256",
                            "cluster_config.0.staging_bucket": "",
                            "cluster_config.0.worker_config.#": "1",
                            "cluster_config.0.worker_config.0.accelerators.#": "0",
                            "cluster_config.0.worker_config.0.disk_config.#": "1",
                            "cluster_config.0.worker_config.0.image_uri": "",
                            "cluster_config.0.worker_config.0.instance_names.#": "0",
                            "cluster_config.0.worker_config.0.machine_type": "",
                            "cluster_config.0.worker_config.0.num_instances": "0",
                            "id": "history-server",
                            "labels.%": "3",
                            "labels.goog-dataproc-cluster-name": "history-server",
                            "labels.goog-dataproc-cluster-uuid": "7ea723fb-3c26-4d4e-956f-a90ab406291c",
                            "labels.goog-dataproc-location": "us-central1",
                            "name": "history-server",
                            "project": "history-server-demo",
                            "region": "us-central1"
                        },
                        "meta": {
                            "e2bfb730-ecaa-11e6-8f88-34363bc7c4c0": {
                                "create": 900000000000,
                                "delete": 300000000000,
                                "update": 300000000000
                            }
                        },
                        "tainted": false
                    },
                    "deposed": [],
                    "provider": "provider.google"
                },
                "google_dataproc_cluster.long-running-cluster": {
                    "type": "google_dataproc_cluster",
                    "depends_on": [
                        "google_storage_bucket.history-bucket",
                        "google_storage_bucket_object.disable-history-servers-init-action",
                        "google_storage_bucket_object.spark-events-dir",
                        "module.vpc"
                    ],
                    "primary": {
                        "id": "long-running-cluster",
                        "attributes": {
                            "cluster_config.#": "1",
                            "cluster_config.0.bucket": "dataproc-29fc5689-63b4-4910-a6e4-c2eea5153ba7-us-central1",
                            "cluster_config.0.delete_autogen_bucket": "false",
                            "cluster_config.0.encryption_config.#": "0",
                            "cluster_config.0.gce_cluster_config.#": "1",
                            "cluster_config.0.gce_cluster_config.0.internal_ip_only": "true",
                            "cluster_config.0.gce_cluster_config.0.metadata.%": "0",
                            "cluster_config.0.gce_cluster_config.0.network": "",
                            "cluster_config.0.gce_cluster_config.0.service_account": "",
                            "cluster_config.0.gce_cluster_config.0.service_account_scopes.#": "7",
                            "cluster_config.0.gce_cluster_config.0.service_account_scopes.1245378569": "https://www.googleapis.com/auth/bigtable.admin.table",
                            "cluster_config.0.gce_cluster_config.0.service_account_scopes.1328717722": "https://www.googleapis.com/auth/devstorage.read_write",
                            "cluster_config.0.gce_cluster_config.0.service_account_scopes.1693978638": "https://www.googleapis.com/auth/devstorage.full_control",
                            "cluster_config.0.gce_cluster_config.0.service_account_scopes.172152165": "https://www.googleapis.com/auth/logging.write",
                            "cluster_config.0.gce_cluster_config.0.service_account_scopes.2401844655": "https://www.googleapis.com/auth/bigquery",
                            "cluster_config.0.gce_cluster_config.0.service_account_scopes.299921284": "https://www.googleapis.com/auth/bigtable.data",
                            "cluster_config.0.gce_cluster_config.0.service_account_scopes.3804780973": "https://www.googleapis.com/auth/cloud.useraccounts.readonly",
                            "cluster_config.0.gce_cluster_config.0.subnetwork": "https://www.googleapis.com/compute/v1/projects/history-server-demo/regions/us-central1/subnetworks/example-net-1-dataproc-central",
                            "cluster_config.0.gce_cluster_config.0.tags.#": "1",
                            "cluster_config.0.gce_cluster_config.0.tags.2205860645": "hadoop-history-ui-access",
                            "cluster_config.0.gce_cluster_config.0.zone": "us-central1-c",
                            "cluster_config.0.initialization_action.#": "1",
                            "cluster_config.0.initialization_action.0.script": "gs://history-server-bucket-1/init_actions/disable_history_servers.sh",
                            "cluster_config.0.initialization_action.0.timeout_sec": "300",
                            "cluster_config.0.master_config.#": "1",
                            "cluster_config.0.master_config.0.accelerators.#": "0",
                            "cluster_config.0.master_config.0.disk_config.#": "1",
                            "cluster_config.0.master_config.0.disk_config.0.boot_disk_size_gb": "50",
                            "cluster_config.0.master_config.0.disk_config.0.boot_disk_type": "pd-standard",
                            "cluster_config.0.master_config.0.disk_config.0.num_local_ssds": "0",
                            "cluster_config.0.master_config.0.image_uri": "https://www.googleapis.com/compute/v1/projects/cloud-dataproc/global/images/dataproc-1-4-deb9-20190313-000000-rc02",
                            "cluster_config.0.master_config.0.instance_names.#": "1",
                            "cluster_config.0.master_config.0.instance_names.0": "long-running-cluster-m",
                            "cluster_config.0.master_config.0.machine_type": "n1-standard-1",
                            "cluster_config.0.master_config.0.num_instances": "1",
                            "cluster_config.0.preemptible_worker_config.#": "1",
                            "cluster_config.0.preemptible_worker_config.0.disk_config.#": "1",
                            "cluster_config.0.preemptible_worker_config.0.instance_names.#": "0",
                            "cluster_config.0.preemptible_worker_config.0.num_instances": "0",
                            "cluster_config.0.software_config.#": "1",
                            "cluster_config.0.software_config.0.image_version": "1.4.0-debian9",
                            "cluster_config.0.software_config.0.override_properties.%": "15",
                            "cluster_config.0.software_config.0.override_properties.mapred:mapreduce.jobhistory.address": "history-server-m:10020",
                            "cluster_config.0.software_config.0.override_properties.mapred:mapreduce.jobhistory.done-dir": "gs://history-server-bucket-1/done-dir",
                            "cluster_config.0.software_config.0.override_properties.mapred:mapreduce.jobhistory.intermediate-done-dir": "gs://history-server-bucket-1/intermediate-done-dir",
                            "cluster_config.0.software_config.0.override_properties.mapred:mapreduce.jobhistory.webapp.address": "history-server-m:19888",
                            "cluster_config.0.software_config.0.override_properties.mapred:mapreduce.shuffle.max.connections": "120",
                            "cluster_config.0.software_config.0.override_properties.mapred:mapreduce.shuffle.max.threads": "120",
                            "cluster_config.0.software_config.0.override_properties.spark:spark.eventLog.dir": "gs://history-server-bucket-1/spark-events/",
                            "cluster_config.0.software_config.0.override_properties.spark:spark.history.fs.logDirectory": "gs://history-server-bucket-1/spark-events/",
                            "cluster_config.0.software_config.0.override_properties.spark:spark.submit.deployMode": "cluster",
                            "cluster_config.0.software_config.0.override_properties.spark:spark.ui.enabled": "true",
                            "cluster_config.0.software_config.0.override_properties.spark:spark.yarn.historyServer.allowTracking": "true",
                            "cluster_config.0.software_config.0.override_properties.yarn:yarn.log-aggregation-enable": "true",
                            "cluster_config.0.software_config.0.override_properties.yarn:yarn.log-aggregation.retain-seconds": "-1",
                            "cluster_config.0.software_config.0.override_properties.yarn:yarn.log.server.url": "https://history-server-m:19888/jobhistory/logs",
                            "cluster_config.0.software_config.0.override_properties.yarn:yarn.nodemanager.remote-app-log-dir": "gs://history-server-bucket-1/yarn/logs/",
                            "cluster_config.0.software_config.0.properties.%": "67",
                            "cluster_config.0.software_config.0.properties.capacity-scheduler:yarn.scheduler.capacity.root.default.ordering-policy": "fair",
                            "cluster_config.0.software_config.0.properties.core:fs.gs.block.size": "134217728",
                            "cluster_config.0.software_config.0.properties.core:fs.gs.metadata.cache.enable": "false",
                            "cluster_config.0.software_config.0.properties.core:hadoop.ssl.enabled.protocols": "TLSv1,TLSv1.1,TLSv1.2",
                            "cluster_config.0.software_config.0.properties.distcp:mapreduce.map.java.opts": "-Xmx576m",
                            "cluster_config.0.software_config.0.properties.distcp:mapreduce.map.memory.mb": "768",
                            "cluster_config.0.software_config.0.properties.distcp:mapreduce.reduce.java.opts": "-Xmx576m",
                            "cluster_config.0.software_config.0.properties.distcp:mapreduce.reduce.memory.mb": "768",
                            "cluster_config.0.software_config.0.properties.hdfs:dfs.datanode.address": "0.0.0.0:9866",
                            "cluster_config.0.software_config.0.properties.hdfs:dfs.datanode.http.address": "0.0.0.0:9864",
                            "cluster_config.0.software_config.0.properties.hdfs:dfs.datanode.https.address": "0.0.0.0:9865",
                            "cluster_config.0.software_config.0.properties.hdfs:dfs.datanode.ipc.address": "0.0.0.0:9867",
                            "cluster_config.0.software_config.0.properties.hdfs:dfs.namenode.handler.count": "20",
                            "cluster_config.0.software_config.0.properties.hdfs:dfs.namenode.http-address": "0.0.0.0:9870",
                            "cluster_config.0.software_config.0.properties.hdfs:dfs.namenode.https-address": "0.0.0.0:9871",
                            "cluster_config.0.software_config.0.properties.hdfs:dfs.namenode.lifeline.rpc-address": "long-running-cluster-m:8050",
                            "cluster_config.0.software_config.0.properties.hdfs:dfs.namenode.secondary.http-address": "0.0.0.0:9868",
                            "cluster_config.0.software_config.0.properties.hdfs:dfs.namenode.secondary.https-address": "0.0.0.0:9869",
                            "cluster_config.0.software_config.0.properties.hdfs:dfs.namenode.service.handler.count": "10",
                            "cluster_config.0.software_config.0.properties.hdfs:dfs.namenode.servicerpc-address": "long-running-cluster-m:8051",
                            "cluster_config.0.software_config.0.properties.mapred-env:HADOOP_JOB_HISTORYSERVER_HEAPSIZE": "1000",
                            "cluster_config.0.software_config.0.properties.mapred:mapreduce.job.maps": "15",
                            "cluster_config.0.software_config.0.properties.mapred:mapreduce.job.reduce.slowstart.completedmaps": "0.95",
                            "cluster_config.0.software_config.0.properties.mapred:mapreduce.job.reduces": "2",
                            "cluster_config.0.software_config.0.properties.mapred:mapreduce.jobhistory.address": "history-server-m:10020",
                            "cluster_config.0.software_config.0.properties.mapred:mapreduce.jobhistory.done-dir": "gs://history-server-bucket-1/done-dir",
                            "cluster_config.0.software_config.0.properties.mapred:mapreduce.jobhistory.intermediate-done-dir": "gs://history-server-bucket-1/intermediate-done-dir",
                            "cluster_config.0.software_config.0.properties.mapred:mapreduce.jobhistory.webapp.address": "history-server-m:19888",
                            "cluster_config.0.software_config.0.properties.mapred:mapreduce.map.cpu.vcores": "1",
                            "cluster_config.0.software_config.0.properties.mapred:mapreduce.map.java.opts": "-Xmx819m",
                            "cluster_config.0.software_config.0.properties.mapred:mapreduce.map.memory.mb": "1024",
                            "cluster_config.0.software_config.0.properties.mapred:mapreduce.reduce.cpu.vcores": "1",
                            "cluster_config.0.software_config.0.properties.mapred:mapreduce.reduce.java.opts": "-Xmx1638m",
                            "cluster_config.0.software_config.0.properties.mapred:mapreduce.reduce.memory.mb": "2048",
                            "cluster_config.0.software_config.0.properties.mapred:mapreduce.shuffle.max.connections": "120",
                            "cluster_config.0.software_config.0.properties.mapred:mapreduce.shuffle.max.threads": "120",
                            "cluster_config.0.software_config.0.properties.mapred:mapreduce.task.io.sort.mb": "256",
                            "cluster_config.0.software_config.0.properties.mapred:yarn.app.mapreduce.am.command-opts": "-Xmx819m",
                            "cluster_config.0.software_config.0.properties.mapred:yarn.app.mapreduce.am.resource.cpu-vcores": "1",
                            "cluster_config.0.software_config.0.properties.mapred:yarn.app.mapreduce.am.resource.mb": "1024",
                            "cluster_config.0.software_config.0.properties.presto-jvm:MaxHeapSize": "3072m",
                            "cluster_config.0.software_config.0.properties.presto:query.max-memory-per-node": "1843MB",
                            "cluster_config.0.software_config.0.properties.presto:query.max-total-memory-per-node": "1843MB",
                            "cluster_config.0.software_config.0.properties.spark-env:SPARK_DAEMON_MEMORY": "1000m",
                            "cluster_config.0.software_config.0.properties.spark:spark.driver.maxResultSize": "480m",
                            "cluster_config.0.software_config.0.properties.spark:spark.driver.memory": "960m",
                            "cluster_config.0.software_config.0.properties.spark:spark.eventLog.dir": "gs://history-server-bucket-1/spark-events/",
                            "cluster_config.0.software_config.0.properties.spark:spark.executor.cores": "1",
                            "cluster_config.0.software_config.0.properties.spark:spark.executor.instances": "2",
                            "cluster_config.0.software_config.0.properties.spark:spark.executor.memory": "2688m",
                            "cluster_config.0.software_config.0.properties.spark:spark.executorEnv.OPENBLAS_NUM_THREADS": "1",
                            "cluster_config.0.software_config.0.properties.spark:spark.history.fs.logDirectory": "gs://history-server-bucket-1/spark-events/",
                            "cluster_config.0.software_config.0.properties.spark:spark.scheduler.mode": "FAIR",
                            "cluster_config.0.software_config.0.properties.spark:spark.sql.cbo.enabled": "true",
                            "cluster_config.0.software_config.0.properties.spark:spark.submit.deployMode": "cluster",
                            "cluster_config.0.software_config.0.properties.spark:spark.ui.enabled": "true",
                            "cluster_config.0.software_config.0.properties.spark:spark.yarn.am.memory": "640m",
                            "cluster_config.0.software_config.0.properties.spark:spark.yarn.historyServer.allowTracking": "true",
                            "cluster_config.0.software_config.0.properties.yarn-env:YARN_TIMELINESERVER_HEAPSIZE": "1000",
                            "cluster_config.0.software_config.0.properties.yarn:yarn.log-aggregation-enable": "true",
                            "cluster_config.0.software_config.0.properties.yarn:yarn.log-aggregation.retain-seconds": "-1",
                            "cluster_config.0.software_config.0.properties.yarn:yarn.log.server.url": "https://history-server-m:19888/jobhistory/logs",
                            "cluster_config.0.software_config.0.properties.yarn:yarn.nodemanager.remote-app-log-dir": "gs://history-server-bucket-1/yarn/logs/",
                            "cluster_config.0.software_config.0.properties.yarn:yarn.nodemanager.resource.memory-mb": "3072",
                            "cluster_config.0.software_config.0.properties.yarn:yarn.resourcemanager.nodemanager-graceful-decommission-timeout-secs": "86400",
                            "cluster_config.0.software_config.0.properties.yarn:yarn.scheduler.maximum-allocation-mb": "3072",
                            "cluster_config.0.software_config.0.properties.yarn:yarn.scheduler.minimum-allocation-mb": "256",
                            "cluster_config.0.staging_bucket": "",
                            "cluster_config.0.worker_config.#": "1",
                            "cluster_config.0.worker_config.0.accelerators.#": "0",
                            "cluster_config.0.worker_config.0.disk_config.#": "1",
                            "cluster_config.0.worker_config.0.disk_config.0.boot_disk_size_gb": "500",
                            "cluster_config.0.worker_config.0.disk_config.0.boot_disk_type": "pd-standard",
                            "cluster_config.0.worker_config.0.disk_config.0.num_local_ssds": "0",
                            "cluster_config.0.worker_config.0.image_uri": "https://www.googleapis.com/compute/v1/projects/cloud-dataproc/global/images/dataproc-1-4-deb9-20190313-000000-rc02",
                            "cluster_config.0.worker_config.0.instance_names.#": "2",
                            "cluster_config.0.worker_config.0.instance_names.0": "long-running-cluster-w-0",
                            "cluster_config.0.worker_config.0.instance_names.1": "long-running-cluster-w-1",
                            "cluster_config.0.worker_config.0.machine_type": "n1-standard-1",
                            "cluster_config.0.worker_config.0.num_instances": "2",
                            "id": "long-running-cluster",
                            "labels.%": "3",
                            "labels.goog-dataproc-cluster-name": "long-running-cluster",
                            "labels.goog-dataproc-cluster-uuid": "666d7b6e-ca6c-4ac7-9400-204da894d641",
                            "labels.goog-dataproc-location": "us-central1",
                            "name": "long-running-cluster",
                            "project": "history-server-demo",
                            "region": "us-central1"
                        },
                        "meta": {
                            "e2bfb730-ecaa-11e6-8f88-34363bc7c4c0": {
                                "create": 900000000000,
                                "delete": 300000000000,
                                "update": 300000000000
                            }
                        },
                        "tainted": false
                    },
                    "deposed": [],
                    "provider": "provider.google"
                },
                "google_project_iam_member.history-server-dataproc-worker-role": {
                    "type": "google_project_iam_member",
                    "depends_on": [
                        "google_service_account.history-server-account"
                    ],
                    "primary": {
                        "id": "history-server-demo/roles/dataproc.worker/serviceAccount:history-server-account@history-server-demo.iam.gserviceaccount.com",
                        "attributes": {
                            "etag": "BwWJp5wHxvg=",
                            "id": "history-server-demo/roles/dataproc.worker/serviceAccount:history-server-account@history-server-demo.iam.gserviceaccount.com",
                            "member": "serviceAccount:history-server-account@history-server-demo.iam.gserviceaccount.com",
                            "project": "history-server-demo",
                            "role": "roles/dataproc.worker"
                        },
                        "meta": {},
                        "tainted": false
                    },
                    "deposed": [],
                    "provider": "provider.google"
                },
                "google_service_account.history-server-account": {
                    "type": "google_service_account",
                    "depends_on": [],
                    "primary": {
                        "id": "projects/history-server-demo/serviceAccounts/history-server-account@history-server-demo.iam.gserviceaccount.com",
                        "attributes": {
                            "account_id": "history-server-account",
                            "display_name": "",
                            "email": "history-server-account@history-server-demo.iam.gserviceaccount.com",
                            "id": "projects/history-server-demo/serviceAccounts/history-server-account@history-server-demo.iam.gserviceaccount.com",
                            "name": "projects/history-server-demo/serviceAccounts/history-server-account@history-server-demo.iam.gserviceaccount.com",
                            "project": "history-server-demo",
                            "unique_id": "108380089715117814206"
                        },
                        "meta": {},
                        "tainted": false
                    },
                    "deposed": [],
                    "provider": "provider.google"
                },
                "google_storage_bucket.history-bucket": {
                    "type": "google_storage_bucket",
                    "depends_on": [],
                    "primary": {
                        "id": "history-server-bucket-1",
                        "attributes": {
                            "cors.#": "0",
                            "encryption.#": "0",
                            "force_destroy": "false",
                            "id": "history-server-bucket-1",
                            "labels.%": "0",
                            "lifecycle_rule.#": "1",
                            "lifecycle_rule.0.action.#": "1",
                            "lifecycle_rule.0.action.4029382586.storage_class": "",
                            "lifecycle_rule.0.action.4029382586.type": "Delete",
                            "lifecycle_rule.0.condition.#": "1",
                            "lifecycle_rule.0.condition.2782955332.age": "30",
                            "lifecycle_rule.0.condition.2782955332.created_before": "",
                            "lifecycle_rule.0.condition.2782955332.is_live": "false",
                            "lifecycle_rule.0.condition.2782955332.matches_storage_class.#": "0",
                            "lifecycle_rule.0.condition.2782955332.num_newer_versions": "0",
                            "location": "US-CENTRAL1",
                            "logging.#": "0",
                            "name": "history-server-bucket-1",
                            "project": "history-server-demo",
                            "requester_pays": "false",
                            "self_link": "https://www.googleapis.com/storage/v1/b/history-server-bucket-1",
                            "storage_class": "REGIONAL",
                            "url": "gs://history-server-bucket-1",
                            "versioning.#": "0"
                        },
                        "meta": {},
                        "tainted": false
                    },
                    "deposed": [],
                    "provider": "provider.google"
                },
                "google_storage_bucket_object.disable-history-servers-init-action": {
                    "type": "google_storage_bucket_object",
                    "depends_on": [
                        "google_storage_bucket.history-bucket"
                    ],
                    "primary": {
                        "id": "history-server-bucket-1-init_actions/disable_history_servers.sh",
                        "attributes": {
                            "bucket": "history-server-bucket-1",
                            "cache_control": "",
                            "content_disposition": "",
                            "content_encoding": "",
                            "content_language": "",
                            "content_type": "application/x-www-form-urlencoded;charset=UTF-8",
                            "crc32c": "BDuXTA==",
                            "detect_md5hash": "NgQ8H1EwvN+4FCh7Wyn8Ew==",
                            "id": "history-server-bucket-1-init_actions/disable_history_servers.sh",
                            "md5hash": "NgQ8H1EwvN+4FCh7Wyn8Ew==",
                            "name": "init_actions/disable_history_servers.sh",
                            "output_name": "init_actions/disable_history_servers.sh",
                            "self_link": "https://www.googleapis.com/storage/v1/b/history-server-bucket-1/o/init_actions%2Fdisable_history_servers.sh",
                            "source": "../init_actions/disable_history_servers.sh",
                            "storage_class": "REGIONAL"
                        },
                        "meta": {},
                        "tainted": false
                    },
                    "deposed": [],
                    "provider": "provider.google"
                },
                "google_storage_bucket_object.ephemeral-cluster-yaml": {
                    "type": "google_storage_bucket_object",
                    "depends_on": [
                        "google_storage_bucket.history-bucket"
                    ],
                    "primary": {
                        "id": "history-server-bucket-1-cluster_templates/ephemeral-cluster.yaml",
                        "attributes": {
                            "bucket": "history-server-bucket-1",
                            "cache_control": "",
                            "content_disposition": "",
                            "content_encoding": "",
                            "content_language": "",
                            "content_type": "application/x-www-form-urlencoded;charset=UTF-8",
                            "crc32c": "OZWlqQ==",
                            "detect_md5hash": "gRhUd6BfPdRADm+O5WETZQ==",
                            "id": "history-server-bucket-1-cluster_templates/ephemeral-cluster.yaml",
                            "md5hash": "gRhUd6BfPdRADm+O5WETZQ==",
                            "name": "cluster_templates/ephemeral-cluster.yaml",
                            "output_name": "cluster_templates/ephemeral-cluster.yaml",
                            "self_link": "https://www.googleapis.com/storage/v1/b/history-server-bucket-1/o/cluster_templates%2Fephemeral-cluster.yaml",
                            "source": "../cluster_templates/ephemeral-cluster.yaml",
                            "storage_class": "REGIONAL"
                        },
                        "meta": {},
                        "tainted": false
                    },
                    "deposed": [],
                    "provider": "provider.google"
                },
                "google_storage_bucket_object.history-server-yaml": {
                    "type": "google_storage_bucket_object",
                    "depends_on": [
                        "google_storage_bucket.history-bucket"
                    ],
                    "primary": {
                        "id": "history-server-bucket-1-cluster_templates/history-server.yaml",
                        "attributes": {
                            "bucket": "history-server-bucket-1",
                            "cache_control": "",
                            "content_disposition": "",
                            "content_encoding": "",
                            "content_language": "",
                            "content_type": "application/x-www-form-urlencoded;charset=UTF-8",
                            "crc32c": "VwoJGA==",
                            "detect_md5hash": "eEkIc2YutPmcILRyiMRa3A==",
                            "id": "history-server-bucket-1-cluster_templates/history-server.yaml",
                            "md5hash": "eEkIc2YutPmcILRyiMRa3A==",
                            "name": "cluster_templates/history-server.yaml",
                            "output_name": "cluster_templates/history-server.yaml",
                            "self_link": "https://www.googleapis.com/storage/v1/b/history-server-bucket-1/o/cluster_templates%2Fhistory-server.yaml",
                            "source": "../cluster_templates/history-server.yaml",
                            "storage_class": "REGIONAL"
                        },
                        "meta": {},
                        "tainted": false
                    },
                    "deposed": [],
                    "provider": "provider.google"
                },
                "google_storage_bucket_object.spark-events-dir": {
                    "type": "google_storage_bucket_object",
                    "depends_on": [
                        "google_storage_bucket.history-bucket"
                    ],
                    "primary": {
                        "id": "history-server-bucket-1-spark-events/.keep",
                        "attributes": {
                            "bucket": "history-server-bucket-1",
                            "cache_control": "",
                            "content": " ",
                            "content_disposition": "",
                            "content_encoding": "",
                            "content_language": "",
                            "content_type": "application/x-www-form-urlencoded;charset=UTF-8",
                            "crc32c": "csDdjw==",
                            "detect_md5hash": "chXunH2dwinSkhpA6JnsXw==",
                            "id": "history-server-bucket-1-spark-events/.keep",
                            "md5hash": "chXunH2dwinSkhpA6JnsXw==",
                            "name": "spark-events/.keep",
                            "output_name": "spark-events/.keep",
                            "self_link": "https://www.googleapis.com/storage/v1/b/history-server-bucket-1/o/spark-events%2F.keep",
                            "storage_class": "REGIONAL"
                        },
                        "meta": {},
                        "tainted": false
                    },
                    "deposed": [],
                    "provider": "provider.google"
                }
            },
            "depends_on": []
        },
        {
            "path": [
                "root",
                "vpc"
            ],
            "outputs": {
                "network_name": {
                    "sensitive": false,
                    "type": "string",
                    "value": "example-net-1"
                },
                "network_self_link": {
                    "sensitive": false,
                    "type": "string",
                    "value": "https://www.googleapis.com/compute/v1/projects/history-server-demo/global/networks/example-net-1"
                },
                "routes": {
                    "sensitive": false,
                    "type": "list",
                    "value": []
                },
                "subnets_flow_logs": {
                    "sensitive": false,
                    "type": "list",
                    "value": [
                        "true"
                    ]
                },
                "subnets_ips": {
                    "sensitive": false,
                    "type": "list",
                    "value": [
                        "10.128.0.0/16"
                    ]
                },
                "subnets_names": {
                    "sensitive": false,
                    "type": "list",
                    "value": [
                        "example-net-1-dataproc-central"
                    ]
                },
                "subnets_private_access": {
                    "sensitive": false,
                    "type": "list",
                    "value": [
                        "true"
                    ]
                },
                "subnets_regions": {
                    "sensitive": false,
                    "type": "list",
                    "value": [
                        "us-central1"
                    ]
                },
                "subnets_secondary_ranges": {
                    "sensitive": false,
                    "type": "list",
                    "value": [
                        []
                    ]
                },
                "subnets_self_links": {
                    "sensitive": false,
                    "type": "list",
                    "value": [
                        "https://www.googleapis.com/compute/v1/projects/history-server-demo/regions/us-central1/subnetworks/example-net-1-dataproc-central"
                    ]
                }
            },
            "resources": {
                "data.google_compute_subnetwork.created_subnets": {
                    "type": "google_compute_subnetwork",
                    "depends_on": [
                        "google_compute_subnetwork.subnetwork.*"
                    ],
                    "primary": {
                        "id": "us-central1/example-net-1-dataproc-central",
                        "attributes": {
                            "description": "",
                            "gateway_address": "10.128.0.1",
                            "id": "us-central1/example-net-1-dataproc-central",
                            "ip_cidr_range": "10.128.0.0/16",
                            "name": "example-net-1-dataproc-central",
                            "network": "https://www.googleapis.com/compute/v1/projects/history-server-demo/global/networks/example-net-1",
                            "private_ip_google_access": "true",
                            "project": "history-server-demo",
                            "region": "us-central1",
                            "secondary_ip_range.#": "0",
                            "self_link": "https://www.googleapis.com/compute/v1/projects/history-server-demo/regions/us-central1/subnetworks/example-net-1-dataproc-central"
                        },
                        "meta": {},
                        "tainted": false
                    },
                    "deposed": [],
                    "provider": "provider.google"
                },
                "google_compute_network.network": {
                    "type": "google_compute_network",
                    "depends_on": [],
                    "primary": {
                        "id": "example-net-1",
                        "attributes": {
                            "auto_create_subnetworks": "false",
                            "description": "",
                            "gateway_ipv4": "",
                            "id": "example-net-1",
                            "ipv4_range": "",
                            "name": "example-net-1",
                            "project": "history-server-demo",
                            "routing_mode": "REGIONAL",
                            "self_link": "https://www.googleapis.com/compute/v1/projects/history-server-demo/global/networks/example-net-1"
                        },
                        "meta": {
                            "e2bfb730-ecaa-11e6-8f88-34363bc7c4c0": {
                                "create": 240000000000,
                                "delete": 240000000000,
                                "update": 240000000000
                            }
                        },
                        "tainted": false
                    },
                    "deposed": [],
                    "provider": "provider.google"
                },
                "google_compute_subnetwork.subnetwork": {
                    "type": "google_compute_subnetwork",
                    "depends_on": [
                        "google_compute_network.network"
                    ],
                    "primary": {
                        "id": "us-central1/example-net-1-dataproc-central",
                        "attributes": {
                            "creation_timestamp": "2019-05-24T13:29:45.803-07:00",
                            "description": "",
                            "enable_flow_logs": "true",
                            "fingerprint": "mizpxsGcPy8=",
                            "gateway_address": "10.128.0.1",
                            "id": "us-central1/example-net-1-dataproc-central",
                            "ip_cidr_range": "10.128.0.0/16",
                            "name": "example-net-1-dataproc-central",
                            "network": "https://www.googleapis.com/compute/v1/projects/history-server-demo/global/networks/example-net-1",
                            "private_ip_google_access": "true",
                            "project": "history-server-demo",
                            "region": "us-central1",
                            "secondary_ip_range.#": "0",
                            "self_link": "https://www.googleapis.com/compute/v1/projects/history-server-demo/regions/us-central1/subnetworks/example-net-1-dataproc-central"
                        },
                        "meta": {
                            "e2bfb730-ecaa-11e6-8f88-34363bc7c4c0": {
                                "create": 360000000000,
                                "delete": 360000000000,
                                "update": 360000000000
                            }
                        },
                        "tainted": false
                    },
                    "deposed": [],
                    "provider": "provider.google"
                }
            },
            "depends_on": []
        }
    ]
}
