{
  "format_version": "1.1",
  "terraform_version": "1.3.3",
  "planned_values": {
    "root_module": {
      "resources": [
        {
          "address": "google_project_iam_custom_role.custom-role-1",
          "mode": "managed",
          "type": "google_project_iam_custom_role",
          "name": "custom-role-1",
          "provider_name": "registry.terraform.io/hashicorp/google",
          "schema_version": 0,
          "values": {
            "description": "A description",
            "permissions": [
              "bigquery.config.get",
              "bigquery.datasets.create",
              "bigquery.datasets.get",
              "bigquery.datasets.getIamPolicy",
              "bigquery.jobs.list",
              "bigquery.models.list",
              "bigquery.readsessions.create",
              "bigquery.savedqueries.get",
              "bigquery.savedqueries.list"
            ],
            "project": "test-secteam-project",
            "role_id": "testRole1",
            "stage": "GA",
            "title": "Test Role 1"
          },
          "sensitive_values": {
            "permissions": [
              false,
              false,
              false,
              false,
              false,
              false,
              false,
              false,
              false
            ]
          }
        },
        {
          "address": "google_project_iam_custom_role.custom-role-3",
          "mode": "managed",
          "type": "google_project_iam_custom_role",
          "name": "custom-role-3",
          "provider_name": "registry.terraform.io/hashicorp/google",
          "schema_version": 0,
          "values": {
            "description": "A description",
            "permissions": [
              "appengine.applications.get",
              "bigquery.config.get",
              "bigquery.config.update",
              "bigquery.datasets.create",
              "bigquery.datasets.delete",
              "bigquery.datasets.get",
              "cloudsql.instances.clone",
              "cloudsql.instances.create",
              "cloudsql.instances.delete",
              "cloudsql.instances.export",
              "cloudsql.instances.failover",
              "cloudsql.instances.get",
              "cloudsql.instances.getIamPolicy",
              "cloudsql.instances.import",
              "compute.disks.list",
              "compute.disks.resize",
              "compute.globalOperations.get",
              "compute.globalOperations.list",
              "compute.images.getFromFamily",
              "compute.images.list",
              "compute.images.setLabels",
              "datastore.entities.allocateIds",
              "datastore.entities.create",
              "datastore.entities.delete",
              "datastore.entities.get",
              "datastore.entities.list",
              "datastore.entities.update",
              "datastore.operations.delete",
              "datastore.operations.get",
              "datastore.operations.list",
              "datastore.statistics.get",
              "datastore.statistics.list",
              "resourcemanager.projects.get",
              "resourcemanager.projects.list"
            ],
            "project": "test-secteam-project",
            "role_id": "testRole3",
            "stage": "GA",
            "title": "Test Role 3"
          },
          "sensitive_values": {
            "permissions": [
              false,
              false,
              false,
              false,
              false,
              false,
              false,
              false,
              false,
              false,
              false,
              false,
              false,
              false,
              false,
              false,
              false,
              false,
              false,
              false,
              false,
              false,
              false,
              false,
              false,
              false,
              false,
              false,
              false,
              false,
              false,
              false,
              false,
              false
            ]
          }
        }
      ]
    }
  },
  "resource_changes": [
    {
      "address": "google_project_iam_custom_role.custom-role-1",
      "mode": "managed",
      "type": "google_project_iam_custom_role",
      "name": "custom-role-1",
      "provider_name": "registry.terraform.io/hashicorp/google",
      "change": {
        "actions": [
          "create"
        ],
        "before": null,
        "after": {
          "description": "A description",
          "permissions": [
            "bigquery.config.get",
            "bigquery.datasets.create",
            "bigquery.datasets.get",
            "bigquery.datasets.getIamPolicy",
            "bigquery.jobs.list",
            "bigquery.models.list",
            "bigquery.readsessions.create",
            "bigquery.savedqueries.get",
            "bigquery.savedqueries.list"
          ],
          "project": "test-secteam-project",
          "role_id": "testRole1",
          "stage": "GA",
          "title": "Test Role 1"
        },
        "after_unknown": {
          "deleted": true,
          "id": true,
          "name": true,
          "permissions": [
            false,
            false,
            false,
            false,
            false,
            false,
            false,
            false,
            false
          ]
        },
        "before_sensitive": false,
        "after_sensitive": {
          "permissions": [
            false,
            false,
            false,
            false,
            false,
            false,
            false,
            false,
            false
          ]
        }
      }
    },
    {
      "address": "google_project_iam_custom_role.custom-role-3",
      "mode": "managed",
      "type": "google_project_iam_custom_role",
      "name": "custom-role-3",
      "provider_name": "registry.terraform.io/hashicorp/google",
      "change": {
        "actions": [
          "create"
        ],
        "before": null,
        "after": {
          "description": "A description",
          "permissions": [
            "appengine.applications.get",
            "bigquery.config.get",
            "bigquery.config.update",
            "bigquery.datasets.create",
            "bigquery.datasets.delete",
            "bigquery.datasets.get",
            "cloudsql.instances.clone",
            "cloudsql.instances.create",
            "cloudsql.instances.delete",
            "cloudsql.instances.export",
            "cloudsql.instances.failover",
            "cloudsql.instances.get",
            "cloudsql.instances.getIamPolicy",
            "cloudsql.instances.import",
            "compute.disks.list",
            "compute.disks.resize",
            "compute.globalOperations.get",
            "compute.globalOperations.list",
            "compute.images.getFromFamily",
            "compute.images.list",
            "compute.images.setLabels",
            "datastore.entities.allocateIds",
            "datastore.entities.create",
            "datastore.entities.delete",
            "datastore.entities.get",
            "datastore.entities.list",
            "datastore.entities.update",
            "datastore.operations.delete",
            "datastore.operations.get",
            "datastore.operations.list",
            "datastore.statistics.get",
            "datastore.statistics.list",
            "resourcemanager.projects.get",
            "resourcemanager.projects.list"
          ],
          "project": "test-secteam-project",
          "role_id": "testRole3",
          "stage": "GA",
          "title": "Test Role 3"
        },
        "after_unknown": {
          "deleted": true,
          "id": true,
          "name": true,
          "permissions": [
            false,
            false,
            false,
            false,
            false,
            false,
            false,
            false,
            false,
            false,
            false,
            false,
            false,
            false,
            false,
            false,
            false,
            false,
            false,
            false,
            false,
            false,
            false,
            false,
            false,
            false,
            false,
            false,
            false,
            false,
            false,
            false,
            false,
            false
          ]
        },
        "before_sensitive": false,
        "after_sensitive": {
          "permissions": [
            false,
            false,
            false,
            false,
            false,
            false,
            false,
            false,
            false,
            false,
            false,
            false,
            false,
            false,
            false,
            false,
            false,
            false,
            false,
            false,
            false,
            false,
            false,
            false,
            false,
            false,
            false,
            false,
            false,
            false,
            false,
            false,
            false,
            false
          ]
        }
      }
    },
    {
      "address": "google_project_iam_custom_role.my-custom-role",
      "mode": "managed",
      "type": "google_project_iam_custom_role",
      "name": "my-custom-role",
      "provider_name": "registry.terraform.io/hashicorp/google",
      "change": {
        "actions": [
          "delete"
        ],
        "before": {
          "deleted": false,
          "description": "A description",
          "id": "projects/w-secteam-target-prod/roles/myCustomRole",
          "name": "projects/w-secteam-target-prod/roles/myCustomRole",
          "permissions": [
            "iam.roles.create",
            "iam.roles.delete",
            "iam.roles.list"
          ],
          "project": "w-secteam-target-prod",
          "role_id": "myCustomRole",
          "stage": "GA",
          "title": "My Custom Role"
        },
        "after": null,
        "after_unknown": {},
        "before_sensitive": {
          "permissions": [
            false,
            false,
            false
          ]
        },
        "after_sensitive": false
      },
      "action_reason": "delete_because_no_resource_config"
    },
    {
      "address": "google_project_iam_member.storageAdminSABinding",
      "mode": "managed",
      "type": "google_project_iam_member",
      "name": "storageAdminSABinding",
      "provider_name": "registry.terraform.io/hashicorp/google",
      "change": {
        "actions": [
          "delete"
        ],
        "before": {
          "condition": [],
          "etag": "BwXteKMdryg=",
          "id": "w-secteam-target-prod/roles/owner/serviceAccount:prod-env@w-secteam-app-pipeline.iam.gserviceaccount.com",
          "member": "serviceAccount:prod-env@w-secteam-app-pipeline.iam.gserviceaccount.com",
          "project": "w-secteam-target-prod",
          "role": "roles/owner"
        },
        "after": null,
        "after_unknown": {},
        "before_sensitive": {
          "condition": []
        },
        "after_sensitive": false
      },
      "action_reason": "delete_because_no_resource_config"
    },
    {
      "address": "google_storage_bucket.test-storage-bucket",
      "mode": "managed",
      "type": "google_storage_bucket",
      "name": "test-storage-bucket",
      "provider_name": "registry.terraform.io/hashicorp/google",
      "change": {
        "actions": [
          "delete"
        ],
        "before": {
          "cors": [],
          "custom_placement_config": [],
          "default_event_based_hold": false,
          "encryption": [],
          "force_destroy": true,
          "id": "w-secteam-target-prod-test1",
          "labels": {},
          "lifecycle_rule": [],
          "location": "US",
          "logging": [],
          "name": "w-secteam-target-prod-test1",
          "project": "w-secteam-target-prod",
          "requester_pays": false,
          "retention_policy": [],
          "self_link": "https://www.googleapis.com/storage/v1/b/w-secteam-target-prod-test1",
          "storage_class": "STANDARD",
          "timeouts": null,
          "uniform_bucket_level_access": false,
          "url": "gs://w-secteam-target-prod-test1",
          "versioning": [],
          "website": []
        },
        "after": null,
        "after_unknown": {},
        "before_sensitive": {
          "cors": [],
          "custom_placement_config": [],
          "encryption": [],
          "labels": {},
          "lifecycle_rule": [],
          "logging": [],
          "retention_policy": [],
          "versioning": [],
          "website": []
        },
        "after_sensitive": false
      },
      "action_reason": "delete_because_no_resource_config"
    }
  ],
  "prior_state": {
    "format_version": "1.0",
    "terraform_version": "1.3.3",
    "values": {
      "root_module": {
        "resources": [
          {
            "address": "google_project_iam_custom_role.my-custom-role",
            "mode": "managed",
            "type": "google_project_iam_custom_role",
            "name": "my-custom-role",
            "provider_name": "registry.terraform.io/hashicorp/google",
            "schema_version": 0,
            "values": {
              "deleted": false,
              "description": "A description",
              "id": "projects/w-secteam-target-prod/roles/myCustomRole",
              "name": "projects/w-secteam-target-prod/roles/myCustomRole",
              "permissions": [
                "iam.roles.create",
                "iam.roles.delete",
                "iam.roles.list"
              ],
              "project": "w-secteam-target-prod",
              "role_id": "myCustomRole",
              "stage": "GA",
              "title": "My Custom Role"
            },
            "sensitive_values": {
              "permissions": [
                false,
                false,
                false
              ]
            }
          },
          {
            "address": "google_project_iam_member.storageAdminSABinding",
            "mode": "managed",
            "type": "google_project_iam_member",
            "name": "storageAdminSABinding",
            "provider_name": "registry.terraform.io/hashicorp/google",
            "schema_version": 0,
            "values": {
              "condition": [],
              "etag": "BwXteKMdryg=",
              "id": "w-secteam-target-prod/roles/owner/serviceAccount:prod-env@w-secteam-app-pipeline.iam.gserviceaccount.com",
              "member": "serviceAccount:prod-env@w-secteam-app-pipeline.iam.gserviceaccount.com",
              "project": "w-secteam-target-prod",
              "role": "roles/owner"
            },
            "sensitive_values": {
              "condition": []
            }
          },
          {
            "address": "google_storage_bucket.test-storage-bucket",
            "mode": "managed",
            "type": "google_storage_bucket",
            "name": "test-storage-bucket",
            "provider_name": "registry.terraform.io/hashicorp/google",
            "schema_version": 0,
            "values": {
              "cors": [],
              "custom_placement_config": [],
              "default_event_based_hold": false,
              "encryption": [],
              "force_destroy": true,
              "id": "w-secteam-target-prod-test1",
              "labels": {},
              "lifecycle_rule": [],
              "location": "US",
              "logging": [],
              "name": "w-secteam-target-prod-test1",
              "project": "w-secteam-target-prod",
              "requester_pays": false,
              "retention_policy": [],
              "self_link": "https://www.googleapis.com/storage/v1/b/w-secteam-target-prod-test1",
              "storage_class": "STANDARD",
              "timeouts": null,
              "uniform_bucket_level_access": false,
              "url": "gs://w-secteam-target-prod-test1",
              "versioning": [],
              "website": []
            },
            "sensitive_values": {
              "cors": [],
              "custom_placement_config": [],
              "encryption": [],
              "labels": {},
              "lifecycle_rule": [],
              "logging": [],
              "retention_policy": [],
              "versioning": [],
              "website": []
            }
          }
        ]
      }
    }
  },
  "configuration": {
    "provider_config": {
      "google": {
        "name": "google",
        "full_name": "registry.terraform.io/hashicorp/google"
      }
    },
    "root_module": {
      "resources": [
        {
          "address": "google_project_iam_custom_role.custom-role-1",
          "mode": "managed",
          "type": "google_project_iam_custom_role",
          "name": "custom-role-1",
          "provider_config_key": "google",
          "expressions": {
            "description": {
              "constant_value": "A description"
            },
            "permissions": {
              "constant_value": [
                "bigquery.config.get",
                "bigquery.datasets.create",
                "bigquery.datasets.get",
                "bigquery.datasets.getIamPolicy",
                "bigquery.jobs.list",
                "bigquery.models.list",
                "bigquery.readsessions.create",
                "bigquery.savedqueries.get",
                "bigquery.savedqueries.list"
              ]
            },
            "project": {
              "constant_value": "test-secteam-project"
            },
            "role_id": {
              "constant_value": "testRole1"
            },
            "title": {
              "constant_value": "Test Role 1"
            }
          },
          "schema_version": 0
        },
        {
          "address": "google_project_iam_custom_role.custom-role-3",
          "mode": "managed",
          "type": "google_project_iam_custom_role",
          "name": "custom-role-3",
          "provider_config_key": "google",
          "expressions": {
            "description": {
              "constant_value": "A description"
            },
            "permissions": {
              "constant_value": [
                "appengine.applications.get",
                "bigquery.config.get",
                "bigquery.config.update",
                "bigquery.datasets.create",
                "bigquery.datasets.delete",
                "bigquery.datasets.get",
                "cloudsql.instances.clone",
                "cloudsql.instances.create",
                "cloudsql.instances.delete",
                "cloudsql.instances.export",
                "cloudsql.instances.failover",
                "cloudsql.instances.get",
                "cloudsql.instances.getIamPolicy",
                "cloudsql.instances.import",
                "compute.disks.list",
                "compute.disks.resize",
                "compute.globalOperations.get",
                "compute.globalOperations.list",
                "compute.images.getFromFamily",
                "compute.images.list",
                "compute.images.setLabels",
                "datastore.entities.allocateIds",
                "datastore.entities.create",
                "datastore.entities.delete",
                "datastore.entities.get",
                "datastore.entities.list",
                "datastore.entities.update",
                "datastore.operations.delete",
                "datastore.operations.get",
                "datastore.operations.list",
                "datastore.statistics.get",
                "datastore.statistics.list",
                "resourcemanager.projects.get",
                "resourcemanager.projects.list"
              ]
            },
            "project": {
              "constant_value": "test-secteam-project"
            },
            "role_id": {
              "constant_value": "testRole3"
            },
            "title": {
              "constant_value": "Test Role 3"
            }
          },
          "schema_version": 0
        }
      ]
    }
  }
}